{
  "version": 4,
  "terraform_version": "1.14.5",
  "serial": 221,
  "lineage": "c5ed56fe-76ac-0c92-fb28-fea947add310",
  "outputs": {
    "db_private_ip": {
      "value": "10.0.1.84",
      "type": "string"
    },
    "debug_node_private_ip": {
      "value": "10.0.1.231",
      "type": "string"
    },
    "debug_node_public_ip": {
      "value": "172.24.4.162",
      "type": "string"
    },
    "swift_media_container_name": {
      "value": "my-app-media-assets",
      "type": "string"
    }
  },
  "resources": [
    {
      "mode": "data",
      "type": "openstack_networking_network_v2",
      "name": "ext_net",
      "provider": "provider[\"registry.terraform.io/terraform-provider-openstack/openstack\"]",
      "instances": [
        {
          "schema_version": 0,
          "attributes": {
            "admin_state_up": "true",
            "all_tags": [],
            "availability_zone_hints": [],
            "description": "",
            "dns_domain": "",
            "external": true,
            "id": "efe6cd62-ec4c-410e-b7a8-6c1addc2c652",
            "matching_subnet_cidr": null,
            "mtu": 1500,
            "name": "public",
            "network_id": null,
            "region": "RegionOne",
            "segments": [
              {
                "network_type": "flat",
                "physical_network": "public",
                "segmentation_id": 0
              }
            ],
            "shared": "false",
            "status": null,
            "subnets": [
              "378e3fcd-14eb-4023-9594-ec2cedfae63f",
              "d16d292a-86fd-4272-9825-a66a99928778"
            ],
            "tags": null,
            "tenant_id": "426670591c5e4037a9f9338d73bbf2f8",
            "transparent_vlan": false
          },
          "sensitive_attributes": [],
          "identity_schema_version": 0
        }
      ]
    },
    {
      "mode": "managed",
      "type": "local_file",
      "name": "private_key",
      "provider": "provider[\"registry.terraform.io/hashicorp/local\"]",
      "instances": [
        {
          "schema_version": 0,
          "attributes": {
            "content": "-----BEGIN RSA PRIVATE KEY-----\nMIIEpAIBAAKCAQEAwtAxAMrIK+6W3VX0L/0lm42TKPFS5XM/EcH1OQUNllm4n4MR\nKhhzbiubw6a31Qy6TTq2lokW0IvqjLYowqXvzYnxv32wH+nzYfs505jvROMVSsuh\nAgS+89TNts7Kme/GTESiek5c9Yde/yyeTarhdGGNFOGAQe8oPi5FIdjjC9Qod1EP\nXszfbsZzD127PF+YAHDIxTS5Wrj/ihjq3lki5EDYA60ys91iPiQoqyPM9nXE2jOB\nsifmlfrukh7uThgHBoWyNeYhbnssF6Gzexa50rbdysCEw985xy399d4jDTM28+u1\nhtm5Jt6x/OX2scIAwiO+QSFyongeoybZPZSu2QIDAQABAoIBABavyAUfmFAFaOw9\npkIwaMDEq+6Iq+6sjRu0SqppPDvWFvn8eXM9hbO+wFT4hU/6O3fi7oB5Vn7SzG22\niOiiClsVRWHXcTtGM2GlsAZEORj8mO4s6IMjqlka3xn62v0yPxWCqKk1lv3A1f9B\nYu4IiFjVQ2i7GgSTpUwYd1SJvWcTCd9xikAYi51h/6laZyGs1h9yCIdrKOxvz4fe\njZzLrfKNHCOvyfn3CPaUi812YxKWgiMHy0qjpvBfi92kfYBY54zpflU7PbzyXsqv\nv5CPYuxYIeh2p6KruRFwFaHCpwF6bpEBsIoFgyWfQxZUa1SNLMi5cqkOQJFlCOF1\nyGIOfUECgYEA4RPPAtMw2GfWolEB+M1C7hPZtY2Wme/CYawPBbyg3NpERm6L4qnl\niy76/OCFM75xKjiG+HzjS+63kS7lyoXKLB41YVWxDW//IIXB/MrUhtpYPC85Uugv\noaBjuVFbP3F5wTIv+mo7y9XC9WPPdkf4mxwG1PJp6CRgyd4CIOXVUGMCgYEA3ZP2\nuMRnk3C+ig6GJD4j6nOP1KT6a+jKvlkBH8lkMKF/kHuBdUenPRwf96pYRkSTvbuj\nd/PT2MYsadNhBH4Gv1dfgK8MMLNYOuWlaFJfmZ7onl4O+TFxe0QAPIfJ+XlUBkdc\nJg51xTp8lcTYMK6772E1N5R0qz4JkbwQiFCKQpMCgYEAi0NcZN0TbfLh5NDGrZEj\nhneVzzXqJxkoZpK1QNFznvMWJ5Yiy35f3vyUo36wLFH7ZypOqNVtNgBgaF5iJCsf\n6qhOUwlYYX4Yl6DrZGSDl2TmD2cQyvGK9zBsQ6/JC7pEoXtSIFk24mpDFN5K8V6a\nvi5bM8tCKDbKBF1vZ7eNgw0CgYEAh3AZAAl1cicZIJQOJHsjQvzOLuGE/I631q/a\nww47wooEylDj6ccZj33wgFdMS+9BC1l1ay3MERXZMfp1s+RAxZZnluXooqANTzrt\n5x1quCDs+Vhu+JzjS8BeEKHDsE0cMhZOWii+jgbY/kbrCp7T21dkywtgYQezm7QD\nuv7X9CcCgYBpc+0ZJJsmccQf0EiL/e9dLenUqaO9iduotG+m8aa6m4q77W2WagR4\nf4N6cwu4blqezKh/Py/TGgvz5vk/ZG5YLZ+Bgc1ujOldvjGr73Xok0VpgZ6aVD97\n8hFwOUITWOgIMt0FKwFucoKziTsBpjNjLrXAoSH5S488rDv7TD2RYg==\n-----END RSA PRIVATE KEY-----\n",
            "content_base64": null,
            "content_base64sha256": "oJidkBpU+unNCXFEMAXQA7SrRGmLbpRBezSt5SSsq5U=",
            "content_base64sha512": "nwPHVHrcgpPl2SGbsbjKqXoJoOG7tChnx2PZxnQNCcvv/7YgDcWZVRGn1Khb8HoDgISkQtfw5exGsCEccGTK7w==",
            "content_md5": "3e44c1d4872d2fe930245c04e27f77be",
            "content_sha1": "310627596f94f4e5db7b0fba001a4a9444086fba",
            "content_sha256": "a0989d901a54fae9cd0971443005d003b4ab44698b6e94417b34ade524acab95",
            "content_sha512": "9f03c7547adc8293e5d9219bb1b8caa97a09a0e1bbb42867c763d9c6740d09cbefffb6200dc5995511a7d4a85bf07a038084a442d7f0e5ec46b0211c7064caef",
            "directory_permission": "0777",
            "file_permission": "0600",
            "filename": "./my-devstack-key.pem",
            "id": "310627596f94f4e5db7b0fba001a4a9444086fba",
            "sensitive_content": null,
            "source": null
          },
          "sensitive_attributes": [
            [
              {
                "type": "get_attr",
                "value": "content"
              }
            ],
            [
              {
                "type": "get_attr",
                "value": "sensitive_content"
              }
            ]
          ],
          "identity_schema_version": 0,
          "dependencies": [
            "openstack_compute_keypair_v2.my_keypair"
          ]
        }
      ]
    },
    {
      "mode": "managed",
      "type": "openstack_compute_floatingip_associate_v2",
      "name": "debug_fip_assoc",
      "provider": "provider[\"registry.terraform.io/terraform-provider-openstack/openstack\"]",
      "instances": [
        {
          "schema_version": 0,
          "attributes": {
            "fixed_ip": "",
            "floating_ip": "172.24.4.162",
            "id": "172.24.4.162/ac5c4725-e9e8-4716-b822-3785e2b4ad6f/",
            "instance_id": "ac5c4725-e9e8-4716-b822-3785e2b4ad6f",
            "region": "RegionOne",
            "timeouts": null,
            "wait_until_associated": null
          },
          "sensitive_attributes": [],
          "identity_schema_version": 0,
          "private": "eyJlMmJmYjczMC1lY2FhLTExZTYtOGY4OC0zNDM2M2JjN2M0YzAiOnsiY3JlYXRlIjo2MDAwMDAwMDAwMDB9fQ==",
          "dependencies": [
            "data.openstack_networking_network_v2.ext_net",
            "openstack_compute_instance_v2.debug_node",
            "openstack_compute_keypair_v2.my_keypair",
            "openstack_networking_floatingip_v2.debug_fip",
            "openstack_networking_network_v2.private_net",
            "openstack_networking_secgroup_v2.backend_sg"
          ]
        }
      ]
    },
    {
      "mode": "managed",
      "type": "openstack_compute_instance_v2",
      "name": "db_node",
      "provider": "provider[\"registry.terraform.io/terraform-provider-openstack/openstack\"]",
      "instances": [
        {
          "schema_version": 0,
          "attributes": {
            "access_ip_v4": "10.0.1.84",
            "access_ip_v6": "",
            "admin_pass": null,
            "all_metadata": {},
            "all_tags": [],
            "availability_zone": "nova",
            "availability_zone_hints": null,
            "block_device": [],
            "config_drive": null,
            "created": "2026-02-19 11:29:39 +0000 UTC",
            "flavor_id": "2",
            "flavor_name": "m1.small",
            "floating_ip": null,
            "force_delete": false,
            "id": "89eddfa3-bbf1-4204-82ee-20b3dcf2a458",
            "image_id": "bc90ceac-40c3-4534-a14e-8c754153d113",
            "image_name": "ubuntu-22.04",
            "key_pair": "my-devstack-key",
            "metadata": null,
            "name": "myapp-postgres-db",
            "network": [
              {
                "access_network": false,
                "fixed_ip_v4": "10.0.1.84",
                "fixed_ip_v6": "",
                "floating_ip": "",
                "mac": "fa:16:3e:f4:f6:d8",
                "name": "myapp-private-net",
                "port": "",
                "uuid": "17b6ffc6-7b52-4b21-a3ca-2721f569f250"
              }
            ],
            "network_mode": null,
            "personality": [],
            "power_state": "active",
            "region": "RegionOne",
            "scheduler_hints": [],
            "security_groups": [
              "db-security-group"
            ],
            "stop_before_destroy": false,
            "tags": [],
            "timeouts": null,
            "updated": "2026-02-19 11:30:17 +0000 UTC",
            "user_data": "8c3301e495e0974d6d3397e96ec5e744186a48d2",
            "vendor_options": [],
            "volume": []
          },
          "sensitive_attributes": [
            [
              {
                "type": "get_attr",
                "value": "admin_pass"
              }
            ]
          ],
          "identity_schema_version": 0,
          "private": "eyJlMmJmYjczMC1lY2FhLTExZTYtOGY4OC0zNDM2M2JjN2M0YzAiOnsiY3JlYXRlIjoxODAwMDAwMDAwMDAwLCJkZWxldGUiOjE4MDAwMDAwMDAwMDAsInVwZGF0ZSI6MTgwMDAwMDAwMDAwMH19",
          "dependencies": [
            "openstack_compute_keypair_v2.my_keypair",
            "openstack_networking_network_v2.private_net",
            "openstack_networking_secgroup_v2.db_sg"
          ]
        }
      ]
    },
    {
      "mode": "managed",
      "type": "openstack_compute_instance_v2",
      "name": "debug_node",
      "provider": "provider[\"registry.terraform.io/terraform-provider-openstack/openstack\"]",
      "instances": [
        {
          "schema_version": 0,
          "attributes": {
            "access_ip_v4": "10.0.1.231",
            "access_ip_v6": "",
            "admin_pass": null,
            "all_metadata": {},
            "all_tags": [],
            "availability_zone": "nova",
            "availability_zone_hints": null,
            "block_device": [],
            "config_drive": null,
            "created": "2026-02-19 11:29:39 +0000 UTC",
            "flavor_id": "2",
            "flavor_name": "m1.small",
            "floating_ip": null,
            "force_delete": false,
            "id": "ac5c4725-e9e8-4716-b822-3785e2b4ad6f",
            "image_id": "bc90ceac-40c3-4534-a14e-8c754153d113",
            "image_name": "ubuntu-22.04",
            "key_pair": "my-devstack-key",
            "metadata": null,
            "name": "myapp-manual-debug-node",
            "network": [
              {
                "access_network": false,
                "fixed_ip_v4": "10.0.1.231",
                "fixed_ip_v6": "",
                "floating_ip": "",
                "mac": "fa:16:3e:4f:da:ae",
                "name": "myapp-private-net",
                "port": "",
                "uuid": "17b6ffc6-7b52-4b21-a3ca-2721f569f250"
              }
            ],
            "network_mode": null,
            "personality": [],
            "power_state": "active",
            "region": "RegionOne",
            "scheduler_hints": [],
            "security_groups": [
              "backend-security-group"
            ],
            "stop_before_destroy": false,
            "tags": [],
            "timeouts": null,
            "updated": "2026-02-19 11:30:17 +0000 UTC",
            "user_data": "f28b8f9881d9d6ae24e61cc95e13a563333a23f5",
            "vendor_options": [],
            "volume": []
          },
          "sensitive_attributes": [
            [
              {
                "type": "get_attr",
                "value": "admin_pass"
              }
            ]
          ],
          "identity_schema_version": 0,
          "private": "eyJlMmJmYjczMC1lY2FhLTExZTYtOGY4OC0zNDM2M2JjN2M0YzAiOnsiY3JlYXRlIjoxODAwMDAwMDAwMDAwLCJkZWxldGUiOjE4MDAwMDAwMDAwMDAsInVwZGF0ZSI6MTgwMDAwMDAwMDAwMH19",
          "dependencies": [
            "openstack_compute_keypair_v2.my_keypair",
            "openstack_networking_network_v2.private_net",
            "openstack_networking_secgroup_v2.backend_sg"
          ]
        }
      ]
    },
    {
      "mode": "managed",
      "type": "openstack_compute_keypair_v2",
      "name": "my_keypair",
      "provider": "provider[\"registry.terraform.io/terraform-provider-openstack/openstack\"]",
      "instances": [
        {
          "schema_version": 0,
          "attributes": {
            "fingerprint": "4b:a0:17:69:79:60:09:44:b0:5d:7c:e9:38:92:81:dc",
            "id": "my-devstack-key",
            "name": "my-devstack-key",
            "private_key": "-----BEGIN RSA PRIVATE KEY-----\nMIIEpAIBAAKCAQEAwtAxAMrIK+6W3VX0L/0lm42TKPFS5XM/EcH1OQUNllm4n4MR\nKhhzbiubw6a31Qy6TTq2lokW0IvqjLYowqXvzYnxv32wH+nzYfs505jvROMVSsuh\nAgS+89TNts7Kme/GTESiek5c9Yde/yyeTarhdGGNFOGAQe8oPi5FIdjjC9Qod1EP\nXszfbsZzD127PF+YAHDIxTS5Wrj/ihjq3lki5EDYA60ys91iPiQoqyPM9nXE2jOB\nsifmlfrukh7uThgHBoWyNeYhbnssF6Gzexa50rbdysCEw985xy399d4jDTM28+u1\nhtm5Jt6x/OX2scIAwiO+QSFyongeoybZPZSu2QIDAQABAoIBABavyAUfmFAFaOw9\npkIwaMDEq+6Iq+6sjRu0SqppPDvWFvn8eXM9hbO+wFT4hU/6O3fi7oB5Vn7SzG22\niOiiClsVRWHXcTtGM2GlsAZEORj8mO4s6IMjqlka3xn62v0yPxWCqKk1lv3A1f9B\nYu4IiFjVQ2i7GgSTpUwYd1SJvWcTCd9xikAYi51h/6laZyGs1h9yCIdrKOxvz4fe\njZzLrfKNHCOvyfn3CPaUi812YxKWgiMHy0qjpvBfi92kfYBY54zpflU7PbzyXsqv\nv5CPYuxYIeh2p6KruRFwFaHCpwF6bpEBsIoFgyWfQxZUa1SNLMi5cqkOQJFlCOF1\nyGIOfUECgYEA4RPPAtMw2GfWolEB+M1C7hPZtY2Wme/CYawPBbyg3NpERm6L4qnl\niy76/OCFM75xKjiG+HzjS+63kS7lyoXKLB41YVWxDW//IIXB/MrUhtpYPC85Uugv\noaBjuVFbP3F5wTIv+mo7y9XC9WPPdkf4mxwG1PJp6CRgyd4CIOXVUGMCgYEA3ZP2\nuMRnk3C+ig6GJD4j6nOP1KT6a+jKvlkBH8lkMKF/kHuBdUenPRwf96pYRkSTvbuj\nd/PT2MYsadNhBH4Gv1dfgK8MMLNYOuWlaFJfmZ7onl4O+TFxe0QAPIfJ+XlUBkdc\nJg51xTp8lcTYMK6772E1N5R0qz4JkbwQiFCKQpMCgYEAi0NcZN0TbfLh5NDGrZEj\nhneVzzXqJxkoZpK1QNFznvMWJ5Yiy35f3vyUo36wLFH7ZypOqNVtNgBgaF5iJCsf\n6qhOUwlYYX4Yl6DrZGSDl2TmD2cQyvGK9zBsQ6/JC7pEoXtSIFk24mpDFN5K8V6a\nvi5bM8tCKDbKBF1vZ7eNgw0CgYEAh3AZAAl1cicZIJQOJHsjQvzOLuGE/I631q/a\nww47wooEylDj6ccZj33wgFdMS+9BC1l1ay3MERXZMfp1s+RAxZZnluXooqANTzrt\n5x1quCDs+Vhu+JzjS8BeEKHDsE0cMhZOWii+jgbY/kbrCp7T21dkywtgYQezm7QD\nuv7X9CcCgYBpc+0ZJJsmccQf0EiL/e9dLenUqaO9iduotG+m8aa6m4q77W2WagR4\nf4N6cwu4blqezKh/Py/TGgvz5vk/ZG5YLZ+Bgc1ujOldvjGr73Xok0VpgZ6aVD97\n8hFwOUITWOgIMt0FKwFucoKziTsBpjNjLrXAoSH5S488rDv7TD2RYg==\n-----END RSA PRIVATE KEY-----\n",
            "public_key": "ssh-rsa AAAAB3NzaC1yc2EAAAADAQABAAABAQDC0DEAysgr7pbdVfQv/SWbjZMo8VLlcz8RwfU5BQ2WWbifgxEqGHNuK5vDprfVDLpNOraWiRbQi+qMtijCpe/NifG/fbAf6fNh+znTmO9E4xVKy6ECBL7z1M22zsqZ78ZMRKJ6Tlz1h17/LJ5NquF0YY0U4YBB7yg+LkUh2OML1Ch3UQ9ezN9uxnMPXbs8X5gAcMjFNLlauP+KGOreWSLkQNgDrTKz3WI+JCirI8z2dcTaM4GyJ+aV+u6SHu5OGAcGhbI15iFueywXobN7FrnStt3KwITD3znHLf313iMNMzbz67WG2bkm3rH85faxwgDCI75BIXKieB6jJtk9lK7Z Generated-by-Nova",
            "region": "RegionOne",
            "user_id": "",
            "value_specs": null
          },
          "sensitive_attributes": [
            [
              {
                "type": "get_attr",
                "value": "private_key"
              }
            ]
          ],
          "identity_schema_version": 0,
          "private": "bnVsbA=="
        }
      ]
    },
    {
      "mode": "managed",
      "type": "openstack_networking_floatingip_v2",
      "name": "debug_fip",
      "provider": "provider[\"registry.terraform.io/terraform-provider-openstack/openstack\"]",
      "instances": [
        {
          "schema_version": 0,
          "attributes": {
            "address": "172.24.4.162",
            "all_tags": [],
            "description": "",
            "dns_domain": "",
            "dns_name": "",
            "fixed_ip": "10.0.1.231",
            "id": "50da18cf-78f3-4577-b3c2-70a4bec50a5b",
            "pool": "public",
            "port_id": "082ca31f-00e2-44ee-82c0-6043006cc64a",
            "region": "RegionOne",
            "subnet_id": null,
            "subnet_ids": null,
            "tags": [],
            "tenant_id": "426670591c5e4037a9f9338d73bbf2f8",
            "timeouts": null,
            "value_specs": null
          },
          "sensitive_attributes": [],
          "identity_schema_version": 0,
          "private": "eyJlMmJmYjczMC1lY2FhLTExZTYtOGY4OC0zNDM2M2JjN2M0YzAiOnsiY3JlYXRlIjo2MDAwMDAwMDAwMDAsImRlbGV0ZSI6NjAwMDAwMDAwMDAwfX0=",
          "dependencies": [
            "data.openstack_networking_network_v2.ext_net"
          ]
        }
      ]
    },
    {
      "mode": "managed",
      "type": "openstack_networking_network_v2",
      "name": "private_net",
      "provider": "provider[\"registry.terraform.io/terraform-provider-openstack/openstack\"]",
      "instances": [
        {
          "schema_version": 0,
          "attributes": {
            "admin_state_up": true,
            "all_tags": [],
            "availability_zone_hints": [],
            "description": "",
            "dns_domain": "",
            "external": false,
            "id": "17b6ffc6-7b52-4b21-a3ca-2721f569f250",
            "mtu": 1442,
            "name": "myapp-private-net",
            "port_security_enabled": true,
            "qos_policy_id": "",
            "region": "RegionOne",
            "segments": [
              {
                "network_type": "geneve",
                "physical_network": "",
                "segmentation_id": 5034
              }
            ],
            "shared": false,
            "tags": [],
            "tenant_id": "426670591c5e4037a9f9338d73bbf2f8",
            "timeouts": null,
            "transparent_vlan": false,
            "value_specs": null
          },
          "sensitive_attributes": [],
          "identity_schema_version": 0,
          "private": "eyJlMmJmYjczMC1lY2FhLTExZTYtOGY4OC0zNDM2M2JjN2M0YzAiOnsiY3JlYXRlIjo2MDAwMDAwMDAwMDAsImRlbGV0ZSI6NjAwMDAwMDAwMDAwfX0="
        }
      ]
    },
    {
      "mode": "managed",
      "type": "openstack_networking_router_interface_v2",
      "name": "router_interface",
      "provider": "provider[\"registry.terraform.io/terraform-provider-openstack/openstack\"]",
      "instances": [
        {
          "schema_version": 0,
          "attributes": {
            "force_destroy": false,
            "id": "781b62f1-a905-4aa8-a05a-8ce7c8e1a45c",
            "port_id": "781b62f1-a905-4aa8-a05a-8ce7c8e1a45c",
            "region": "RegionOne",
            "router_id": "a2ee5c4f-19bd-4bbc-b40a-57ddd8b90a87",
            "subnet_id": "a90a9733-5f49-429e-b132-3fd18f877e76",
            "timeouts": null
          },
          "sensitive_attributes": [],
          "identity_schema_version": 0,
          "private": "eyJlMmJmYjczMC1lY2FhLTExZTYtOGY4OC0zNDM2M2JjN2M0YzAiOnsiY3JlYXRlIjo2MDAwMDAwMDAwMDAsImRlbGV0ZSI6NjAwMDAwMDAwMDAwfX0=",
          "dependencies": [
            "data.openstack_networking_network_v2.ext_net",
            "openstack_networking_network_v2.private_net",
            "openstack_networking_router_v2.main_router",
            "openstack_networking_subnet_v2.private_subnet"
          ]
        }
      ]
    },
    {
      "mode": "managed",
      "type": "openstack_networking_router_v2",
      "name": "main_router",
      "provider": "provider[\"registry.terraform.io/terraform-provider-openstack/openstack\"]",
      "instances": [
        {
          "schema_version": 0,
          "attributes": {
            "admin_state_up": true,
            "all_tags": [],
            "availability_zone_hints": [],
            "description": "",
            "distributed": false,
            "enable_snat": true,
            "external_fixed_ip": [
              {
                "ip_address": "172.24.4.238",
                "subnet_id": "d16d292a-86fd-4272-9825-a66a99928778"
              },
              {
                "ip_address": "2001:db8::32d",
                "subnet_id": "378e3fcd-14eb-4023-9594-ec2cedfae63f"
              }
            ],
            "external_gateway": "efe6cd62-ec4c-410e-b7a8-6c1addc2c652",
            "external_network_id": "efe6cd62-ec4c-410e-b7a8-6c1addc2c652",
            "external_subnet_ids": null,
            "id": "a2ee5c4f-19bd-4bbc-b40a-57ddd8b90a87",
            "name": "myapp-router",
            "region": "RegionOne",
            "tags": [],
            "tenant_id": "426670591c5e4037a9f9338d73bbf2f8",
            "timeouts": null,
            "value_specs": null,
            "vendor_options": []
          },
          "sensitive_attributes": [],
          "identity_schema_version": 0,
          "private": "eyJlMmJmYjczMC1lY2FhLTExZTYtOGY4OC0zNDM2M2JjN2M0YzAiOnsiY3JlYXRlIjo2MDAwMDAwMDAwMDAsImRlbGV0ZSI6NjAwMDAwMDAwMDAwfX0=",
          "dependencies": [
            "data.openstack_networking_network_v2.ext_net"
          ]
        }
      ]
    },
    {
      "mode": "managed",
      "type": "openstack_networking_secgroup_rule_v2",
      "name": "backend_debug_8000",
      "provider": "provider[\"registry.terraform.io/terraform-provider-openstack/openstack\"]",
      "instances": [
        {
          "schema_version": 0,
          "attributes": {
            "description": "",
            "direction": "ingress",
            "ethertype": "IPv4",
            "id": "7f3c2484-3887-44f2-8a3d-76f822178310",
            "port_range_max": 8000,
            "port_range_min": 8000,
            "protocol": "tcp",
            "region": "RegionOne",
            "remote_group_id": "",
            "remote_ip_prefix": "0.0.0.0/0",
            "security_group_id": "99267a11-f5e7-44f7-8b61-5cc84fdb0ebb",
            "tenant_id": "426670591c5e4037a9f9338d73bbf2f8",
            "timeouts": null
          },
          "sensitive_attributes": [],
          "identity_schema_version": 0,
          "private": "eyJlMmJmYjczMC1lY2FhLTExZTYtOGY4OC0zNDM2M2JjN2M0YzAiOnsiZGVsZXRlIjo2MDAwMDAwMDAwMDB9fQ==",
          "dependencies": [
            "openstack_networking_secgroup_v2.backend_sg"
          ]
        }
      ]
    },
    {
      "mode": "managed",
      "type": "openstack_networking_secgroup_rule_v2",
      "name": "backend_http_from_lb",
      "provider": "provider[\"registry.terraform.io/terraform-provider-openstack/openstack\"]",
      "instances": [
        {
          "schema_version": 0,
          "attributes": {
            "description": "",
            "direction": "ingress",
            "ethertype": "IPv4",
            "id": "6ea8ecb5-cc4a-443e-a4a4-1aef490799ae",
            "port_range_max": 80,
            "port_range_min": 80,
            "protocol": "tcp",
            "region": "RegionOne",
            "remote_group_id": "bc0c9c25-6a81-4b56-8015-34c3e5ad052d",
            "remote_ip_prefix": "",
            "security_group_id": "99267a11-f5e7-44f7-8b61-5cc84fdb0ebb",
            "tenant_id": "426670591c5e4037a9f9338d73bbf2f8",
            "timeouts": null
          },
          "sensitive_attributes": [],
          "identity_schema_version": 0,
          "private": "eyJlMmJmYjczMC1lY2FhLTExZTYtOGY4OC0zNDM2M2JjN2M0YzAiOnsiZGVsZXRlIjo2MDAwMDAwMDAwMDB9fQ==",
          "dependencies": [
            "openstack_networking_secgroup_v2.backend_sg",
            "openstack_networking_secgroup_v2.lb_sg"
          ]
        }
      ]
    },
    {
      "mode": "managed",
      "type": "openstack_networking_secgroup_rule_v2",
      "name": "backend_ssh_internal",
      "provider": "provider[\"registry.terraform.io/terraform-provider-openstack/openstack\"]",
      "instances": [
        {
          "schema_version": 0,
          "attributes": {
            "description": "",
            "direction": "ingress",
            "ethertype": "IPv4",
            "id": "7c06d904-23c3-4f1c-94da-7eee2307020c",
            "port_range_max": 22,
            "port_range_min": 22,
            "protocol": "tcp",
            "region": "RegionOne",
            "remote_group_id": "",
            "remote_ip_prefix": "0.0.0.0/0",
            "security_group_id": "99267a11-f5e7-44f7-8b61-5cc84fdb0ebb",
            "tenant_id": "426670591c5e4037a9f9338d73bbf2f8",
            "timeouts": null
          },
          "sensitive_attributes": [],
          "identity_schema_version": 0,
          "private": "eyJlMmJmYjczMC1lY2FhLTExZTYtOGY4OC0zNDM2M2JjN2M0YzAiOnsiZGVsZXRlIjo2MDAwMDAwMDAwMDB9fQ==",
          "dependencies": [
            "openstack_networking_secgroup_v2.backend_sg"
          ]
        }
      ]
    },
    {
      "mode": "managed",
      "type": "openstack_networking_secgroup_rule_v2",
      "name": "db_postgres_from_backend",
      "provider": "provider[\"registry.terraform.io/terraform-provider-openstack/openstack\"]",
      "instances": [
        {
          "schema_version": 0,
          "attributes": {
            "description": "",
            "direction": "ingress",
            "ethertype": "IPv4",
            "id": "75fa20de-e087-4814-811a-2af12a78d7c4",
            "port_range_max": 5432,
            "port_range_min": 5432,
            "protocol": "tcp",
            "region": "RegionOne",
            "remote_group_id": "99267a11-f5e7-44f7-8b61-5cc84fdb0ebb",
            "remote_ip_prefix": "",
            "security_group_id": "b888659f-b7c2-4b93-a55c-e3cd43daee98",
            "tenant_id": "426670591c5e4037a9f9338d73bbf2f8",
            "timeouts": null
          },
          "sensitive_attributes": [],
          "identity_schema_version": 0,
          "private": "eyJlMmJmYjczMC1lY2FhLTExZTYtOGY4OC0zNDM2M2JjN2M0YzAiOnsiZGVsZXRlIjo2MDAwMDAwMDAwMDB9fQ==",
          "dependencies": [
            "openstack_networking_secgroup_v2.backend_sg",
            "openstack_networking_secgroup_v2.db_sg"
          ]
        }
      ]
    },
    {
      "mode": "managed",
      "type": "openstack_networking_secgroup_rule_v2",
      "name": "lb_http_in",
      "provider": "provider[\"registry.terraform.io/terraform-provider-openstack/openstack\"]",
      "instances": [
        {
          "schema_version": 0,
          "attributes": {
            "description": "",
            "direction": "ingress",
            "ethertype": "IPv4",
            "id": "cb11ace8-c168-44ff-9649-32b3e828f846",
            "port_range_max": 80,
            "port_range_min": 80,
            "protocol": "tcp",
            "region": "RegionOne",
            "remote_group_id": "",
            "remote_ip_prefix": "0.0.0.0/0",
            "security_group_id": "bc0c9c25-6a81-4b56-8015-34c3e5ad052d",
            "tenant_id": "426670591c5e4037a9f9338d73bbf2f8",
            "timeouts": null
          },
          "sensitive_attributes": [],
          "identity_schema_version": 0,
          "private": "eyJlMmJmYjczMC1lY2FhLTExZTYtOGY4OC0zNDM2M2JjN2M0YzAiOnsiZGVsZXRlIjo2MDAwMDAwMDAwMDB9fQ==",
          "dependencies": [
            "openstack_networking_secgroup_v2.lb_sg"
          ]
        }
      ]
    },
    {
      "mode": "managed",
      "type": "openstack_networking_secgroup_rule_v2",
      "name": "lb_https_in",
      "provider": "provider[\"registry.terraform.io/terraform-provider-openstack/openstack\"]",
      "instances": [
        {
          "schema_version": 0,
          "attributes": {
            "description": "",
            "direction": "ingress",
            "ethertype": "IPv4",
            "id": "ac22db85-ca73-4d80-b0aa-d4cb1961ebdf",
            "port_range_max": 443,
            "port_range_min": 443,
            "protocol": "tcp",
            "region": "RegionOne",
            "remote_group_id": "",
            "remote_ip_prefix": "0.0.0.0/0",
            "security_group_id": "bc0c9c25-6a81-4b56-8015-34c3e5ad052d",
            "tenant_id": "426670591c5e4037a9f9338d73bbf2f8",
            "timeouts": null
          },
          "sensitive_attributes": [],
          "identity_schema_version": 0,
          "private": "eyJlMmJmYjczMC1lY2FhLTExZTYtOGY4OC0zNDM2M2JjN2M0YzAiOnsiZGVsZXRlIjo2MDAwMDAwMDAwMDB9fQ==",
          "dependencies": [
            "openstack_networking_secgroup_v2.lb_sg"
          ]
        }
      ]
    },
    {
      "mode": "managed",
      "type": "openstack_networking_secgroup_v2",
      "name": "backend_sg",
      "provider": "provider[\"registry.terraform.io/terraform-provider-openstack/openstack\"]",
      "instances": [
        {
          "schema_version": 0,
          "attributes": {
            "all_tags": [],
            "delete_default_rules": null,
            "description": "Permette traffico dal Load Balancer e SSH interno",
            "id": "99267a11-f5e7-44f7-8b61-5cc84fdb0ebb",
            "name": "backend-security-group",
            "region": "RegionOne",
            "tags": [],
            "tenant_id": "426670591c5e4037a9f9338d73bbf2f8",
            "timeouts": null
          },
          "sensitive_attributes": [],
          "identity_schema_version": 0,
          "private": "eyJlMmJmYjczMC1lY2FhLTExZTYtOGY4OC0zNDM2M2JjN2M0YzAiOnsiZGVsZXRlIjo2MDAwMDAwMDAwMDB9fQ=="
        }
      ]
    },
    {
      "mode": "managed",
      "type": "openstack_networking_secgroup_v2",
      "name": "db_sg",
      "provider": "provider[\"registry.terraform.io/terraform-provider-openstack/openstack\"]",
      "instances": [
        {
          "schema_version": 0,
          "attributes": {
            "all_tags": [],
            "delete_default_rules": null,
            "description": "Permette traffico PostgreSQL esclusivamente dai server Backend",
            "id": "b888659f-b7c2-4b93-a55c-e3cd43daee98",
            "name": "db-security-group",
            "region": "RegionOne",
            "tags": [],
            "tenant_id": "426670591c5e4037a9f9338d73bbf2f8",
            "timeouts": null
          },
          "sensitive_attributes": [],
          "identity_schema_version": 0,
          "private": "eyJlMmJmYjczMC1lY2FhLTExZTYtOGY4OC0zNDM2M2JjN2M0YzAiOnsiZGVsZXRlIjo2MDAwMDAwMDAwMDB9fQ=="
        }
      ]
    },
    {
      "mode": "managed",
      "type": "openstack_networking_secgroup_v2",
      "name": "lb_sg",
      "provider": "provider[\"registry.terraform.io/terraform-provider-openstack/openstack\"]",
      "instances": [
        {
          "schema_version": 0,
          "attributes": {
            "all_tags": [],
            "delete_default_rules": null,
            "description": "Permette traffico HTTP/HTTPS dal mondo esterno verso il Load Balancer",
            "id": "bc0c9c25-6a81-4b56-8015-34c3e5ad052d",
            "name": "lb-security-group",
            "region": "RegionOne",
            "tags": [],
            "tenant_id": "426670591c5e4037a9f9338d73bbf2f8",
            "timeouts": null
          },
          "sensitive_attributes": [],
          "identity_schema_version": 0,
          "private": "eyJlMmJmYjczMC1lY2FhLTExZTYtOGY4OC0zNDM2M2JjN2M0YzAiOnsiZGVsZXRlIjo2MDAwMDAwMDAwMDB9fQ=="
        }
      ]
    },
    {
      "mode": "managed",
      "type": "openstack_networking_subnet_v2",
      "name": "private_subnet",
      "provider": "provider[\"registry.terraform.io/terraform-provider-openstack/openstack\"]",
      "instances": [
        {
          "schema_version": 0,
          "attributes": {
            "all_tags": [],
            "allocation_pool": [
              {
                "end": "10.0.1.254",
                "start": "10.0.1.2"
              }
            ],
            "allocation_pools": [
              {
                "end": "10.0.1.254",
                "start": "10.0.1.2"
              }
            ],
            "cidr": "10.0.1.0/24",
            "description": "",
            "dns_nameservers": [
              "8.8.8.8",
              "8.8.4.4"
            ],
            "enable_dhcp": true,
            "gateway_ip": "10.0.1.1",
            "host_routes": [],
            "id": "a90a9733-5f49-429e-b132-3fd18f877e76",
            "ip_version": 4,
            "ipv6_address_mode": "",
            "ipv6_ra_mode": "",
            "name": "myapp-private-subnet",
            "network_id": "17b6ffc6-7b52-4b21-a3ca-2721f569f250",
            "no_gateway": false,
            "prefix_length": null,
            "region": "RegionOne",
            "service_types": [],
            "subnetpool_id": "",
            "tags": [],
            "tenant_id": "426670591c5e4037a9f9338d73bbf2f8",
            "timeouts": null,
            "value_specs": null
          },
          "sensitive_attributes": [],
          "identity_schema_version": 0,
          "private": "eyJlMmJmYjczMC1lY2FhLTExZTYtOGY4OC0zNDM2M2JjN2M0YzAiOnsiY3JlYXRlIjo2MDAwMDAwMDAwMDAsImRlbGV0ZSI6NjAwMDAwMDAwMDAwfX0=",
          "dependencies": [
            "openstack_networking_network_v2.private_net"
          ]
        }
      ]
    },
    {
      "mode": "managed",
      "type": "openstack_objectstorage_container_v1",
      "name": "media_container",
      "provider": "provider[\"registry.terraform.io/terraform-provider-openstack/openstack\"]",
      "instances": [
        {
          "schema_version": 1,
          "attributes": {
            "container_read": null,
            "container_sync_key": null,
            "container_sync_to": null,
            "container_write": null,
            "content_type": null,
            "force_destroy": false,
            "id": "my-app-media-assets",
            "metadata": null,
            "name": "my-app-media-assets",
            "region": "RegionOne",
            "storage_policy": "Policy-0",
            "versioning": false,
            "versioning_legacy": []
          },
          "sensitive_attributes": [],
          "identity_schema_version": 0,
          "private": "eyJzY2hlbWFfdmVyc2lvbiI6IjEifQ=="
        }
      ]
    },
    {
      "mode": "managed",
      "type": "openstack_objectstorage_object_v1",
      "name": "media_seed",
      "provider": "provider[\"registry.terraform.io/terraform-provider-openstack/openstack\"]",
      "instances": [
        {
          "index_key": "prop01/front.png",
          "schema_version": 0,
          "attributes": {
            "container_name": "my-app-media-assets",
            "content": null,
            "content_disposition": "",
            "content_encoding": "",
            "content_length": 3374141,
            "content_type": "image/png",
            "copy_from": null,
            "date": "2026-02-19T11:37:33Z",
            "delete_after": null,
            "delete_at": null,
            "detect_content_type": false,
            "etag": "50fb67610baa98f4db28e6bccabc2989",
            "id": "my-app-media-assets/prop01/front.png",
            "last_modified": "2026-02-19T11:37:34Z",
            "metadata": null,
            "name": "prop01/front.png",
            "object_manifest": "",
            "region": null,
            "source": "./seed_media/prop01_front.png",
            "trans_id": "tx991dab1e4200458d90361-006996f5fd"
          },
          "sensitive_attributes": [],
          "identity_schema_version": 0,
          "private": "bnVsbA==",
          "dependencies": [
            "openstack_objectstorage_container_v1.media_container"
          ]
        },
        {
          "index_key": "prop02/front.png",
          "schema_version": 0,
          "attributes": {
            "container_name": "my-app-media-assets",
            "content": null,
            "content_disposition": "",
            "content_encoding": "",
            "content_length": 1811479,
            "content_type": "image/png",
            "copy_from": null,
            "date": "2026-02-19T11:37:33Z",
            "delete_after": null,
            "delete_at": null,
            "detect_content_type": false,
            "etag": "caa3608a8b906c738e631b65fd128769",
            "id": "my-app-media-assets/prop02/front.png",
            "last_modified": "2026-02-19T11:37:33Z",
            "metadata": null,
            "name": "prop02/front.png",
            "object_manifest": "",
            "region": null,
            "source": "./seed_media/prop02_front.png",
            "trans_id": "txeaf7e267d5424793a4048-006996f5fd"
          },
          "sensitive_attributes": [],
          "identity_schema_version": 0,
          "private": "bnVsbA==",
          "dependencies": [
            "openstack_objectstorage_container_v1.media_container"
          ]
        },
        {
          "index_key": "prop03/front.png",
          "schema_version": 0,
          "attributes": {
            "container_name": "my-app-media-assets",
            "content": null,
            "content_disposition": "",
            "content_encoding": "",
            "content_length": 1666249,
            "content_type": "image/png",
            "copy_from": null,
            "date": "2026-02-19T11:37:33Z",
            "delete_after": null,
            "delete_at": null,
            "detect_content_type": false,
            "etag": "b6074f6155a3c08ce0b3ec402bce1c3a",
            "id": "my-app-media-assets/prop03/front.png",
            "last_modified": "2026-02-19T11:37:33Z",
            "metadata": null,
            "name": "prop03/front.png",
            "object_manifest": "",
            "region": null,
            "source": "./seed_media/prop03_front.png",
            "trans_id": "txfc691d5f701c4d7f94587-006996f5fd"
          },
          "sensitive_attributes": [],
          "identity_schema_version": 0,
          "private": "bnVsbA==",
          "dependencies": [
            "openstack_objectstorage_container_v1.media_container"
          ]
        },
        {
          "index_key": "prop03/hall.png",
          "schema_version": 0,
          "attributes": {
            "container_name": "my-app-media-assets",
            "content": null,
            "content_disposition": "",
            "content_encoding": "",
            "content_length": 1607191,
            "content_type": "image/png",
            "copy_from": null,
            "date": "2026-02-19T11:37:33Z",
            "delete_after": null,
            "delete_at": null,
            "detect_content_type": false,
            "etag": "5b4c3be059cbe46651e1e05371a3bcb5",
            "id": "my-app-media-assets/prop03/hall.png",
            "last_modified": "2026-02-19T11:37:34Z",
            "metadata": null,
            "name": "prop03/hall.png",
            "object_manifest": "",
            "region": null,
            "source": "./seed_media/prop03_hall.png",
            "trans_id": "tx7922094d584f4df1975d7-006996f5fd"
          },
          "sensitive_attributes": [],
          "identity_schema_version": 0,
          "private": "bnVsbA==",
          "dependencies": [
            "openstack_objectstorage_container_v1.media_container"
          ]
        },
        {
          "index_key": "prop03/interior.png",
          "schema_version": 0,
          "attributes": {
            "container_name": "my-app-media-assets",
            "content": null,
            "content_disposition": "",
            "content_encoding": "",
            "content_length": 4901309,
            "content_type": "image/png",
            "copy_from": null,
            "date": "2026-02-19T11:37:33Z",
            "delete_after": null,
            "delete_at": null,
            "detect_content_type": false,
            "etag": "e4f71145b53ae4c8a960d89634a516e3",
            "id": "my-app-media-assets/prop03/interior.png",
            "last_modified": "2026-02-19T11:37:34Z",
            "metadata": null,
            "name": "prop03/interior.png",
            "object_manifest": "",
            "region": null,
            "source": "./seed_media/prop03_interior.png",
            "trans_id": "tx9c9dc94ac86c4100ba262-006996f5fd"
          },
          "sensitive_attributes": [],
          "identity_schema_version": 0,
          "private": "bnVsbA==",
          "dependencies": [
            "openstack_objectstorage_container_v1.media_container"
          ]
        },
        {
          "index_key": "prop04/front.png",
          "schema_version": 0,
          "attributes": {
            "container_name": "my-app-media-assets",
            "content": null,
            "content_disposition": "",
            "content_encoding": "",
            "content_length": 2079784,
            "content_type": "image/png",
            "copy_from": null,
            "date": "2026-02-19T11:37:33Z",
            "delete_after": null,
            "delete_at": null,
            "detect_content_type": false,
            "etag": "30e9801dbe2f2a466511a2fab1db145a",
            "id": "my-app-media-assets/prop04/front.png",
            "last_modified": "2026-02-19T11:37:33Z",
            "metadata": null,
            "name": "prop04/front.png",
            "object_manifest": "",
            "region": null,
            "source": "./seed_media/prop04_front.png",
            "trans_id": "txe982182d56e445e1a8279-006996f5fd"
          },
          "sensitive_attributes": [],
          "identity_schema_version": 0,
          "private": "bnVsbA==",
          "dependencies": [
            "openstack_objectstorage_container_v1.media_container"
          ]
        },
        {
          "index_key": "prop05/front.png",
          "schema_version": 0,
          "attributes": {
            "container_name": "my-app-media-assets",
            "content": null,
            "content_disposition": "",
            "content_encoding": "",
            "content_length": 1527023,
            "content_type": "image/png",
            "copy_from": null,
            "date": "2026-02-19T11:37:33Z",
            "delete_after": null,
            "delete_at": null,
            "detect_content_type": false,
            "etag": "9306805034eee7e5a6a9a5eb0a75ace1",
            "id": "my-app-media-assets/prop05/front.png",
            "last_modified": "2026-02-19T11:37:33Z",
            "metadata": null,
            "name": "prop05/front.png",
            "object_manifest": "",
            "region": null,
            "source": "./seed_media/prop05_front.png",
            "trans_id": "tx66aa4f64d65f49eb84493-006996f5fd"
          },
          "sensitive_attributes": [],
          "identity_schema_version": 0,
          "private": "bnVsbA==",
          "dependencies": [
            "openstack_objectstorage_container_v1.media_container"
          ]
        },
        {
          "index_key": "prop06/front.png",
          "schema_version": 0,
          "attributes": {
            "container_name": "my-app-media-assets",
            "content": null,
            "content_disposition": "",
            "content_encoding": "",
            "content_length": 4996362,
            "content_type": "image/png",
            "copy_from": null,
            "date": "2026-02-19T11:37:33Z",
            "delete_after": null,
            "delete_at": null,
            "detect_content_type": false,
            "etag": "937550a92a1db9ba66396e638ba850c0",
            "id": "my-app-media-assets/prop06/front.png",
            "last_modified": "2026-02-19T11:37:34Z",
            "metadata": null,
            "name": "prop06/front.png",
            "object_manifest": "",
            "region": null,
            "source": "./seed_media/prop06_front.png",
            "trans_id": "tx9600507c204c43a69d834-006996f5fd"
          },
          "sensitive_attributes": [],
          "identity_schema_version": 0,
          "private": "bnVsbA==",
          "dependencies": [
            "openstack_objectstorage_container_v1.media_container"
          ]
        },
        {
          "index_key": "prop07/front.png",
          "schema_version": 0,
          "attributes": {
            "container_name": "my-app-media-assets",
            "content": null,
            "content_disposition": "",
            "content_encoding": "",
            "content_length": 1654698,
            "content_type": "image/png",
            "copy_from": null,
            "date": "2026-02-19T11:37:33Z",
            "delete_after": null,
            "delete_at": null,
            "detect_content_type": false,
            "etag": "71d6ffbaa1bd3932745226c97688c2d5",
            "id": "my-app-media-assets/prop07/front.png",
            "last_modified": "2026-02-19T11:37:33Z",
            "metadata": null,
            "name": "prop07/front.png",
            "object_manifest": "",
            "region": null,
            "source": "./seed_media/prop07_front.png",
            "trans_id": "tx9c083dafa792466498ca1-006996f5fd"
          },
          "sensitive_attributes": [],
          "identity_schema_version": 0,
          "private": "bnVsbA==",
          "dependencies": [
            "openstack_objectstorage_container_v1.media_container"
          ]
        },
        {
          "index_key": "prop07/hall.png",
          "schema_version": 0,
          "attributes": {
            "container_name": "my-app-media-assets",
            "content": null,
            "content_disposition": "",
            "content_encoding": "",
            "content_length": 1005387,
            "content_type": "image/png",
            "copy_from": null,
            "date": "2026-02-19T11:37:33Z",
            "delete_after": null,
            "delete_at": null,
            "detect_content_type": false,
            "etag": "b4daf7fa3d80e6791b6ac7dca8e42876",
            "id": "my-app-media-assets/prop07/hall.png",
            "last_modified": "2026-02-19T11:37:34Z",
            "metadata": null,
            "name": "prop07/hall.png",
            "object_manifest": "",
            "region": null,
            "source": "./seed_media/prop07_hall.png",
            "trans_id": "tx759c8c4fa84943559306a-006996f5fd"
          },
          "sensitive_attributes": [],
          "identity_schema_version": 0,
          "private": "bnVsbA==",
          "dependencies": [
            "openstack_objectstorage_container_v1.media_container"
          ]
        },
        {
          "index_key": "prop07/interior.png",
          "schema_version": 0,
          "attributes": {
            "container_name": "my-app-media-assets",
            "content": null,
            "content_disposition": "",
            "content_encoding": "",
            "content_length": 1701288,
            "content_type": "image/png",
            "copy_from": null,
            "date": "2026-02-19T11:37:33Z",
            "delete_after": null,
            "delete_at": null,
            "detect_content_type": false,
            "etag": "91971db632deeccc5c9f420cab19f75d",
            "id": "my-app-media-assets/prop07/interior.png",
            "last_modified": "2026-02-19T11:37:33Z",
            "metadata": null,
            "name": "prop07/interior.png",
            "object_manifest": "",
            "region": null,
            "source": "./seed_media/prop07_interior.png",
            "trans_id": "tx0eeb4e36e4ed4979afae5-006996f5fd"
          },
          "sensitive_attributes": [],
          "identity_schema_version": 0,
          "private": "bnVsbA==",
          "dependencies": [
            "openstack_objectstorage_container_v1.media_container"
          ]
        },
        {
          "index_key": "prop08/front.png",
          "schema_version": 0,
          "attributes": {
            "container_name": "my-app-media-assets",
            "content": null,
            "content_disposition": "",
            "content_encoding": "",
            "content_length": 5654442,
            "content_type": "image/png",
            "copy_from": null,
            "date": "2026-02-19T11:37:33Z",
            "delete_after": null,
            "delete_at": null,
            "detect_content_type": false,
            "etag": "de1bd56012b99890c7901bd9706b8d4a",
            "id": "my-app-media-assets/prop08/front.png",
            "last_modified": "2026-02-19T11:37:33Z",
            "metadata": null,
            "name": "prop08/front.png",
            "object_manifest": "",
            "region": null,
            "source": "./seed_media/prop08_front.png",
            "trans_id": "txba8307982b004a2aa6284-006996f5fd"
          },
          "sensitive_attributes": [],
          "identity_schema_version": 0,
          "private": "bnVsbA==",
          "dependencies": [
            "openstack_objectstorage_container_v1.media_container"
          ]
        },
        {
          "index_key": "prop08/hall.png",
          "schema_version": 0,
          "attributes": {
            "container_name": "my-app-media-assets",
            "content": null,
            "content_disposition": "",
            "content_encoding": "",
            "content_length": 3744724,
            "content_type": "image/png",
            "copy_from": null,
            "date": "2026-02-19T11:37:33Z",
            "delete_after": null,
            "delete_at": null,
            "detect_content_type": false,
            "etag": "e2dd91fc7257cda6a592b6600774b96c",
            "id": "my-app-media-assets/prop08/hall.png",
            "last_modified": "2026-02-19T11:37:34Z",
            "metadata": null,
            "name": "prop08/hall.png",
            "object_manifest": "",
            "region": null,
            "source": "./seed_media/prop08_hall.png",
            "trans_id": "tx5c472072ecbc4ec3bf4f7-006996f5fd"
          },
          "sensitive_attributes": [],
          "identity_schema_version": 0,
          "private": "bnVsbA==",
          "dependencies": [
            "openstack_objectstorage_container_v1.media_container"
          ]
        },
        {
          "index_key": "prop09/front.png",
          "schema_version": 0,
          "attributes": {
            "container_name": "my-app-media-assets",
            "content": null,
            "content_disposition": "",
            "content_encoding": "",
            "content_length": 5983297,
            "content_type": "image/png",
            "copy_from": null,
            "date": "2026-02-19T11:37:33Z",
            "delete_after": null,
            "delete_at": null,
            "detect_content_type": false,
            "etag": "7517ba732242a2cc47757132121201f6",
            "id": "my-app-media-assets/prop09/front.png",
            "last_modified": "2026-02-19T11:37:33Z",
            "metadata": null,
            "name": "prop09/front.png",
            "object_manifest": "",
            "region": null,
            "source": "./seed_media/prop09_front.png",
            "trans_id": "tx6cbdceb5b77b4145a8e65-006996f5fd"
          },
          "sensitive_attributes": [],
          "identity_schema_version": 0,
          "private": "bnVsbA==",
          "dependencies": [
            "openstack_objectstorage_container_v1.media_container"
          ]
        },
        {
          "index_key": "prop09/pool.png",
          "schema_version": 0,
          "attributes": {
            "container_name": "my-app-media-assets",
            "content": null,
            "content_disposition": "",
            "content_encoding": "",
            "content_length": 2298496,
            "content_type": "image/png",
            "copy_from": null,
            "date": "2026-02-19T11:37:33Z",
            "delete_after": null,
            "delete_at": null,
            "detect_content_type": false,
            "etag": "f8264ce1a29230aeeb148e558e053fd1",
            "id": "my-app-media-assets/prop09/pool.png",
            "last_modified": "2026-02-19T11:37:33Z",
            "metadata": null,
            "name": "prop09/pool.png",
            "object_manifest": "",
            "region": null,
            "source": "./seed_media/prop09_pool.png",
            "trans_id": "tx3eeb2fb991a0484183170-006996f5fd"
          },
          "sensitive_attributes": [],
          "identity_schema_version": 0,
          "private": "bnVsbA==",
          "dependencies": [
            "openstack_objectstorage_container_v1.media_container"
          ]
        },
        {
          "index_key": "prop10/front.png",
          "schema_version": 0,
          "attributes": {
            "container_name": "my-app-media-assets",
            "content": null,
            "content_disposition": "",
            "content_encoding": "",
            "content_length": 4005032,
            "content_type": "image/png",
            "copy_from": null,
            "date": "2026-02-19T11:37:33Z",
            "delete_after": null,
            "delete_at": null,
            "detect_content_type": false,
            "etag": "1ead34182800a10cbd0dbd27d2bb9ef3",
            "id": "my-app-media-assets/prop10/front.png",
            "last_modified": "2026-02-19T11:37:33Z",
            "metadata": null,
            "name": "prop10/front.png",
            "object_manifest": "",
            "region": null,
            "source": "./seed_media/prop10_front.png",
            "trans_id": "txd3dac4a5f46b412db4436-006996f5fd"
          },
          "sensitive_attributes": [],
          "identity_schema_version": 0,
          "private": "bnVsbA==",
          "dependencies": [
            "openstack_objectstorage_container_v1.media_container"
          ]
        },
        {
          "index_key": "prop10/hall.png",
          "schema_version": 0,
          "attributes": {
            "container_name": "my-app-media-assets",
            "content": null,
            "content_disposition": "",
            "content_encoding": "",
            "content_length": 8767034,
            "content_type": "image/png",
            "copy_from": null,
            "date": "2026-02-19T11:37:33Z",
            "delete_after": null,
            "delete_at": null,
            "detect_content_type": false,
            "etag": "aabc7c9e3f322ed9c2ba4034ed8c2621",
            "id": "my-app-media-assets/prop10/hall.png",
            "last_modified": "2026-02-19T11:37:34Z",
            "metadata": null,
            "name": "prop10/hall.png",
            "object_manifest": "",
            "region": null,
            "source": "./seed_media/prop10_hall.png",
            "trans_id": "txd3519717f5964e6381f18-006996f5fd"
          },
          "sensitive_attributes": [],
          "identity_schema_version": 0,
          "private": "bnVsbA==",
          "dependencies": [
            "openstack_objectstorage_container_v1.media_container"
          ]
        }
      ]
    }
  ],
  "check_results": null
}
