{
  "version": 4,
  "terraform_version": "1.14.5",
  "serial": 532,
  "lineage": "c5ed56fe-76ac-0c92-fb28-fea947add310",
  "outputs": {
    "db_private_ip": {
      "value": "10.0.1.128",
      "type": "string"
    },
    "debug_node_private_ip": {
      "value": "10.0.1.119",
      "type": "string"
    },
    "debug_node_public_ip": {
      "value": "172.24.4.18",
      "type": "string"
    },
    "swift_media_container_name": {
      "value": "my-app-media-assets",
      "type": "string"
    }
  },
  "resources": [
    {
      "mode": "data",
      "type": "openstack_identity_project_v3",
      "name": "current_project",
      "provider": "provider[\"registry.terraform.io/terraform-provider-openstack/openstack\"]",
      "instances": [
        {
          "schema_version": 0,
          "attributes": {
            "description": "",
            "domain_id": "default",
            "enabled": true,
            "id": "609e8aff8cd64ca8a6e62cacc201e3df",
            "is_domain": false,
            "name": "hotel",
            "parent_id": "default",
            "project_id": "609e8aff8cd64ca8a6e62cacc201e3df",
            "region": null,
            "tags": []
          },
          "sensitive_attributes": [],
          "identity_schema_version": 0
        }
      ]
    },
    {
      "mode": "data",
      "type": "openstack_networking_network_v2",
      "name": "ext_net",
      "provider": "provider[\"registry.terraform.io/terraform-provider-openstack/openstack\"]",
      "instances": [
        {
          "schema_version": 0,
          "attributes": {
            "admin_state_up": "true",
            "all_tags": [],
            "availability_zone_hints": [],
            "description": "",
            "dns_domain": "",
            "external": true,
            "id": "efe6cd62-ec4c-410e-b7a8-6c1addc2c652",
            "matching_subnet_cidr": null,
            "mtu": 1500,
            "name": "public",
            "network_id": null,
            "region": "RegionOne",
            "segments": [
              {
                "network_type": "flat",
                "physical_network": "public",
                "segmentation_id": 0
              }
            ],
            "shared": "false",
            "status": null,
            "subnets": [
              "378e3fcd-14eb-4023-9594-ec2cedfae63f",
              "d16d292a-86fd-4272-9825-a66a99928778"
            ],
            "tags": null,
            "tenant_id": "426670591c5e4037a9f9338d73bbf2f8",
            "transparent_vlan": false
          },
          "sensitive_attributes": [],
          "identity_schema_version": 0
        }
      ]
    },
    {
      "mode": "managed",
      "type": "local_file",
      "name": "private_key",
      "provider": "provider[\"registry.terraform.io/hashicorp/local\"]",
      "instances": [
        {
          "schema_version": 0,
          "attributes": {
            "content": "-----BEGIN RSA PRIVATE KEY-----\nMIIEogIBAAKCAQEAinIxTgFh5Ue58LYJYlc6/VVUuSQwBLQQQK5tw4JEQfP77SAV\ndglJxA5r7IB6cUUgCR8hXEYyALB+9tTFmVq/GXcRni0aAY9LdOk0PpP+Rz4ETsTn\njqK0keLhJXjRVOk3m6tSrsf2TQT9zNFWR1O7MezRKQwLRALRpvjI93KeAGebKz7n\n4cHRkNaMXMh6wz6164AeKVTLpY6b/oIdKastxDoyTcE5Of0gGZpmuWUTyS1lmvS4\nEocvvclVZgzi1pdr+th99t++QnRec53peyy+BShqSFLCQdpWuCSYxOSEORyzi9wP\nPp3JF13OPtqqY8xuugqIEcvWM/d+VxHJEhs8QQIDAQABAoIBABCZpeIMriJt7eSI\nDTrAixsQadzbsxLDTO4WhCSEyH6wfLj3Z39cWH8UvBnS42uUvmU9mXRNGeaFgynB\nRDKxw/dvlJoW3hcJCaMKadhliiAcdmuD9mBez8As2DJ0KMRxxNhKa/r3UMf2JODz\nylC54FiZhNBTSIAGhwEqdD1gXcPeO0GQ7VhIx4a74+gA8scXUw+guC3PP72pgmni\ncoeh7QNl20FIWLPGywBodGNV6WN0vAhkubkhALGbuEMKdIHUb/gZqjDJ0eURdD1W\n/BojnnUD/OatznFhD/P1qy+UjuoIRSrWtkKuxIBwZ4dedFaoGyhc8oCb0LalTeOw\njdmyh3kCgYEAvfcun6hj7vYdQ/YXQAL7KkD+i71EePe50h8P5NMwU8GwP1R/ZOzC\nkSujAhFWp4qXSdQyEhhBfhOA1XyGFpqfRekjqNvaU5lyOKpo3Im4fQtTy5vCukus\nOPZq+EcN27E34d3ks5TXL3cl1inCy0JZRFT2QjvoCFNmshBRlcblJzkCgYEAupJZ\nj35EyT8KXUAScc1UCYPzCt+SDMtlP3+Myj4nZiHuiDEF2qqnWtfppNVUY3HUyuLB\nrvpXnhcpLSLJfr4tHlfLBD0qlwwEX4t9UWrlkXu8cRN6I5LJB2U9tnUGw3xoghKB\nTieuAYvT+QSrqGmn+u0OJw5M0wm5EzscMtiGdUkCgYBom4pQHxFQ0LSS7Rwmgr2+\nqeXCG6puFrR78eD1uBoftUQRy70PXZVTDb2I8PVP83CWFkSwVC0UeTbz2MuZ/PGC\nNP0PCmoyqQgODkEKWMiAC1HMiGx13B/tijyjlbUa6n8EYQWEoozQtYLfaUW8Wj//\n8e1d0dFXbF3b5kKXANzFeQKBgE9PNRklcPInhS1ctjqAMTAWUjOWFEyyDakvfFbg\nkvj8hZyJUlbA4oFgdSantMbNNcrFF9Zc/u/qIovYVNU23JEgeuGjar5o0lcXQb9h\ndJMiiVl8ERicJi6pn9E28Bgbg4V/fk4N2g84NHSPwrTFrS2ipbh+gLPZVz5Qi00l\n9ApZAoGAB2LLk3AheAjLYlOx0Jzzi+lzo+0wOYEaw9xRt2ufdcs3UCIh0rNeIO/b\nMJSontt773QF82dOxZrlHhNhqsQrtBPIjWD5G4IECqgF2aCg1w7FkgvRlYF4CI16\nz+ETG6rc/E5a4cscdN8ymh0mydZtEp6laWfuXIOVohoIO2pKik4=\n-----END RSA PRIVATE KEY-----\n",
            "content_base64": null,
            "content_base64sha256": "qDyyUUyLbsdIh0Z/TZvzBiKI6uZdr0PlMBBNXL/iP8E=",
            "content_base64sha512": "fp3/4sJiAK6LXKeBUNChVgmaftDGWH7ufCbQJlh7HZrEqBBCbDC6L/Orc7CqAyWheLsvueNiIcKp//FwT1j2Rw==",
            "content_md5": "e3b034c9572f11d039a092d4853649ef",
            "content_sha1": "f447157f4c6d948b088a9b7c30842473906cdb08",
            "content_sha256": "a83cb2514c8b6ec74887467f4d9bf3062288eae65daf43e530104d5cbfe23fc1",
            "content_sha512": "7e9dffe2c26200ae8b5ca78150d0a156099a7ed0c6587eee7c26d026587b1d9ac4a810426c30ba2ff3ab73b0aa0325a178bb2fb9e36221c2a9fff1704f58f647",
            "directory_permission": "0777",
            "file_permission": "0600",
            "filename": "./my-devstack-key.pem",
            "id": "f447157f4c6d948b088a9b7c30842473906cdb08",
            "sensitive_content": null,
            "source": null
          },
          "sensitive_attributes": [
            [
              {
                "type": "get_attr",
                "value": "content"
              }
            ],
            [
              {
                "type": "get_attr",
                "value": "sensitive_content"
              }
            ]
          ],
          "identity_schema_version": 0,
          "dependencies": [
            "openstack_compute_keypair_v2.my_keypair"
          ]
        }
      ]
    },
    {
      "mode": "managed",
      "type": "openstack_compute_floatingip_associate_v2",
      "name": "debug_fip_assoc",
      "provider": "provider[\"registry.terraform.io/terraform-provider-openstack/openstack\"]",
      "instances": [
        {
          "schema_version": 0,
          "attributes": {
            "fixed_ip": "",
            "floating_ip": "172.24.4.18",
            "id": "172.24.4.18/d9130ce1-4485-4365-82e6-c84df4c3abdb/",
            "instance_id": "d9130ce1-4485-4365-82e6-c84df4c3abdb",
            "region": "RegionOne",
            "timeouts": null,
            "wait_until_associated": null
          },
          "sensitive_attributes": [],
          "identity_schema_version": 0,
          "private": "eyJlMmJmYjczMC1lY2FhLTExZTYtOGY4OC0zNDM2M2JjN2M0YzAiOnsiY3JlYXRlIjo2MDAwMDAwMDAwMDB9fQ==",
          "dependencies": [
            "data.openstack_networking_network_v2.ext_net",
            "openstack_compute_instance_v2.debug_node",
            "openstack_compute_keypair_v2.my_keypair",
            "openstack_networking_floatingip_v2.debug_fip",
            "openstack_networking_network_v2.private_net",
            "openstack_networking_secgroup_v2.backend_sg"
          ]
        }
      ]
    },
    {
      "mode": "managed",
      "type": "openstack_compute_instance_v2",
      "name": "db_node",
      "provider": "provider[\"registry.terraform.io/terraform-provider-openstack/openstack\"]",
      "instances": [
        {
          "schema_version": 0,
          "attributes": {
            "access_ip_v4": "10.0.1.128",
            "access_ip_v6": "",
            "admin_pass": null,
            "all_metadata": {},
            "all_tags": [],
            "availability_zone": "nova",
            "availability_zone_hints": null,
            "block_device": [],
            "config_drive": null,
            "created": "2026-02-20 16:33:16 +0000 UTC",
            "flavor_id": "2",
            "flavor_name": "m1.small",
            "floating_ip": null,
            "force_delete": false,
            "id": "6ac0d8af-aff4-48b7-828e-ea99494403df",
            "image_id": "bc90ceac-40c3-4534-a14e-8c754153d113",
            "image_name": "ubuntu-22.04",
            "key_pair": "my-devstack-key",
            "metadata": null,
            "name": "myapp-postgres-db",
            "network": [
              {
                "access_network": false,
                "fixed_ip_v4": "10.0.1.128",
                "fixed_ip_v6": "",
                "floating_ip": "",
                "mac": "fa:16:3e:0c:37:da",
                "name": "myapp-private-net",
                "port": "",
                "uuid": "09f15399-8347-4452-a554-f43ae7ddd8b9"
              }
            ],
            "network_mode": null,
            "personality": [],
            "power_state": "active",
            "region": "RegionOne",
            "scheduler_hints": [],
            "security_groups": [
              "db-security-group"
            ],
            "stop_before_destroy": false,
            "tags": [],
            "timeouts": null,
            "updated": "2026-02-20 16:33:29 +0000 UTC",
            "user_data": "8c3301e495e0974d6d3397e96ec5e744186a48d2",
            "vendor_options": [],
            "volume": []
          },
          "sensitive_attributes": [
            [
              {
                "type": "get_attr",
                "value": "admin_pass"
              }
            ]
          ],
          "identity_schema_version": 0,
          "private": "eyJlMmJmYjczMC1lY2FhLTExZTYtOGY4OC0zNDM2M2JjN2M0YzAiOnsiY3JlYXRlIjoxODAwMDAwMDAwMDAwLCJkZWxldGUiOjE4MDAwMDAwMDAwMDAsInVwZGF0ZSI6MTgwMDAwMDAwMDAwMH19",
          "dependencies": [
            "openstack_compute_keypair_v2.my_keypair",
            "openstack_networking_network_v2.private_net",
            "openstack_networking_secgroup_v2.db_sg"
          ]
        }
      ]
    },
    {
      "mode": "managed",
      "type": "openstack_compute_instance_v2",
      "name": "debug_node",
      "provider": "provider[\"registry.terraform.io/terraform-provider-openstack/openstack\"]",
      "instances": [
        {
          "schema_version": 0,
          "attributes": {
            "access_ip_v4": "10.0.1.119",
            "access_ip_v6": "",
            "admin_pass": null,
            "all_metadata": {},
            "all_tags": [],
            "availability_zone": "nova",
            "availability_zone_hints": null,
            "block_device": [],
            "config_drive": null,
            "created": "2026-02-20 16:33:44 +0000 UTC",
            "flavor_id": "2",
            "flavor_name": "m1.small",
            "floating_ip": null,
            "force_delete": false,
            "id": "d9130ce1-4485-4365-82e6-c84df4c3abdb",
            "image_id": "bc90ceac-40c3-4534-a14e-8c754153d113",
            "image_name": "ubuntu-22.04",
            "key_pair": "my-devstack-key",
            "metadata": null,
            "name": "myapp-manual-debug-node",
            "network": [
              {
                "access_network": false,
                "fixed_ip_v4": "10.0.1.119",
                "fixed_ip_v6": "",
                "floating_ip": "",
                "mac": "fa:16:3e:85:ac:bd",
                "name": "myapp-private-net",
                "port": "",
                "uuid": "09f15399-8347-4452-a554-f43ae7ddd8b9"
              }
            ],
            "network_mode": null,
            "personality": [],
            "power_state": "active",
            "region": "RegionOne",
            "scheduler_hints": [],
            "security_groups": [
              "backend-security-group"
            ],
            "stop_before_destroy": false,
            "tags": null,
            "timeouts": null,
            "updated": "2026-02-20 16:33:56 +0000 UTC",
            "user_data": "f28b8f9881d9d6ae24e61cc95e13a563333a23f5",
            "vendor_options": [],
            "volume": []
          },
          "sensitive_attributes": [
            [
              {
                "type": "get_attr",
                "value": "admin_pass"
              }
            ]
          ],
          "identity_schema_version": 0,
          "private": "eyJlMmJmYjczMC1lY2FhLTExZTYtOGY4OC0zNDM2M2JjN2M0YzAiOnsiY3JlYXRlIjoxODAwMDAwMDAwMDAwLCJkZWxldGUiOjE4MDAwMDAwMDAwMDAsInVwZGF0ZSI6MTgwMDAwMDAwMDAwMH19",
          "dependencies": [
            "openstack_compute_keypair_v2.my_keypair",
            "openstack_networking_network_v2.private_net",
            "openstack_networking_secgroup_v2.backend_sg"
          ]
        }
      ]
    },
    {
      "mode": "managed",
      "type": "openstack_compute_keypair_v2",
      "name": "my_keypair",
      "provider": "provider[\"registry.terraform.io/terraform-provider-openstack/openstack\"]",
      "instances": [
        {
          "schema_version": 0,
          "attributes": {
            "fingerprint": "38:d2:a7:44:df:7f:18:93:c2:bd:68:ed:72:bd:3a:ba",
            "id": "my-devstack-key",
            "name": "my-devstack-key",
            "private_key": "-----BEGIN RSA PRIVATE KEY-----\nMIIEogIBAAKCAQEAinIxTgFh5Ue58LYJYlc6/VVUuSQwBLQQQK5tw4JEQfP77SAV\ndglJxA5r7IB6cUUgCR8hXEYyALB+9tTFmVq/GXcRni0aAY9LdOk0PpP+Rz4ETsTn\njqK0keLhJXjRVOk3m6tSrsf2TQT9zNFWR1O7MezRKQwLRALRpvjI93KeAGebKz7n\n4cHRkNaMXMh6wz6164AeKVTLpY6b/oIdKastxDoyTcE5Of0gGZpmuWUTyS1lmvS4\nEocvvclVZgzi1pdr+th99t++QnRec53peyy+BShqSFLCQdpWuCSYxOSEORyzi9wP\nPp3JF13OPtqqY8xuugqIEcvWM/d+VxHJEhs8QQIDAQABAoIBABCZpeIMriJt7eSI\nDTrAixsQadzbsxLDTO4WhCSEyH6wfLj3Z39cWH8UvBnS42uUvmU9mXRNGeaFgynB\nRDKxw/dvlJoW3hcJCaMKadhliiAcdmuD9mBez8As2DJ0KMRxxNhKa/r3UMf2JODz\nylC54FiZhNBTSIAGhwEqdD1gXcPeO0GQ7VhIx4a74+gA8scXUw+guC3PP72pgmni\ncoeh7QNl20FIWLPGywBodGNV6WN0vAhkubkhALGbuEMKdIHUb/gZqjDJ0eURdD1W\n/BojnnUD/OatznFhD/P1qy+UjuoIRSrWtkKuxIBwZ4dedFaoGyhc8oCb0LalTeOw\njdmyh3kCgYEAvfcun6hj7vYdQ/YXQAL7KkD+i71EePe50h8P5NMwU8GwP1R/ZOzC\nkSujAhFWp4qXSdQyEhhBfhOA1XyGFpqfRekjqNvaU5lyOKpo3Im4fQtTy5vCukus\nOPZq+EcN27E34d3ks5TXL3cl1inCy0JZRFT2QjvoCFNmshBRlcblJzkCgYEAupJZ\nj35EyT8KXUAScc1UCYPzCt+SDMtlP3+Myj4nZiHuiDEF2qqnWtfppNVUY3HUyuLB\nrvpXnhcpLSLJfr4tHlfLBD0qlwwEX4t9UWrlkXu8cRN6I5LJB2U9tnUGw3xoghKB\nTieuAYvT+QSrqGmn+u0OJw5M0wm5EzscMtiGdUkCgYBom4pQHxFQ0LSS7Rwmgr2+\nqeXCG6puFrR78eD1uBoftUQRy70PXZVTDb2I8PVP83CWFkSwVC0UeTbz2MuZ/PGC\nNP0PCmoyqQgODkEKWMiAC1HMiGx13B/tijyjlbUa6n8EYQWEoozQtYLfaUW8Wj//\n8e1d0dFXbF3b5kKXANzFeQKBgE9PNRklcPInhS1ctjqAMTAWUjOWFEyyDakvfFbg\nkvj8hZyJUlbA4oFgdSantMbNNcrFF9Zc/u/qIovYVNU23JEgeuGjar5o0lcXQb9h\ndJMiiVl8ERicJi6pn9E28Bgbg4V/fk4N2g84NHSPwrTFrS2ipbh+gLPZVz5Qi00l\n9ApZAoGAB2LLk3AheAjLYlOx0Jzzi+lzo+0wOYEaw9xRt2ufdcs3UCIh0rNeIO/b\nMJSontt773QF82dOxZrlHhNhqsQrtBPIjWD5G4IECqgF2aCg1w7FkgvRlYF4CI16\nz+ETG6rc/E5a4cscdN8ymh0mydZtEp6laWfuXIOVohoIO2pKik4=\n-----END RSA PRIVATE KEY-----\n",
            "public_key": "ssh-rsa AAAAB3NzaC1yc2EAAAADAQABAAABAQCKcjFOAWHlR7nwtgliVzr9VVS5JDAEtBBArm3DgkRB8/vtIBV2CUnEDmvsgHpxRSAJHyFcRjIAsH721MWZWr8ZdxGeLRoBj0t06TQ+k/5HPgROxOeOorSR4uEleNFU6Tebq1Kux/ZNBP3M0VZHU7sx7NEpDAtEAtGm+Mj3cp4AZ5srPufhwdGQ1oxcyHrDPrXrgB4pVMuljpv+gh0pqy3EOjJNwTk5/SAZmma5ZRPJLWWa9LgShy+9yVVmDOLWl2v62H32375CdF5znel7LL4FKGpIUsJB2la4JJjE5IQ5HLOL3A8+nckXXc4+2qpjzG66CogRy9Yz935XEckSGzxB Generated-by-Nova",
            "region": "RegionOne",
            "user_id": "",
            "value_specs": null
          },
          "sensitive_attributes": [
            [
              {
                "type": "get_attr",
                "value": "private_key"
              }
            ]
          ],
          "identity_schema_version": 0,
          "private": "bnVsbA=="
        }
      ]
    },
    {
      "mode": "managed",
      "type": "openstack_identity_role_assignment_v3",
      "name": "reader_role_assignment",
      "provider": "provider[\"registry.terraform.io/terraform-provider-openstack/openstack\"]",
      "instances": [
        {
          "schema_version": 0,
          "attributes": {
            "domain_id": "",
            "group_id": "",
            "id": "/609e8aff8cd64ca8a6e62cacc201e3df//91ef910403f34f8fb9735a1cbbb76138/d60c77ebfd2944de8f0e7e0a496a0b4c",
            "project_id": "609e8aff8cd64ca8a6e62cacc201e3df",
            "region": "RegionOne",
            "role_id": "d60c77ebfd2944de8f0e7e0a496a0b4c",
            "user_id": "91ef910403f34f8fb9735a1cbbb76138"
          },
          "sensitive_attributes": [],
          "identity_schema_version": 0,
          "private": "bnVsbA==",
          "dependencies": [
            "data.openstack_identity_project_v3.current_project",
            "openstack_identity_role_v3.media_reader_role",
            "openstack_identity_user_v3.media_reader_user"
          ]
        }
      ]
    },
    {
      "mode": "managed",
      "type": "openstack_identity_role_assignment_v3",
      "name": "uploader_role_assignment",
      "provider": "provider[\"registry.terraform.io/terraform-provider-openstack/openstack\"]",
      "instances": [
        {
          "schema_version": 0,
          "attributes": {
            "domain_id": "",
            "group_id": "",
            "id": "/609e8aff8cd64ca8a6e62cacc201e3df//9ef9577c524440a29de2e2d6467ea28d/66fd7a4ae20a43c99fb967a2090aaa0b",
            "project_id": "609e8aff8cd64ca8a6e62cacc201e3df",
            "region": "RegionOne",
            "role_id": "66fd7a4ae20a43c99fb967a2090aaa0b",
            "user_id": "9ef9577c524440a29de2e2d6467ea28d"
          },
          "sensitive_attributes": [],
          "identity_schema_version": 0,
          "private": "bnVsbA==",
          "dependencies": [
            "data.openstack_identity_project_v3.current_project",
            "openstack_identity_role_v3.media_uploader_role",
            "openstack_identity_user_v3.media_uploader_user"
          ]
        }
      ]
    },
    {
      "mode": "managed",
      "type": "openstack_identity_role_v3",
      "name": "media_reader_role",
      "provider": "provider[\"registry.terraform.io/terraform-provider-openstack/openstack\"]",
      "instances": [
        {
          "schema_version": 0,
          "attributes": {
            "domain_id": "",
            "id": "d60c77ebfd2944de8f0e7e0a496a0b4c",
            "name": "media_reader",
            "region": "RegionOne"
          },
          "sensitive_attributes": [],
          "identity_schema_version": 0,
          "private": "bnVsbA=="
        }
      ]
    },
    {
      "mode": "managed",
      "type": "openstack_identity_role_v3",
      "name": "media_uploader_role",
      "provider": "provider[\"registry.terraform.io/terraform-provider-openstack/openstack\"]",
      "instances": [
        {
          "schema_version": 0,
          "attributes": {
            "domain_id": "",
            "id": "66fd7a4ae20a43c99fb967a2090aaa0b",
            "name": "media_uploader",
            "region": "RegionOne"
          },
          "sensitive_attributes": [],
          "identity_schema_version": 0,
          "private": "bnVsbA=="
        }
      ]
    },
    {
      "mode": "managed",
      "type": "openstack_identity_user_v3",
      "name": "media_reader_user",
      "provider": "provider[\"registry.terraform.io/terraform-provider-openstack/openstack\"]",
      "instances": [
        {
          "schema_version": 0,
          "attributes": {
            "default_project_id": "609e8aff8cd64ca8a6e62cacc201e3df",
            "description": "",
            "domain_id": "default",
            "enabled": true,
            "extra": {},
            "id": "91ef910403f34f8fb9735a1cbbb76138",
            "ignore_change_password_upon_first_use": null,
            "ignore_lockout_failure_attempts": null,
            "ignore_password_expiry": null,
            "multi_factor_auth_enabled": null,
            "multi_factor_auth_rule": [],
            "name": "app_frontend_reader",
            "password": "PasswordSicura123!",
            "region": "RegionOne"
          },
          "sensitive_attributes": [
            [
              {
                "type": "get_attr",
                "value": "password"
              }
            ]
          ],
          "identity_schema_version": 0,
          "private": "bnVsbA==",
          "dependencies": [
            "data.openstack_identity_project_v3.current_project"
          ]
        }
      ]
    },
    {
      "mode": "managed",
      "type": "openstack_identity_user_v3",
      "name": "media_uploader_user",
      "provider": "provider[\"registry.terraform.io/terraform-provider-openstack/openstack\"]",
      "instances": [
        {
          "schema_version": 0,
          "attributes": {
            "default_project_id": "609e8aff8cd64ca8a6e62cacc201e3df",
            "description": "",
            "domain_id": "default",
            "enabled": true,
            "extra": {},
            "id": "9ef9577c524440a29de2e2d6467ea28d",
            "ignore_change_password_upon_first_use": null,
            "ignore_lockout_failure_attempts": null,
            "ignore_password_expiry": null,
            "multi_factor_auth_enabled": null,
            "multi_factor_auth_rule": [],
            "name": "app_frontend_uploader",
            "password": "PasswordSicura123!",
            "region": "RegionOne"
          },
          "sensitive_attributes": [
            [
              {
                "type": "get_attr",
                "value": "password"
              }
            ]
          ],
          "identity_schema_version": 0,
          "private": "bnVsbA==",
          "dependencies": [
            "data.openstack_identity_project_v3.current_project"
          ]
        }
      ]
    },
    {
      "mode": "managed",
      "type": "openstack_networking_floatingip_v2",
      "name": "debug_fip",
      "provider": "provider[\"registry.terraform.io/terraform-provider-openstack/openstack\"]",
      "instances": [
        {
          "schema_version": 0,
          "attributes": {
            "address": "172.24.4.18",
            "all_tags": [],
            "description": "",
            "dns_domain": "",
            "dns_name": "",
            "fixed_ip": "",
            "id": "7409079d-bab3-4f48-acac-ecee6b25d274",
            "pool": "public",
            "port_id": "",
            "region": "RegionOne",
            "subnet_id": null,
            "subnet_ids": null,
            "tags": [],
            "tenant_id": "609e8aff8cd64ca8a6e62cacc201e3df",
            "timeouts": null,
            "value_specs": null
          },
          "sensitive_attributes": [],
          "identity_schema_version": 0,
          "private": "eyJlMmJmYjczMC1lY2FhLTExZTYtOGY4OC0zNDM2M2JjN2M0YzAiOnsiY3JlYXRlIjo2MDAwMDAwMDAwMDAsImRlbGV0ZSI6NjAwMDAwMDAwMDAwfX0=",
          "dependencies": [
            "data.openstack_networking_network_v2.ext_net"
          ]
        }
      ]
    },
    {
      "mode": "managed",
      "type": "openstack_networking_network_v2",
      "name": "private_net",
      "provider": "provider[\"registry.terraform.io/terraform-provider-openstack/openstack\"]",
      "instances": [
        {
          "schema_version": 0,
          "attributes": {
            "admin_state_up": true,
            "all_tags": [],
            "availability_zone_hints": [],
            "description": "",
            "dns_domain": "",
            "external": false,
            "id": "09f15399-8347-4452-a554-f43ae7ddd8b9",
            "mtu": 1442,
            "name": "myapp-private-net",
            "port_security_enabled": true,
            "qos_policy_id": "",
            "region": "RegionOne",
            "segments": [
              {
                "network_type": "geneve",
                "physical_network": "",
                "segmentation_id": 58843
              }
            ],
            "shared": false,
            "tags": [],
            "tenant_id": "609e8aff8cd64ca8a6e62cacc201e3df",
            "timeouts": null,
            "transparent_vlan": false,
            "value_specs": null
          },
          "sensitive_attributes": [],
          "identity_schema_version": 0,
          "private": "eyJlMmJmYjczMC1lY2FhLTExZTYtOGY4OC0zNDM2M2JjN2M0YzAiOnsiY3JlYXRlIjo2MDAwMDAwMDAwMDAsImRlbGV0ZSI6NjAwMDAwMDAwMDAwfX0="
        }
      ]
    },
    {
      "mode": "managed",
      "type": "openstack_networking_router_interface_v2",
      "name": "router_interface",
      "provider": "provider[\"registry.terraform.io/terraform-provider-openstack/openstack\"]",
      "instances": [
        {
          "schema_version": 0,
          "attributes": {
            "force_destroy": false,
            "id": "3cdffbb3-9e26-42c3-b2c9-15fc1ec0b96d",
            "port_id": "3cdffbb3-9e26-42c3-b2c9-15fc1ec0b96d",
            "region": "RegionOne",
            "router_id": "e605a123-1f10-4e21-928b-6fec3e8558d4",
            "subnet_id": "6bd947ee-3fd0-44e2-b47a-52768a6d643c",
            "timeouts": null
          },
          "sensitive_attributes": [],
          "identity_schema_version": 0,
          "private": "eyJlMmJmYjczMC1lY2FhLTExZTYtOGY4OC0zNDM2M2JjN2M0YzAiOnsiY3JlYXRlIjo2MDAwMDAwMDAwMDAsImRlbGV0ZSI6NjAwMDAwMDAwMDAwfX0=",
          "dependencies": [
            "data.openstack_networking_network_v2.ext_net",
            "openstack_networking_network_v2.private_net",
            "openstack_networking_router_v2.main_router",
            "openstack_networking_subnet_v2.private_subnet"
          ]
        }
      ]
    },
    {
      "mode": "managed",
      "type": "openstack_networking_router_v2",
      "name": "main_router",
      "provider": "provider[\"registry.terraform.io/terraform-provider-openstack/openstack\"]",
      "instances": [
        {
          "schema_version": 0,
          "attributes": {
            "admin_state_up": true,
            "all_tags": [],
            "availability_zone_hints": [],
            "description": "",
            "distributed": false,
            "enable_snat": true,
            "external_fixed_ip": [
              {
                "ip_address": "172.24.4.162",
                "subnet_id": "d16d292a-86fd-4272-9825-a66a99928778"
              },
              {
                "ip_address": "2001:db8::29f",
                "subnet_id": "378e3fcd-14eb-4023-9594-ec2cedfae63f"
              }
            ],
            "external_gateway": "efe6cd62-ec4c-410e-b7a8-6c1addc2c652",
            "external_network_id": "efe6cd62-ec4c-410e-b7a8-6c1addc2c652",
            "external_subnet_ids": null,
            "id": "e605a123-1f10-4e21-928b-6fec3e8558d4",
            "name": "myapp-router",
            "region": "RegionOne",
            "tags": [],
            "tenant_id": "609e8aff8cd64ca8a6e62cacc201e3df",
            "timeouts": null,
            "value_specs": null,
            "vendor_options": []
          },
          "sensitive_attributes": [],
          "identity_schema_version": 0,
          "private": "eyJlMmJmYjczMC1lY2FhLTExZTYtOGY4OC0zNDM2M2JjN2M0YzAiOnsiY3JlYXRlIjo2MDAwMDAwMDAwMDAsImRlbGV0ZSI6NjAwMDAwMDAwMDAwfX0=",
          "dependencies": [
            "data.openstack_networking_network_v2.ext_net"
          ]
        }
      ]
    },
    {
      "mode": "managed",
      "type": "openstack_networking_secgroup_rule_v2",
      "name": "backend_debug_8000",
      "provider": "provider[\"registry.terraform.io/terraform-provider-openstack/openstack\"]",
      "instances": [
        {
          "schema_version": 0,
          "attributes": {
            "description": "",
            "direction": "ingress",
            "ethertype": "IPv4",
            "id": "6105bc38-711e-4d05-9b91-d010945194ac",
            "port_range_max": 8000,
            "port_range_min": 8000,
            "protocol": "tcp",
            "region": "RegionOne",
            "remote_group_id": "",
            "remote_ip_prefix": "0.0.0.0/0",
            "security_group_id": "90e0166c-8ca1-4a9c-979a-1623d7e934e7",
            "tenant_id": "609e8aff8cd64ca8a6e62cacc201e3df",
            "timeouts": null
          },
          "sensitive_attributes": [],
          "identity_schema_version": 0,
          "private": "eyJlMmJmYjczMC1lY2FhLTExZTYtOGY4OC0zNDM2M2JjN2M0YzAiOnsiZGVsZXRlIjo2MDAwMDAwMDAwMDB9fQ==",
          "dependencies": [
            "openstack_networking_secgroup_v2.backend_sg"
          ]
        }
      ]
    },
    {
      "mode": "managed",
      "type": "openstack_networking_secgroup_rule_v2",
      "name": "backend_http_from_lb",
      "provider": "provider[\"registry.terraform.io/terraform-provider-openstack/openstack\"]",
      "instances": [
        {
          "schema_version": 0,
          "attributes": {
            "description": "",
            "direction": "ingress",
            "ethertype": "IPv4",
            "id": "ca94c8ca-22eb-4853-956a-a0ac5e95c2a9",
            "port_range_max": 80,
            "port_range_min": 80,
            "protocol": "tcp",
            "region": "RegionOne",
            "remote_group_id": "a339b823-f772-420e-82ba-2ef6c577fed2",
            "remote_ip_prefix": "",
            "security_group_id": "90e0166c-8ca1-4a9c-979a-1623d7e934e7",
            "tenant_id": "609e8aff8cd64ca8a6e62cacc201e3df",
            "timeouts": null
          },
          "sensitive_attributes": [],
          "identity_schema_version": 0,
          "private": "eyJlMmJmYjczMC1lY2FhLTExZTYtOGY4OC0zNDM2M2JjN2M0YzAiOnsiZGVsZXRlIjo2MDAwMDAwMDAwMDB9fQ==",
          "dependencies": [
            "openstack_networking_secgroup_v2.backend_sg",
            "openstack_networking_secgroup_v2.lb_sg"
          ]
        }
      ]
    },
    {
      "mode": "managed",
      "type": "openstack_networking_secgroup_rule_v2",
      "name": "backend_ssh_internal",
      "provider": "provider[\"registry.terraform.io/terraform-provider-openstack/openstack\"]",
      "instances": [
        {
          "schema_version": 0,
          "attributes": {
            "description": "",
            "direction": "ingress",
            "ethertype": "IPv4",
            "id": "3871d74a-dea0-4d8a-b8dc-e4ef0bf52dea",
            "port_range_max": 22,
            "port_range_min": 22,
            "protocol": "tcp",
            "region": "RegionOne",
            "remote_group_id": "",
            "remote_ip_prefix": "0.0.0.0/0",
            "security_group_id": "90e0166c-8ca1-4a9c-979a-1623d7e934e7",
            "tenant_id": "609e8aff8cd64ca8a6e62cacc201e3df",
            "timeouts": null
          },
          "sensitive_attributes": [],
          "identity_schema_version": 0,
          "private": "eyJlMmJmYjczMC1lY2FhLTExZTYtOGY4OC0zNDM2M2JjN2M0YzAiOnsiZGVsZXRlIjo2MDAwMDAwMDAwMDB9fQ==",
          "dependencies": [
            "openstack_networking_secgroup_v2.backend_sg"
          ]
        }
      ]
    },
    {
      "mode": "managed",
      "type": "openstack_networking_secgroup_rule_v2",
      "name": "db_postgres_from_backend",
      "provider": "provider[\"registry.terraform.io/terraform-provider-openstack/openstack\"]",
      "instances": [
        {
          "schema_version": 0,
          "attributes": {
            "description": "",
            "direction": "ingress",
            "ethertype": "IPv4",
            "id": "a30a5cf3-937a-440f-89df-17de664ed93c",
            "port_range_max": 5432,
            "port_range_min": 5432,
            "protocol": "tcp",
            "region": "RegionOne",
            "remote_group_id": "90e0166c-8ca1-4a9c-979a-1623d7e934e7",
            "remote_ip_prefix": "",
            "security_group_id": "2f6a1583-1779-406f-bacc-8cd6df06a3e0",
            "tenant_id": "609e8aff8cd64ca8a6e62cacc201e3df",
            "timeouts": null
          },
          "sensitive_attributes": [],
          "identity_schema_version": 0,
          "private": "eyJlMmJmYjczMC1lY2FhLTExZTYtOGY4OC0zNDM2M2JjN2M0YzAiOnsiZGVsZXRlIjo2MDAwMDAwMDAwMDB9fQ==",
          "dependencies": [
            "openstack_networking_secgroup_v2.backend_sg",
            "openstack_networking_secgroup_v2.db_sg"
          ]
        }
      ]
    },
    {
      "mode": "managed",
      "type": "openstack_networking_secgroup_rule_v2",
      "name": "lb_http_in",
      "provider": "provider[\"registry.terraform.io/terraform-provider-openstack/openstack\"]",
      "instances": [
        {
          "schema_version": 0,
          "attributes": {
            "description": "",
            "direction": "ingress",
            "ethertype": "IPv4",
            "id": "3a882a0b-0061-4842-80e1-88e2cf95afb3",
            "port_range_max": 80,
            "port_range_min": 80,
            "protocol": "tcp",
            "region": "RegionOne",
            "remote_group_id": "",
            "remote_ip_prefix": "0.0.0.0/0",
            "security_group_id": "a339b823-f772-420e-82ba-2ef6c577fed2",
            "tenant_id": "609e8aff8cd64ca8a6e62cacc201e3df",
            "timeouts": null
          },
          "sensitive_attributes": [],
          "identity_schema_version": 0,
          "private": "eyJlMmJmYjczMC1lY2FhLTExZTYtOGY4OC0zNDM2M2JjN2M0YzAiOnsiZGVsZXRlIjo2MDAwMDAwMDAwMDB9fQ==",
          "dependencies": [
            "openstack_networking_secgroup_v2.lb_sg"
          ]
        }
      ]
    },
    {
      "mode": "managed",
      "type": "openstack_networking_secgroup_rule_v2",
      "name": "lb_https_in",
      "provider": "provider[\"registry.terraform.io/terraform-provider-openstack/openstack\"]",
      "instances": [
        {
          "schema_version": 0,
          "attributes": {
            "description": "",
            "direction": "ingress",
            "ethertype": "IPv4",
            "id": "e6b68da7-c5ed-4657-830f-933da64b0b90",
            "port_range_max": 443,
            "port_range_min": 443,
            "protocol": "tcp",
            "region": "RegionOne",
            "remote_group_id": "",
            "remote_ip_prefix": "0.0.0.0/0",
            "security_group_id": "a339b823-f772-420e-82ba-2ef6c577fed2",
            "tenant_id": "609e8aff8cd64ca8a6e62cacc201e3df",
            "timeouts": null
          },
          "sensitive_attributes": [],
          "identity_schema_version": 0,
          "private": "eyJlMmJmYjczMC1lY2FhLTExZTYtOGY4OC0zNDM2M2JjN2M0YzAiOnsiZGVsZXRlIjo2MDAwMDAwMDAwMDB9fQ==",
          "dependencies": [
            "openstack_networking_secgroup_v2.lb_sg"
          ]
        }
      ]
    },
    {
      "mode": "managed",
      "type": "openstack_networking_secgroup_v2",
      "name": "backend_sg",
      "provider": "provider[\"registry.terraform.io/terraform-provider-openstack/openstack\"]",
      "instances": [
        {
          "schema_version": 0,
          "attributes": {
            "all_tags": [],
            "delete_default_rules": null,
            "description": "Permette traffico dal Load Balancer e SSH interno",
            "id": "90e0166c-8ca1-4a9c-979a-1623d7e934e7",
            "name": "backend-security-group",
            "region": "RegionOne",
            "tags": [],
            "tenant_id": "609e8aff8cd64ca8a6e62cacc201e3df",
            "timeouts": null
          },
          "sensitive_attributes": [],
          "identity_schema_version": 0,
          "private": "eyJlMmJmYjczMC1lY2FhLTExZTYtOGY4OC0zNDM2M2JjN2M0YzAiOnsiZGVsZXRlIjo2MDAwMDAwMDAwMDB9fQ=="
        }
      ]
    },
    {
      "mode": "managed",
      "type": "openstack_networking_secgroup_v2",
      "name": "db_sg",
      "provider": "provider[\"registry.terraform.io/terraform-provider-openstack/openstack\"]",
      "instances": [
        {
          "schema_version": 0,
          "attributes": {
            "all_tags": [],
            "delete_default_rules": null,
            "description": "Permette traffico PostgreSQL esclusivamente dai server Backend",
            "id": "2f6a1583-1779-406f-bacc-8cd6df06a3e0",
            "name": "db-security-group",
            "region": "RegionOne",
            "tags": [],
            "tenant_id": "609e8aff8cd64ca8a6e62cacc201e3df",
            "timeouts": null
          },
          "sensitive_attributes": [],
          "identity_schema_version": 0,
          "private": "eyJlMmJmYjczMC1lY2FhLTExZTYtOGY4OC0zNDM2M2JjN2M0YzAiOnsiZGVsZXRlIjo2MDAwMDAwMDAwMDB9fQ=="
        }
      ]
    },
    {
      "mode": "managed",
      "type": "openstack_networking_secgroup_v2",
      "name": "lb_sg",
      "provider": "provider[\"registry.terraform.io/terraform-provider-openstack/openstack\"]",
      "instances": [
        {
          "schema_version": 0,
          "attributes": {
            "all_tags": [],
            "delete_default_rules": null,
            "description": "Permette traffico HTTP/HTTPS dal mondo esterno verso il Load Balancer",
            "id": "a339b823-f772-420e-82ba-2ef6c577fed2",
            "name": "lb-security-group",
            "region": "RegionOne",
            "tags": [],
            "tenant_id": "609e8aff8cd64ca8a6e62cacc201e3df",
            "timeouts": null
          },
          "sensitive_attributes": [],
          "identity_schema_version": 0,
          "private": "eyJlMmJmYjczMC1lY2FhLTExZTYtOGY4OC0zNDM2M2JjN2M0YzAiOnsiZGVsZXRlIjo2MDAwMDAwMDAwMDB9fQ=="
        }
      ]
    },
    {
      "mode": "managed",
      "type": "openstack_networking_subnet_v2",
      "name": "private_subnet",
      "provider": "provider[\"registry.terraform.io/terraform-provider-openstack/openstack\"]",
      "instances": [
        {
          "schema_version": 0,
          "attributes": {
            "all_tags": [],
            "allocation_pool": [
              {
                "end": "10.0.1.254",
                "start": "10.0.1.2"
              }
            ],
            "allocation_pools": [
              {
                "end": "10.0.1.254",
                "start": "10.0.1.2"
              }
            ],
            "cidr": "10.0.1.0/24",
            "description": "",
            "dns_nameservers": [
              "8.8.8.8",
              "8.8.4.4"
            ],
            "enable_dhcp": true,
            "gateway_ip": "10.0.1.1",
            "host_routes": [],
            "id": "6bd947ee-3fd0-44e2-b47a-52768a6d643c",
            "ip_version": 4,
            "ipv6_address_mode": "",
            "ipv6_ra_mode": "",
            "name": "myapp-private-subnet",
            "network_id": "09f15399-8347-4452-a554-f43ae7ddd8b9",
            "no_gateway": false,
            "prefix_length": null,
            "region": "RegionOne",
            "service_types": [],
            "subnetpool_id": "",
            "tags": [],
            "tenant_id": "609e8aff8cd64ca8a6e62cacc201e3df",
            "timeouts": null,
            "value_specs": null
          },
          "sensitive_attributes": [],
          "identity_schema_version": 0,
          "private": "eyJlMmJmYjczMC1lY2FhLTExZTYtOGY4OC0zNDM2M2JjN2M0YzAiOnsiY3JlYXRlIjo2MDAwMDAwMDAwMDAsImRlbGV0ZSI6NjAwMDAwMDAwMDAwfX0=",
          "dependencies": [
            "openstack_networking_network_v2.private_net"
          ]
        }
      ]
    },
    {
      "mode": "managed",
      "type": "openstack_objectstorage_container_v1",
      "name": "media_container",
      "provider": "provider[\"registry.terraform.io/terraform-provider-openstack/openstack\"]",
      "instances": [
        {
          "schema_version": 1,
          "attributes": {
            "container_read": "media_reader,media_uploader",
            "container_sync_key": null,
            "container_sync_to": null,
            "container_write": "media_uploader",
            "content_type": null,
            "force_destroy": false,
            "id": "my-app-media-assets",
            "metadata": null,
            "name": "my-app-media-assets",
            "region": "RegionOne",
            "storage_policy": "Policy-0",
            "versioning": false,
            "versioning_legacy": []
          },
          "sensitive_attributes": [],
          "identity_schema_version": 0,
          "private": "eyJzY2hlbWFfdmVyc2lvbiI6IjEifQ==",
          "dependencies": [
            "openstack_identity_role_v3.media_reader_role",
            "openstack_identity_role_v3.media_uploader_role"
          ]
        }
      ]
    },
    {
      "mode": "managed",
      "type": "openstack_objectstorage_object_v1",
      "name": "media_seed",
      "provider": "provider[\"registry.terraform.io/terraform-provider-openstack/openstack\"]",
      "instances": [
        {
          "index_key": "prop01/front.png",
          "schema_version": 0,
          "attributes": {
            "container_name": "my-app-media-assets",
            "content": null,
            "content_disposition": "",
            "content_encoding": "",
            "content_length": 3374141,
            "content_type": "image/png",
            "copy_from": null,
            "date": "2026-02-20T16:33:43Z",
            "delete_after": null,
            "delete_at": null,
            "detect_content_type": false,
            "etag": "50fb67610baa98f4db28e6bccabc2989",
            "id": "my-app-media-assets/prop01/front.png",
            "last_modified": "2026-02-20T16:33:11Z",
            "metadata": null,
            "name": "prop01/front.png",
            "object_manifest": "",
            "region": null,
            "source": "./seed_media/prop01_front.png",
            "trans_id": "tx4e65d5cc3b744334ad0b7-0069988ce7"
          },
          "sensitive_attributes": [],
          "identity_schema_version": 0,
          "private": "bnVsbA==",
          "dependencies": [
            "openstack_identity_role_v3.media_reader_role",
            "openstack_identity_role_v3.media_uploader_role",
            "openstack_objectstorage_container_v1.media_container"
          ]
        },
        {
          "index_key": "prop02/front.png",
          "schema_version": 0,
          "attributes": {
            "container_name": "my-app-media-assets",
            "content": null,
            "content_disposition": "",
            "content_encoding": "",
            "content_length": 1811479,
            "content_type": "image/png",
            "copy_from": null,
            "date": "2026-02-20T16:33:43Z",
            "delete_after": null,
            "delete_at": null,
            "detect_content_type": false,
            "etag": "caa3608a8b906c738e631b65fd128769",
            "id": "my-app-media-assets/prop02/front.png",
            "last_modified": "2026-02-20T16:33:11Z",
            "metadata": null,
            "name": "prop02/front.png",
            "object_manifest": "",
            "region": null,
            "source": "./seed_media/prop02_front.png",
            "trans_id": "tx640e49d859d0461b92112-0069988ce7"
          },
          "sensitive_attributes": [],
          "identity_schema_version": 0,
          "private": "bnVsbA==",
          "dependencies": [
            "openstack_identity_role_v3.media_reader_role",
            "openstack_identity_role_v3.media_uploader_role",
            "openstack_objectstorage_container_v1.media_container"
          ]
        },
        {
          "index_key": "prop03/front.png",
          "schema_version": 0,
          "attributes": {
            "container_name": "my-app-media-assets",
            "content": null,
            "content_disposition": "",
            "content_encoding": "",
            "content_length": 1666249,
            "content_type": "image/png",
            "copy_from": null,
            "date": "2026-02-20T16:33:43Z",
            "delete_after": null,
            "delete_at": null,
            "detect_content_type": false,
            "etag": "b6074f6155a3c08ce0b3ec402bce1c3a",
            "id": "my-app-media-assets/prop03/front.png",
            "last_modified": "2026-02-20T16:33:11Z",
            "metadata": null,
            "name": "prop03/front.png",
            "object_manifest": "",
            "region": null,
            "source": "./seed_media/prop03_front.png",
            "trans_id": "tx1dcf75dc127d4ef4849ee-0069988ce7"
          },
          "sensitive_attributes": [],
          "identity_schema_version": 0,
          "private": "bnVsbA==",
          "dependencies": [
            "openstack_identity_role_v3.media_reader_role",
            "openstack_identity_role_v3.media_uploader_role",
            "openstack_objectstorage_container_v1.media_container"
          ]
        },
        {
          "index_key": "prop03/hall.png",
          "schema_version": 0,
          "attributes": {
            "container_name": "my-app-media-assets",
            "content": null,
            "content_disposition": "",
            "content_encoding": "",
            "content_length": 1607191,
            "content_type": "image/png",
            "copy_from": null,
            "date": "2026-02-20T16:33:43Z",
            "delete_after": null,
            "delete_at": null,
            "detect_content_type": false,
            "etag": "5b4c3be059cbe46651e1e05371a3bcb5",
            "id": "my-app-media-assets/prop03/hall.png",
            "last_modified": "2026-02-20T16:33:11Z",
            "metadata": null,
            "name": "prop03/hall.png",
            "object_manifest": "",
            "region": null,
            "source": "./seed_media/prop03_hall.png",
            "trans_id": "tx3efba464555d4072aaa83-0069988ce7"
          },
          "sensitive_attributes": [],
          "identity_schema_version": 0,
          "private": "bnVsbA==",
          "dependencies": [
            "openstack_identity_role_v3.media_reader_role",
            "openstack_identity_role_v3.media_uploader_role",
            "openstack_objectstorage_container_v1.media_container"
          ]
        },
        {
          "index_key": "prop03/interior.png",
          "schema_version": 0,
          "attributes": {
            "container_name": "my-app-media-assets",
            "content": null,
            "content_disposition": "",
            "content_encoding": "",
            "content_length": 4901309,
            "content_type": "image/png",
            "copy_from": null,
            "date": "2026-02-20T16:33:43Z",
            "delete_after": null,
            "delete_at": null,
            "detect_content_type": false,
            "etag": "e4f71145b53ae4c8a960d89634a516e3",
            "id": "my-app-media-assets/prop03/interior.png",
            "last_modified": "2026-02-20T16:33:10Z",
            "metadata": null,
            "name": "prop03/interior.png",
            "object_manifest": "",
            "region": null,
            "source": "./seed_media/prop03_interior.png",
            "trans_id": "tx9115f55adf2e47f89fe68-0069988ce7"
          },
          "sensitive_attributes": [],
          "identity_schema_version": 0,
          "private": "bnVsbA==",
          "dependencies": [
            "openstack_identity_role_v3.media_reader_role",
            "openstack_identity_role_v3.media_uploader_role",
            "openstack_objectstorage_container_v1.media_container"
          ]
        },
        {
          "index_key": "prop04/front.png",
          "schema_version": 0,
          "attributes": {
            "container_name": "my-app-media-assets",
            "content": null,
            "content_disposition": "",
            "content_encoding": "",
            "content_length": 2079784,
            "content_type": "image/png",
            "copy_from": null,
            "date": "2026-02-20T16:33:43Z",
            "delete_after": null,
            "delete_at": null,
            "detect_content_type": false,
            "etag": "30e9801dbe2f2a466511a2fab1db145a",
            "id": "my-app-media-assets/prop04/front.png",
            "last_modified": "2026-02-20T16:33:10Z",
            "metadata": null,
            "name": "prop04/front.png",
            "object_manifest": "",
            "region": null,
            "source": "./seed_media/prop04_front.png",
            "trans_id": "txdaf3a9d239c047e295dae-0069988ce7"
          },
          "sensitive_attributes": [],
          "identity_schema_version": 0,
          "private": "bnVsbA==",
          "dependencies": [
            "openstack_identity_role_v3.media_reader_role",
            "openstack_identity_role_v3.media_uploader_role",
            "openstack_objectstorage_container_v1.media_container"
          ]
        },
        {
          "index_key": "prop05/front.png",
          "schema_version": 0,
          "attributes": {
            "container_name": "my-app-media-assets",
            "content": null,
            "content_disposition": "",
            "content_encoding": "",
            "content_length": 1527023,
            "content_type": "image/png",
            "copy_from": null,
            "date": "2026-02-20T16:33:43Z",
            "delete_after": null,
            "delete_at": null,
            "detect_content_type": false,
            "etag": "9306805034eee7e5a6a9a5eb0a75ace1",
            "id": "my-app-media-assets/prop05/front.png",
            "last_modified": "2026-02-20T16:33:10Z",
            "metadata": null,
            "name": "prop05/front.png",
            "object_manifest": "",
            "region": null,
            "source": "./seed_media/prop05_front.png",
            "trans_id": "tx43a6d220d43847848cd6f-0069988ce7"
          },
          "sensitive_attributes": [],
          "identity_schema_version": 0,
          "private": "bnVsbA==",
          "dependencies": [
            "openstack_identity_role_v3.media_reader_role",
            "openstack_identity_role_v3.media_uploader_role",
            "openstack_objectstorage_container_v1.media_container"
          ]
        },
        {
          "index_key": "prop06/front.png",
          "schema_version": 0,
          "attributes": {
            "container_name": "my-app-media-assets",
            "content": null,
            "content_disposition": "",
            "content_encoding": "",
            "content_length": 4996362,
            "content_type": "image/png",
            "copy_from": null,
            "date": "2026-02-20T16:33:43Z",
            "delete_after": null,
            "delete_at": null,
            "detect_content_type": false,
            "etag": "937550a92a1db9ba66396e638ba850c0",
            "id": "my-app-media-assets/prop06/front.png",
            "last_modified": "2026-02-20T16:33:11Z",
            "metadata": null,
            "name": "prop06/front.png",
            "object_manifest": "",
            "region": null,
            "source": "./seed_media/prop06_front.png",
            "trans_id": "txe02f06dde38841eba34a2-0069988ce7"
          },
          "sensitive_attributes": [],
          "identity_schema_version": 0,
          "private": "bnVsbA==",
          "dependencies": [
            "openstack_identity_role_v3.media_reader_role",
            "openstack_identity_role_v3.media_uploader_role",
            "openstack_objectstorage_container_v1.media_container"
          ]
        },
        {
          "index_key": "prop07/front.png",
          "schema_version": 0,
          "attributes": {
            "container_name": "my-app-media-assets",
            "content": null,
            "content_disposition": "",
            "content_encoding": "",
            "content_length": 1654698,
            "content_type": "image/png",
            "copy_from": null,
            "date": "2026-02-20T16:33:43Z",
            "delete_after": null,
            "delete_at": null,
            "detect_content_type": false,
            "etag": "71d6ffbaa1bd3932745226c97688c2d5",
            "id": "my-app-media-assets/prop07/front.png",
            "last_modified": "2026-02-20T16:33:10Z",
            "metadata": null,
            "name": "prop07/front.png",
            "object_manifest": "",
            "region": null,
            "source": "./seed_media/prop07_front.png",
            "trans_id": "txbb80ce549b8d40dd958cb-0069988ce7"
          },
          "sensitive_attributes": [],
          "identity_schema_version": 0,
          "private": "bnVsbA==",
          "dependencies": [
            "openstack_identity_role_v3.media_reader_role",
            "openstack_identity_role_v3.media_uploader_role",
            "openstack_objectstorage_container_v1.media_container"
          ]
        },
        {
          "index_key": "prop07/hall.png",
          "schema_version": 0,
          "attributes": {
            "container_name": "my-app-media-assets",
            "content": null,
            "content_disposition": "",
            "content_encoding": "",
            "content_length": 1005387,
            "content_type": "image/png",
            "copy_from": null,
            "date": "2026-02-20T16:33:43Z",
            "delete_after": null,
            "delete_at": null,
            "detect_content_type": false,
            "etag": "b4daf7fa3d80e6791b6ac7dca8e42876",
            "id": "my-app-media-assets/prop07/hall.png",
            "last_modified": "2026-02-20T16:33:10Z",
            "metadata": null,
            "name": "prop07/hall.png",
            "object_manifest": "",
            "region": null,
            "source": "./seed_media/prop07_hall.png",
            "trans_id": "tx473614b7e05741e6854e4-0069988ce7"
          },
          "sensitive_attributes": [],
          "identity_schema_version": 0,
          "private": "bnVsbA==",
          "dependencies": [
            "openstack_identity_role_v3.media_reader_role",
            "openstack_identity_role_v3.media_uploader_role",
            "openstack_objectstorage_container_v1.media_container"
          ]
        },
        {
          "index_key": "prop07/interior.png",
          "schema_version": 0,
          "attributes": {
            "container_name": "my-app-media-assets",
            "content": null,
            "content_disposition": "",
            "content_encoding": "",
            "content_length": 1701288,
            "content_type": "image/png",
            "copy_from": null,
            "date": "2026-02-20T16:33:43Z",
            "delete_after": null,
            "delete_at": null,
            "detect_content_type": false,
            "etag": "91971db632deeccc5c9f420cab19f75d",
            "id": "my-app-media-assets/prop07/interior.png",
            "last_modified": "2026-02-20T16:33:11Z",
            "metadata": null,
            "name": "prop07/interior.png",
            "object_manifest": "",
            "region": null,
            "source": "./seed_media/prop07_interior.png",
            "trans_id": "tx649764b2e3b440fcaf054-0069988ce7"
          },
          "sensitive_attributes": [],
          "identity_schema_version": 0,
          "private": "bnVsbA==",
          "dependencies": [
            "openstack_identity_role_v3.media_reader_role",
            "openstack_identity_role_v3.media_uploader_role",
            "openstack_objectstorage_container_v1.media_container"
          ]
        },
        {
          "index_key": "prop08/front.png",
          "schema_version": 0,
          "attributes": {
            "container_name": "my-app-media-assets",
            "content": null,
            "content_disposition": "",
            "content_encoding": "",
            "content_length": 5654442,
            "content_type": "image/png",
            "copy_from": null,
            "date": "2026-02-20T16:33:43Z",
            "delete_after": null,
            "delete_at": null,
            "detect_content_type": false,
            "etag": "de1bd56012b99890c7901bd9706b8d4a",
            "id": "my-app-media-assets/prop08/front.png",
            "last_modified": "2026-02-20T16:33:11Z",
            "metadata": null,
            "name": "prop08/front.png",
            "object_manifest": "",
            "region": null,
            "source": "./seed_media/prop08_front.png",
            "trans_id": "tx46bc94148f324e6ab4490-0069988ce7"
          },
          "sensitive_attributes": [],
          "identity_schema_version": 0,
          "private": "bnVsbA==",
          "dependencies": [
            "openstack_identity_role_v3.media_reader_role",
            "openstack_identity_role_v3.media_uploader_role",
            "openstack_objectstorage_container_v1.media_container"
          ]
        },
        {
          "index_key": "prop08/hall.png",
          "schema_version": 0,
          "attributes": {
            "container_name": "my-app-media-assets",
            "content": null,
            "content_disposition": "",
            "content_encoding": "",
            "content_length": 3744724,
            "content_type": "image/png",
            "copy_from": null,
            "date": "2026-02-20T16:33:43Z",
            "delete_after": null,
            "delete_at": null,
            "detect_content_type": false,
            "etag": "e2dd91fc7257cda6a592b6600774b96c",
            "id": "my-app-media-assets/prop08/hall.png",
            "last_modified": "2026-02-20T16:33:11Z",
            "metadata": null,
            "name": "prop08/hall.png",
            "object_manifest": "",
            "region": null,
            "source": "./seed_media/prop08_hall.png",
            "trans_id": "txeea4f696929543709eb41-0069988ce7"
          },
          "sensitive_attributes": [],
          "identity_schema_version": 0,
          "private": "bnVsbA==",
          "dependencies": [
            "openstack_identity_role_v3.media_reader_role",
            "openstack_identity_role_v3.media_uploader_role",
            "openstack_objectstorage_container_v1.media_container"
          ]
        },
        {
          "index_key": "prop09/front.png",
          "schema_version": 0,
          "attributes": {
            "container_name": "my-app-media-assets",
            "content": null,
            "content_disposition": "",
            "content_encoding": "",
            "content_length": 5983297,
            "content_type": "image/png",
            "copy_from": null,
            "date": "2026-02-20T16:33:43Z",
            "delete_after": null,
            "delete_at": null,
            "detect_content_type": false,
            "etag": "7517ba732242a2cc47757132121201f6",
            "id": "my-app-media-assets/prop09/front.png",
            "last_modified": "2026-02-20T16:33:11Z",
            "metadata": null,
            "name": "prop09/front.png",
            "object_manifest": "",
            "region": null,
            "source": "./seed_media/prop09_front.png",
            "trans_id": "txfa922f856bc14f5b91440-0069988ce7"
          },
          "sensitive_attributes": [],
          "identity_schema_version": 0,
          "private": "bnVsbA==",
          "dependencies": [
            "openstack_identity_role_v3.media_reader_role",
            "openstack_identity_role_v3.media_uploader_role",
            "openstack_objectstorage_container_v1.media_container"
          ]
        },
        {
          "index_key": "prop09/pool.png",
          "schema_version": 0,
          "attributes": {
            "container_name": "my-app-media-assets",
            "content": null,
            "content_disposition": "",
            "content_encoding": "",
            "content_length": 2298496,
            "content_type": "image/png",
            "copy_from": null,
            "date": "2026-02-20T16:33:43Z",
            "delete_after": null,
            "delete_at": null,
            "detect_content_type": false,
            "etag": "f8264ce1a29230aeeb148e558e053fd1",
            "id": "my-app-media-assets/prop09/pool.png",
            "last_modified": "2026-02-20T16:33:11Z",
            "metadata": null,
            "name": "prop09/pool.png",
            "object_manifest": "",
            "region": null,
            "source": "./seed_media/prop09_pool.png",
            "trans_id": "txf4c4502953324fe69b33c-0069988ce7"
          },
          "sensitive_attributes": [],
          "identity_schema_version": 0,
          "private": "bnVsbA==",
          "dependencies": [
            "openstack_identity_role_v3.media_reader_role",
            "openstack_identity_role_v3.media_uploader_role",
            "openstack_objectstorage_container_v1.media_container"
          ]
        },
        {
          "index_key": "prop10/front.png",
          "schema_version": 0,
          "attributes": {
            "container_name": "my-app-media-assets",
            "content": null,
            "content_disposition": "",
            "content_encoding": "",
            "content_length": 4005032,
            "content_type": "image/png",
            "copy_from": null,
            "date": "2026-02-20T16:33:43Z",
            "delete_after": null,
            "delete_at": null,
            "detect_content_type": false,
            "etag": "1ead34182800a10cbd0dbd27d2bb9ef3",
            "id": "my-app-media-assets/prop10/front.png",
            "last_modified": "2026-02-20T16:33:10Z",
            "metadata": null,
            "name": "prop10/front.png",
            "object_manifest": "",
            "region": null,
            "source": "./seed_media/prop10_front.png",
            "trans_id": "tx5eed15ed0baf4b059c50c-0069988ce7"
          },
          "sensitive_attributes": [],
          "identity_schema_version": 0,
          "private": "bnVsbA==",
          "dependencies": [
            "openstack_identity_role_v3.media_reader_role",
            "openstack_identity_role_v3.media_uploader_role",
            "openstack_objectstorage_container_v1.media_container"
          ]
        },
        {
          "index_key": "prop10/hall.png",
          "schema_version": 0,
          "attributes": {
            "container_name": "my-app-media-assets",
            "content": null,
            "content_disposition": "",
            "content_encoding": "",
            "content_length": 8767034,
            "content_type": "image/png",
            "copy_from": null,
            "date": "2026-02-20T16:33:43Z",
            "delete_after": null,
            "delete_at": null,
            "detect_content_type": false,
            "etag": "aabc7c9e3f322ed9c2ba4034ed8c2621",
            "id": "my-app-media-assets/prop10/hall.png",
            "last_modified": "2026-02-20T16:33:10Z",
            "metadata": null,
            "name": "prop10/hall.png",
            "object_manifest": "",
            "region": null,
            "source": "./seed_media/prop10_hall.png",
            "trans_id": "tx8c3990f8fc554061b471a-0069988ce7"
          },
          "sensitive_attributes": [],
          "identity_schema_version": 0,
          "private": "bnVsbA==",
          "dependencies": [
            "openstack_identity_role_v3.media_reader_role",
            "openstack_identity_role_v3.media_uploader_role",
            "openstack_objectstorage_container_v1.media_container"
          ]
        }
      ]
    }
  ],
  "check_results": null
}
