{
  "version": 4,
  "terraform_version": "1.14.5",
  "serial": 76,
  "lineage": "c5ed56fe-76ac-0c92-fb28-fea947add310",
  "outputs": {
    "db_private_ip": {
      "value": "10.0.1.152",
      "type": "string"
    },
    "debug_node_private_ip": {
      "value": "10.0.1.125",
      "type": "string"
    },
    "debug_node_public_ip": {
      "value": "172.24.4.249",
      "type": "string"
    }
  },
  "resources": [
    {
      "mode": "data",
      "type": "openstack_networking_network_v2",
      "name": "ext_net",
      "provider": "provider[\"registry.terraform.io/terraform-provider-openstack/openstack\"]",
      "instances": [
        {
          "schema_version": 0,
          "attributes": {
            "admin_state_up": "true",
            "all_tags": [],
            "availability_zone_hints": [],
            "description": "",
            "dns_domain": "",
            "external": true,
            "id": "bdd2857d-a63a-422c-893b-87d596d4a9fc",
            "matching_subnet_cidr": null,
            "mtu": 1500,
            "name": "public",
            "network_id": null,
            "region": "RegionOne",
            "segments": [
              {
                "network_type": "flat",
                "physical_network": "public",
                "segmentation_id": 0
              }
            ],
            "shared": "false",
            "status": null,
            "subnets": [
              "2810dced-7874-4c57-a14b-4149c0c8f5a3",
              "ed8436f4-ad53-4da3-ad25-3a95153f2764"
            ],
            "tags": null,
            "tenant_id": "844d6c51d64241f48dc8c1e926915767",
            "transparent_vlan": false
          },
          "sensitive_attributes": [],
          "identity_schema_version": 0
        }
      ]
    },
    {
      "mode": "managed",
      "type": "local_file",
      "name": "private_key",
      "provider": "provider[\"registry.terraform.io/hashicorp/local\"]",
      "instances": [
        {
          "schema_version": 0,
          "attributes": {
            "content": "-----BEGIN RSA PRIVATE KEY-----\nMIIEpAIBAAKCAQEAns6CCuzFyijlrecIGg4zyQa+1vLJ8y2XT4iANLzbVF/adgQh\nR4BHUcoNeo1pHfzVp+iGxxWp/bvsJcAzMObu0kK+ShBCLKkWnhc8wTWRzgyOfGv8\nnyfBFRVqafMRVlVZesHv1GRdSm3R/phpTob51c3syLFDhYcPJ6j+54VaF+VN0EJE\nS681awURwZerN13z6YSNAgOWoltOr7TwEeLjR8wFnT2aMC3xx6iUE1xUzXyVw0Ge\npeiRRVQC6KCur4nvL59bPhnEOHQMeK0X5Af4u+NA2BDkBjkbtYhsE1k6+qDYVAxz\natnnaVc8TYKfLyfm4sGw3QtTiv4q8e931013XQIDAQABAoIBAAOEgtWScxB29sdz\nA6Htc0YzqQyCf5NXDNqiemcwpmcTDHgVaqtLyHNOV3LB08np7M2gVUPu/en0kgGF\nZVzi8KKlqdNi0s8XG7zQD59z+/vQGWPg0c1bXb0wJpWcNbkaK4uQOitpNwvMAkfH\nwSVlJf7kuyb4OOJUoIhPXP4XMmyvCvWNN5Et7STDdVQ+FK6+b2PxRoQccJ8Vwqft\nYLQu/CAtH2J/M+pqnDC4b+nc4zfCG2nR3PWb3tYPhO8R33lQwHGxB2MXz9W6nOug\n9DyELDsc2PBg/SqLXrBEu9i0QmoRieIyYgBJFvJ7DOGx8aKptLxfeX4FMdGCHGXK\nBoEJPoECgYEA3leuD2SCNJc4CrVJTACJYxQO0J/oLIkB47BGn4FlGYprknH2E29C\n6GuzB0BzvdIFIgwPRtUsKdnV0XFXe8Xo46thVrjT2caFzn0++iOhhJft5u2Gtrtb\n8RZdUMEsEOmeHGzrCRj8YHzRpUH/zFEnuHJKB6d866FRmUB0BJgUfGECgYEAttio\nd0IGrbQ+7sPBISuU/2WYknYo7EUEOnB29krUYTH1XamtRAsRfcADyAYz0VuFACk+\n5xqY8ClMo98Sb07uYxV4byGo3D3jMadkf+UgT7QUnVvx5D+ozvvpixuba5xGowaI\nTzh0f+MO5urMtuWkHZ0L73w1uxWY88LOsanmPH0CgYAB2/HUpx5/mhQZ4tIuFIMR\nlQVasTubw7mEUeEFTGuv/vxPSSyplPCWSPBCS0OsfqkUU8185iNsZinnim8U1d7Q\nqIoz02/SDlroExwHs2ySU0Ll/2508LQgG/PDzRm1On7b9f0xIkhZ9jE6lIazCqqu\nXCZKUhg1UDACfAt8Tlk9gQKBgQCHkfzW782j3ZEL13jK71V6SAnoDlQpWsLX0ati\n0fjGWBRlbflaChrd8hDbrj2dbQ4gIHTTRZU//F8m4a75eLyoGrNBMuPQ6NIbbtHF\nQk3CyvK9+f5QDiNL1NxEmCOUljqJhb5rfqBicigKbu16bqpQirDe0GnGXS0bD8XR\nVPewwQKBgQDXxdeOD0RgSi1WsaQFrtRI5YYs18LSObT0+wc2LLTD+IhQMqwZVEtn\nOFGE2lwWbXNzV4XlS9fRWUW+VW4DSeL/3ac42vME/qyFUE2NRYSl7fMnRPceGwIG\nb6wBKhOcrDUlpuuNXjuDWcb7Z8d3NuZ1H8//WEKvVwxzDlQloFRmWA==\n-----END RSA PRIVATE KEY-----\n",
            "content_base64": null,
            "content_base64sha256": "AsmNwlTuNMyximqqPlr2DWFqLUCrFl+iFz6aD+tzCnY=",
            "content_base64sha512": "aWvGKdNRcl1YEyNg1Po9dxszLU1GcrlQuWQM2BChaVRBjNfcxKwTaHiKaB86TkqBjxvc4wCCetVuLO/ePjiFaw==",
            "content_md5": "298982a30e04a12335ddb5b3845c2427",
            "content_sha1": "f1dfbef8c2f4aad7ba6c95e9573083ff1388d73e",
            "content_sha256": "02c98dc254ee34ccb18a6aaa3e5af60d616a2d40ab165fa2173e9a0feb730a76",
            "content_sha512": "696bc629d351725d58132360d4fa3d771b332d4d4672b950b9640cd810a16954418cd7dcc4ac1368788a681f3a4e4a818f1bdce300827ad56e2cefde3e38856b",
            "directory_permission": "0777",
            "file_permission": "0600",
            "filename": "./my-devstack-key.pem",
            "id": "f1dfbef8c2f4aad7ba6c95e9573083ff1388d73e",
            "sensitive_content": null,
            "source": null
          },
          "sensitive_attributes": [
            [
              {
                "type": "get_attr",
                "value": "content"
              }
            ],
            [
              {
                "type": "get_attr",
                "value": "sensitive_content"
              }
            ]
          ],
          "identity_schema_version": 0,
          "dependencies": [
            "openstack_compute_keypair_v2.my_keypair"
          ]
        }
      ]
    },
    {
      "mode": "managed",
      "type": "openstack_compute_floatingip_associate_v2",
      "name": "debug_fip_assoc",
      "provider": "provider[\"registry.terraform.io/terraform-provider-openstack/openstack\"]",
      "instances": [
        {
          "schema_version": 0,
          "attributes": {
            "fixed_ip": "",
            "floating_ip": "172.24.4.249",
            "id": "172.24.4.249/021da260-c612-40ea-8bc0-fdf16573b8aa/",
            "instance_id": "021da260-c612-40ea-8bc0-fdf16573b8aa",
            "region": "RegionOne",
            "timeouts": null,
            "wait_until_associated": null
          },
          "sensitive_attributes": [],
          "identity_schema_version": 0,
          "private": "eyJlMmJmYjczMC1lY2FhLTExZTYtOGY4OC0zNDM2M2JjN2M0YzAiOnsiY3JlYXRlIjo2MDAwMDAwMDAwMDB9fQ==",
          "dependencies": [
            "data.openstack_networking_network_v2.ext_net",
            "openstack_compute_instance_v2.debug_node",
            "openstack_compute_keypair_v2.my_keypair",
            "openstack_networking_floatingip_v2.debug_fip",
            "openstack_networking_network_v2.private_net",
            "openstack_networking_secgroup_v2.backend_sg"
          ]
        }
      ]
    },
    {
      "mode": "managed",
      "type": "openstack_compute_instance_v2",
      "name": "db_node",
      "provider": "provider[\"registry.terraform.io/terraform-provider-openstack/openstack\"]",
      "instances": [
        {
          "schema_version": 0,
          "attributes": {
            "access_ip_v4": "10.0.1.152",
            "access_ip_v6": "",
            "admin_pass": null,
            "all_metadata": {},
            "all_tags": [],
            "availability_zone": "nova",
            "availability_zone_hints": null,
            "block_device": [],
            "config_drive": null,
            "created": "2026-02-18 23:18:39 +0000 UTC",
            "flavor_id": "2",
            "flavor_name": "m1.small",
            "floating_ip": null,
            "force_delete": false,
            "id": "c7c6a629-8250-4aeb-8b9a-2b3f2fe93a32",
            "image_id": "6a3cbb5b-e485-4229-8124-0905ccdf4aa7",
            "image_name": "ubuntu-22.04",
            "key_pair": "my-devstack-key",
            "metadata": null,
            "name": "myapp-postgres-db",
            "network": [
              {
                "access_network": false,
                "fixed_ip_v4": "10.0.1.152",
                "fixed_ip_v6": "",
                "floating_ip": "",
                "mac": "fa:16:3e:27:76:e4",
                "name": "myapp-private-net",
                "port": "",
                "uuid": "26b5a170-6cfe-46de-a749-b87f25c552bb"
              }
            ],
            "network_mode": null,
            "personality": [],
            "power_state": "active",
            "region": "RegionOne",
            "scheduler_hints": [],
            "security_groups": [
              "db-security-group"
            ],
            "stop_before_destroy": false,
            "tags": null,
            "timeouts": null,
            "updated": "2026-02-18 23:18:51 +0000 UTC",
            "user_data": "8c3301e495e0974d6d3397e96ec5e744186a48d2",
            "vendor_options": [],
            "volume": []
          },
          "sensitive_attributes": [
            [
              {
                "type": "get_attr",
                "value": "admin_pass"
              }
            ]
          ],
          "identity_schema_version": 0,
          "private": "eyJlMmJmYjczMC1lY2FhLTExZTYtOGY4OC0zNDM2M2JjN2M0YzAiOnsiY3JlYXRlIjoxODAwMDAwMDAwMDAwLCJkZWxldGUiOjE4MDAwMDAwMDAwMDAsInVwZGF0ZSI6MTgwMDAwMDAwMDAwMH19",
          "dependencies": [
            "openstack_compute_keypair_v2.my_keypair",
            "openstack_networking_network_v2.private_net",
            "openstack_networking_secgroup_v2.db_sg"
          ]
        }
      ]
    },
    {
      "mode": "managed",
      "type": "openstack_compute_instance_v2",
      "name": "debug_node",
      "provider": "provider[\"registry.terraform.io/terraform-provider-openstack/openstack\"]",
      "instances": [
        {
          "schema_version": 0,
          "attributes": {
            "access_ip_v4": "10.0.1.125",
            "access_ip_v6": "",
            "admin_pass": null,
            "all_metadata": {},
            "all_tags": [],
            "availability_zone": "nova",
            "availability_zone_hints": null,
            "block_device": [],
            "config_drive": null,
            "created": "2026-02-18 19:46:05 +0000 UTC",
            "flavor_id": "2",
            "flavor_name": "m1.small",
            "floating_ip": null,
            "force_delete": false,
            "id": "021da260-c612-40ea-8bc0-fdf16573b8aa",
            "image_id": "6a3cbb5b-e485-4229-8124-0905ccdf4aa7",
            "image_name": "ubuntu-22.04",
            "key_pair": "my-devstack-key",
            "metadata": null,
            "name": "myapp-manual-debug-node",
            "network": [
              {
                "access_network": false,
                "fixed_ip_v4": "10.0.1.125",
                "fixed_ip_v6": "",
                "floating_ip": "",
                "mac": "fa:16:3e:3b:f2:16",
                "name": "myapp-private-net",
                "port": "",
                "uuid": "26b5a170-6cfe-46de-a749-b87f25c552bb"
              }
            ],
            "network_mode": null,
            "personality": [],
            "power_state": "active",
            "region": "RegionOne",
            "scheduler_hints": [],
            "security_groups": [
              "backend-security-group"
            ],
            "stop_before_destroy": false,
            "tags": [],
            "timeouts": null,
            "updated": "2026-02-18 19:46:17 +0000 UTC",
            "user_data": "f28b8f9881d9d6ae24e61cc95e13a563333a23f5",
            "vendor_options": [],
            "volume": []
          },
          "sensitive_attributes": [
            [
              {
                "type": "get_attr",
                "value": "admin_pass"
              }
            ]
          ],
          "identity_schema_version": 0,
          "private": "eyJlMmJmYjczMC1lY2FhLTExZTYtOGY4OC0zNDM2M2JjN2M0YzAiOnsiY3JlYXRlIjoxODAwMDAwMDAwMDAwLCJkZWxldGUiOjE4MDAwMDAwMDAwMDAsInVwZGF0ZSI6MTgwMDAwMDAwMDAwMH19",
          "dependencies": [
            "openstack_compute_keypair_v2.my_keypair",
            "openstack_networking_network_v2.private_net",
            "openstack_networking_secgroup_v2.backend_sg"
          ]
        }
      ]
    },
    {
      "mode": "managed",
      "type": "openstack_compute_keypair_v2",
      "name": "my_keypair",
      "provider": "provider[\"registry.terraform.io/terraform-provider-openstack/openstack\"]",
      "instances": [
        {
          "schema_version": 0,
          "attributes": {
            "fingerprint": "18:b4:56:4c:dd:a9:aa:c8:fe:12:af:98:33:f0:86:c7",
            "id": "my-devstack-key",
            "name": "my-devstack-key",
            "private_key": "-----BEGIN RSA PRIVATE KEY-----\nMIIEpAIBAAKCAQEAns6CCuzFyijlrecIGg4zyQa+1vLJ8y2XT4iANLzbVF/adgQh\nR4BHUcoNeo1pHfzVp+iGxxWp/bvsJcAzMObu0kK+ShBCLKkWnhc8wTWRzgyOfGv8\nnyfBFRVqafMRVlVZesHv1GRdSm3R/phpTob51c3syLFDhYcPJ6j+54VaF+VN0EJE\nS681awURwZerN13z6YSNAgOWoltOr7TwEeLjR8wFnT2aMC3xx6iUE1xUzXyVw0Ge\npeiRRVQC6KCur4nvL59bPhnEOHQMeK0X5Af4u+NA2BDkBjkbtYhsE1k6+qDYVAxz\natnnaVc8TYKfLyfm4sGw3QtTiv4q8e931013XQIDAQABAoIBAAOEgtWScxB29sdz\nA6Htc0YzqQyCf5NXDNqiemcwpmcTDHgVaqtLyHNOV3LB08np7M2gVUPu/en0kgGF\nZVzi8KKlqdNi0s8XG7zQD59z+/vQGWPg0c1bXb0wJpWcNbkaK4uQOitpNwvMAkfH\nwSVlJf7kuyb4OOJUoIhPXP4XMmyvCvWNN5Et7STDdVQ+FK6+b2PxRoQccJ8Vwqft\nYLQu/CAtH2J/M+pqnDC4b+nc4zfCG2nR3PWb3tYPhO8R33lQwHGxB2MXz9W6nOug\n9DyELDsc2PBg/SqLXrBEu9i0QmoRieIyYgBJFvJ7DOGx8aKptLxfeX4FMdGCHGXK\nBoEJPoECgYEA3leuD2SCNJc4CrVJTACJYxQO0J/oLIkB47BGn4FlGYprknH2E29C\n6GuzB0BzvdIFIgwPRtUsKdnV0XFXe8Xo46thVrjT2caFzn0++iOhhJft5u2Gtrtb\n8RZdUMEsEOmeHGzrCRj8YHzRpUH/zFEnuHJKB6d866FRmUB0BJgUfGECgYEAttio\nd0IGrbQ+7sPBISuU/2WYknYo7EUEOnB29krUYTH1XamtRAsRfcADyAYz0VuFACk+\n5xqY8ClMo98Sb07uYxV4byGo3D3jMadkf+UgT7QUnVvx5D+ozvvpixuba5xGowaI\nTzh0f+MO5urMtuWkHZ0L73w1uxWY88LOsanmPH0CgYAB2/HUpx5/mhQZ4tIuFIMR\nlQVasTubw7mEUeEFTGuv/vxPSSyplPCWSPBCS0OsfqkUU8185iNsZinnim8U1d7Q\nqIoz02/SDlroExwHs2ySU0Ll/2508LQgG/PDzRm1On7b9f0xIkhZ9jE6lIazCqqu\nXCZKUhg1UDACfAt8Tlk9gQKBgQCHkfzW782j3ZEL13jK71V6SAnoDlQpWsLX0ati\n0fjGWBRlbflaChrd8hDbrj2dbQ4gIHTTRZU//F8m4a75eLyoGrNBMuPQ6NIbbtHF\nQk3CyvK9+f5QDiNL1NxEmCOUljqJhb5rfqBicigKbu16bqpQirDe0GnGXS0bD8XR\nVPewwQKBgQDXxdeOD0RgSi1WsaQFrtRI5YYs18LSObT0+wc2LLTD+IhQMqwZVEtn\nOFGE2lwWbXNzV4XlS9fRWUW+VW4DSeL/3ac42vME/qyFUE2NRYSl7fMnRPceGwIG\nb6wBKhOcrDUlpuuNXjuDWcb7Z8d3NuZ1H8//WEKvVwxzDlQloFRmWA==\n-----END RSA PRIVATE KEY-----\n",
            "public_key": "ssh-rsa AAAAB3NzaC1yc2EAAAADAQABAAABAQCezoIK7MXKKOWt5wgaDjPJBr7W8snzLZdPiIA0vNtUX9p2BCFHgEdRyg16jWkd/NWn6IbHFan9u+wlwDMw5u7SQr5KEEIsqRaeFzzBNZHODI58a/yfJ8EVFWpp8xFWVVl6we/UZF1KbdH+mGlOhvnVzezIsUOFhw8nqP7nhVoX5U3QQkRLrzVrBRHBl6s3XfPphI0CA5aiW06vtPAR4uNHzAWdPZowLfHHqJQTXFTNfJXDQZ6l6JFFVALooK6vie8vn1s+GcQ4dAx4rRfkB/i740DYEOQGORu1iGwTWTr6oNhUDHNq2edpVzxNgp8vJ+biwbDdC1OK/irx73fXTXdd Generated-by-Nova",
            "region": "RegionOne",
            "user_id": "",
            "value_specs": null
          },
          "sensitive_attributes": [
            [
              {
                "type": "get_attr",
                "value": "private_key"
              }
            ]
          ],
          "identity_schema_version": 0,
          "private": "bnVsbA=="
        }
      ]
    },
    {
      "mode": "managed",
      "type": "openstack_networking_floatingip_v2",
      "name": "debug_fip",
      "provider": "provider[\"registry.terraform.io/terraform-provider-openstack/openstack\"]",
      "instances": [
        {
          "schema_version": 0,
          "attributes": {
            "address": "172.24.4.249",
            "all_tags": [],
            "description": "",
            "dns_domain": "",
            "dns_name": "",
            "fixed_ip": "10.0.1.125",
            "id": "806957fd-8374-4cb9-a02e-450653d2603c",
            "pool": "public",
            "port_id": "14b0a193-e9ef-4367-88da-ae31b74c7fec",
            "region": "RegionOne",
            "subnet_id": null,
            "subnet_ids": null,
            "tags": [],
            "tenant_id": "844d6c51d64241f48dc8c1e926915767",
            "timeouts": null,
            "value_specs": null
          },
          "sensitive_attributes": [],
          "identity_schema_version": 0,
          "private": "eyJlMmJmYjczMC1lY2FhLTExZTYtOGY4OC0zNDM2M2JjN2M0YzAiOnsiY3JlYXRlIjo2MDAwMDAwMDAwMDAsImRlbGV0ZSI6NjAwMDAwMDAwMDAwfX0=",
          "dependencies": [
            "data.openstack_networking_network_v2.ext_net"
          ]
        }
      ]
    },
    {
      "mode": "managed",
      "type": "openstack_networking_network_v2",
      "name": "private_net",
      "provider": "provider[\"registry.terraform.io/terraform-provider-openstack/openstack\"]",
      "instances": [
        {
          "schema_version": 0,
          "attributes": {
            "admin_state_up": true,
            "all_tags": [],
            "availability_zone_hints": [],
            "description": "",
            "dns_domain": "",
            "external": false,
            "id": "26b5a170-6cfe-46de-a749-b87f25c552bb",
            "mtu": 1442,
            "name": "myapp-private-net",
            "port_security_enabled": true,
            "qos_policy_id": "",
            "region": "RegionOne",
            "segments": [
              {
                "network_type": "geneve",
                "physical_network": "",
                "segmentation_id": 22666
              }
            ],
            "shared": false,
            "tags": [],
            "tenant_id": "844d6c51d64241f48dc8c1e926915767",
            "timeouts": null,
            "transparent_vlan": false,
            "value_specs": null
          },
          "sensitive_attributes": [],
          "identity_schema_version": 0,
          "private": "eyJlMmJmYjczMC1lY2FhLTExZTYtOGY4OC0zNDM2M2JjN2M0YzAiOnsiY3JlYXRlIjo2MDAwMDAwMDAwMDAsImRlbGV0ZSI6NjAwMDAwMDAwMDAwfX0="
        }
      ]
    },
    {
      "mode": "managed",
      "type": "openstack_networking_router_interface_v2",
      "name": "router_interface",
      "provider": "provider[\"registry.terraform.io/terraform-provider-openstack/openstack\"]",
      "instances": [
        {
          "schema_version": 0,
          "attributes": {
            "force_destroy": false,
            "id": "b8e353f1-c478-46a9-acb6-b00e6868f6f2",
            "port_id": "b8e353f1-c478-46a9-acb6-b00e6868f6f2",
            "region": "RegionOne",
            "router_id": "ef1d1114-c2da-488c-ae27-7b6826da75bb",
            "subnet_id": "e80b9aa5-3ffc-433e-9ac4-f65df096a771",
            "timeouts": null
          },
          "sensitive_attributes": [],
          "identity_schema_version": 0,
          "private": "eyJlMmJmYjczMC1lY2FhLTExZTYtOGY4OC0zNDM2M2JjN2M0YzAiOnsiY3JlYXRlIjo2MDAwMDAwMDAwMDAsImRlbGV0ZSI6NjAwMDAwMDAwMDAwfX0=",
          "dependencies": [
            "data.openstack_networking_network_v2.ext_net",
            "openstack_networking_network_v2.private_net",
            "openstack_networking_router_v2.main_router",
            "openstack_networking_subnet_v2.private_subnet"
          ]
        }
      ]
    },
    {
      "mode": "managed",
      "type": "openstack_networking_router_v2",
      "name": "main_router",
      "provider": "provider[\"registry.terraform.io/terraform-provider-openstack/openstack\"]",
      "instances": [
        {
          "schema_version": 0,
          "attributes": {
            "admin_state_up": true,
            "all_tags": [],
            "availability_zone_hints": [],
            "description": "",
            "distributed": false,
            "enable_snat": true,
            "external_fixed_ip": [
              {
                "ip_address": "172.24.4.189",
                "subnet_id": "2810dced-7874-4c57-a14b-4149c0c8f5a3"
              },
              {
                "ip_address": "2001:db8::109",
                "subnet_id": "ed8436f4-ad53-4da3-ad25-3a95153f2764"
              }
            ],
            "external_gateway": "bdd2857d-a63a-422c-893b-87d596d4a9fc",
            "external_network_id": "bdd2857d-a63a-422c-893b-87d596d4a9fc",
            "external_subnet_ids": null,
            "id": "ef1d1114-c2da-488c-ae27-7b6826da75bb",
            "name": "myapp-router",
            "region": "RegionOne",
            "tags": [],
            "tenant_id": "844d6c51d64241f48dc8c1e926915767",
            "timeouts": null,
            "value_specs": null,
            "vendor_options": []
          },
          "sensitive_attributes": [],
          "identity_schema_version": 0,
          "private": "eyJlMmJmYjczMC1lY2FhLTExZTYtOGY4OC0zNDM2M2JjN2M0YzAiOnsiY3JlYXRlIjo2MDAwMDAwMDAwMDAsImRlbGV0ZSI6NjAwMDAwMDAwMDAwfX0=",
          "dependencies": [
            "data.openstack_networking_network_v2.ext_net"
          ]
        }
      ]
    },
    {
      "mode": "managed",
      "type": "openstack_networking_secgroup_rule_v2",
      "name": "backend_debug_8000",
      "provider": "provider[\"registry.terraform.io/terraform-provider-openstack/openstack\"]",
      "instances": [
        {
          "schema_version": 0,
          "attributes": {
            "description": "",
            "direction": "ingress",
            "ethertype": "IPv4",
            "id": "1b4b1e84-8605-44b6-9978-3b03636d1446",
            "port_range_max": 8000,
            "port_range_min": 8000,
            "protocol": "tcp",
            "region": "RegionOne",
            "remote_group_id": "",
            "remote_ip_prefix": "0.0.0.0/0",
            "security_group_id": "19d0da82-889e-4463-8e85-e08bfbc7015d",
            "tenant_id": "844d6c51d64241f48dc8c1e926915767",
            "timeouts": null
          },
          "sensitive_attributes": [],
          "identity_schema_version": 0,
          "private": "eyJlMmJmYjczMC1lY2FhLTExZTYtOGY4OC0zNDM2M2JjN2M0YzAiOnsiZGVsZXRlIjo2MDAwMDAwMDAwMDB9fQ==",
          "dependencies": [
            "openstack_networking_secgroup_v2.backend_sg"
          ]
        }
      ]
    },
    {
      "mode": "managed",
      "type": "openstack_networking_secgroup_rule_v2",
      "name": "backend_http_from_lb",
      "provider": "provider[\"registry.terraform.io/terraform-provider-openstack/openstack\"]",
      "instances": [
        {
          "schema_version": 0,
          "attributes": {
            "description": "",
            "direction": "ingress",
            "ethertype": "IPv4",
            "id": "cac10744-5033-4481-b094-04a98b7f030e",
            "port_range_max": 80,
            "port_range_min": 80,
            "protocol": "tcp",
            "region": "RegionOne",
            "remote_group_id": "36a1f034-d99f-415b-82bd-11981da60a19",
            "remote_ip_prefix": "",
            "security_group_id": "19d0da82-889e-4463-8e85-e08bfbc7015d",
            "tenant_id": "844d6c51d64241f48dc8c1e926915767",
            "timeouts": null
          },
          "sensitive_attributes": [],
          "identity_schema_version": 0,
          "private": "eyJlMmJmYjczMC1lY2FhLTExZTYtOGY4OC0zNDM2M2JjN2M0YzAiOnsiZGVsZXRlIjo2MDAwMDAwMDAwMDB9fQ==",
          "dependencies": [
            "openstack_networking_secgroup_v2.backend_sg",
            "openstack_networking_secgroup_v2.lb_sg"
          ]
        }
      ]
    },
    {
      "mode": "managed",
      "type": "openstack_networking_secgroup_rule_v2",
      "name": "backend_ssh_internal",
      "provider": "provider[\"registry.terraform.io/terraform-provider-openstack/openstack\"]",
      "instances": [
        {
          "schema_version": 0,
          "attributes": {
            "description": "",
            "direction": "ingress",
            "ethertype": "IPv4",
            "id": "504d8001-0c3f-430d-9280-fb79fa6a58b4",
            "port_range_max": 22,
            "port_range_min": 22,
            "protocol": "tcp",
            "region": "RegionOne",
            "remote_group_id": "",
            "remote_ip_prefix": "0.0.0.0/0",
            "security_group_id": "19d0da82-889e-4463-8e85-e08bfbc7015d",
            "tenant_id": "844d6c51d64241f48dc8c1e926915767",
            "timeouts": null
          },
          "sensitive_attributes": [],
          "identity_schema_version": 0,
          "private": "eyJlMmJmYjczMC1lY2FhLTExZTYtOGY4OC0zNDM2M2JjN2M0YzAiOnsiZGVsZXRlIjo2MDAwMDAwMDAwMDB9fQ==",
          "dependencies": [
            "openstack_networking_secgroup_v2.backend_sg"
          ]
        }
      ]
    },
    {
      "mode": "managed",
      "type": "openstack_networking_secgroup_rule_v2",
      "name": "db_postgres_from_backend",
      "provider": "provider[\"registry.terraform.io/terraform-provider-openstack/openstack\"]",
      "instances": [
        {
          "schema_version": 0,
          "attributes": {
            "description": "",
            "direction": "ingress",
            "ethertype": "IPv4",
            "id": "868c55dd-9ad5-48fe-a2a9-aa3a1aea738e",
            "port_range_max": 5432,
            "port_range_min": 5432,
            "protocol": "tcp",
            "region": "RegionOne",
            "remote_group_id": "19d0da82-889e-4463-8e85-e08bfbc7015d",
            "remote_ip_prefix": "",
            "security_group_id": "6ab51979-3651-4bb7-adf9-8a7c0b3f70f1",
            "tenant_id": "844d6c51d64241f48dc8c1e926915767",
            "timeouts": null
          },
          "sensitive_attributes": [],
          "identity_schema_version": 0,
          "private": "eyJlMmJmYjczMC1lY2FhLTExZTYtOGY4OC0zNDM2M2JjN2M0YzAiOnsiZGVsZXRlIjo2MDAwMDAwMDAwMDB9fQ==",
          "dependencies": [
            "openstack_networking_secgroup_v2.backend_sg",
            "openstack_networking_secgroup_v2.db_sg"
          ]
        }
      ]
    },
    {
      "mode": "managed",
      "type": "openstack_networking_secgroup_rule_v2",
      "name": "lb_http_in",
      "provider": "provider[\"registry.terraform.io/terraform-provider-openstack/openstack\"]",
      "instances": [
        {
          "schema_version": 0,
          "attributes": {
            "description": "",
            "direction": "ingress",
            "ethertype": "IPv4",
            "id": "63816703-bf8f-44ce-b473-5899fe695bba",
            "port_range_max": 80,
            "port_range_min": 80,
            "protocol": "tcp",
            "region": "RegionOne",
            "remote_group_id": "",
            "remote_ip_prefix": "0.0.0.0/0",
            "security_group_id": "36a1f034-d99f-415b-82bd-11981da60a19",
            "tenant_id": "844d6c51d64241f48dc8c1e926915767",
            "timeouts": null
          },
          "sensitive_attributes": [],
          "identity_schema_version": 0,
          "private": "eyJlMmJmYjczMC1lY2FhLTExZTYtOGY4OC0zNDM2M2JjN2M0YzAiOnsiZGVsZXRlIjo2MDAwMDAwMDAwMDB9fQ==",
          "dependencies": [
            "openstack_networking_secgroup_v2.lb_sg"
          ]
        }
      ]
    },
    {
      "mode": "managed",
      "type": "openstack_networking_secgroup_rule_v2",
      "name": "lb_https_in",
      "provider": "provider[\"registry.terraform.io/terraform-provider-openstack/openstack\"]",
      "instances": [
        {
          "schema_version": 0,
          "attributes": {
            "description": "",
            "direction": "ingress",
            "ethertype": "IPv4",
            "id": "ec5725be-e271-4eb8-8305-fa37700a74f8",
            "port_range_max": 443,
            "port_range_min": 443,
            "protocol": "tcp",
            "region": "RegionOne",
            "remote_group_id": "",
            "remote_ip_prefix": "0.0.0.0/0",
            "security_group_id": "36a1f034-d99f-415b-82bd-11981da60a19",
            "tenant_id": "844d6c51d64241f48dc8c1e926915767",
            "timeouts": null
          },
          "sensitive_attributes": [],
          "identity_schema_version": 0,
          "private": "eyJlMmJmYjczMC1lY2FhLTExZTYtOGY4OC0zNDM2M2JjN2M0YzAiOnsiZGVsZXRlIjo2MDAwMDAwMDAwMDB9fQ==",
          "dependencies": [
            "openstack_networking_secgroup_v2.lb_sg"
          ]
        }
      ]
    },
    {
      "mode": "managed",
      "type": "openstack_networking_secgroup_v2",
      "name": "backend_sg",
      "provider": "provider[\"registry.terraform.io/terraform-provider-openstack/openstack\"]",
      "instances": [
        {
          "schema_version": 0,
          "attributes": {
            "all_tags": [],
            "delete_default_rules": null,
            "description": "Permette traffico dal Load Balancer e SSH interno",
            "id": "19d0da82-889e-4463-8e85-e08bfbc7015d",
            "name": "backend-security-group",
            "region": "RegionOne",
            "tags": [],
            "tenant_id": "844d6c51d64241f48dc8c1e926915767",
            "timeouts": null
          },
          "sensitive_attributes": [],
          "identity_schema_version": 0,
          "private": "eyJlMmJmYjczMC1lY2FhLTExZTYtOGY4OC0zNDM2M2JjN2M0YzAiOnsiZGVsZXRlIjo2MDAwMDAwMDAwMDB9fQ=="
        }
      ]
    },
    {
      "mode": "managed",
      "type": "openstack_networking_secgroup_v2",
      "name": "db_sg",
      "provider": "provider[\"registry.terraform.io/terraform-provider-openstack/openstack\"]",
      "instances": [
        {
          "schema_version": 0,
          "attributes": {
            "all_tags": [],
            "delete_default_rules": null,
            "description": "Permette traffico PostgreSQL esclusivamente dai server Backend",
            "id": "6ab51979-3651-4bb7-adf9-8a7c0b3f70f1",
            "name": "db-security-group",
            "region": "RegionOne",
            "tags": [],
            "tenant_id": "844d6c51d64241f48dc8c1e926915767",
            "timeouts": null
          },
          "sensitive_attributes": [],
          "identity_schema_version": 0,
          "private": "eyJlMmJmYjczMC1lY2FhLTExZTYtOGY4OC0zNDM2M2JjN2M0YzAiOnsiZGVsZXRlIjo2MDAwMDAwMDAwMDB9fQ=="
        }
      ]
    },
    {
      "mode": "managed",
      "type": "openstack_networking_secgroup_v2",
      "name": "lb_sg",
      "provider": "provider[\"registry.terraform.io/terraform-provider-openstack/openstack\"]",
      "instances": [
        {
          "schema_version": 0,
          "attributes": {
            "all_tags": [],
            "delete_default_rules": null,
            "description": "Permette traffico HTTP/HTTPS dal mondo esterno verso il Load Balancer",
            "id": "36a1f034-d99f-415b-82bd-11981da60a19",
            "name": "lb-security-group",
            "region": "RegionOne",
            "tags": [],
            "tenant_id": "844d6c51d64241f48dc8c1e926915767",
            "timeouts": null
          },
          "sensitive_attributes": [],
          "identity_schema_version": 0,
          "private": "eyJlMmJmYjczMC1lY2FhLTExZTYtOGY4OC0zNDM2M2JjN2M0YzAiOnsiZGVsZXRlIjo2MDAwMDAwMDAwMDB9fQ=="
        }
      ]
    },
    {
      "mode": "managed",
      "type": "openstack_networking_subnet_v2",
      "name": "private_subnet",
      "provider": "provider[\"registry.terraform.io/terraform-provider-openstack/openstack\"]",
      "instances": [
        {
          "schema_version": 0,
          "attributes": {
            "all_tags": [],
            "allocation_pool": [
              {
                "end": "10.0.1.254",
                "start": "10.0.1.2"
              }
            ],
            "allocation_pools": [
              {
                "end": "10.0.1.254",
                "start": "10.0.1.2"
              }
            ],
            "cidr": "10.0.1.0/24",
            "description": "",
            "dns_nameservers": [
              "8.8.8.8",
              "8.8.4.4"
            ],
            "enable_dhcp": true,
            "gateway_ip": "10.0.1.1",
            "host_routes": [],
            "id": "e80b9aa5-3ffc-433e-9ac4-f65df096a771",
            "ip_version": 4,
            "ipv6_address_mode": "",
            "ipv6_ra_mode": "",
            "name": "myapp-private-subnet",
            "network_id": "26b5a170-6cfe-46de-a749-b87f25c552bb",
            "no_gateway": false,
            "prefix_length": null,
            "region": "RegionOne",
            "service_types": [],
            "subnetpool_id": "",
            "tags": [],
            "tenant_id": "844d6c51d64241f48dc8c1e926915767",
            "timeouts": null,
            "value_specs": null
          },
          "sensitive_attributes": [],
          "identity_schema_version": 0,
          "private": "eyJlMmJmYjczMC1lY2FhLTExZTYtOGY4OC0zNDM2M2JjN2M0YzAiOnsiY3JlYXRlIjo2MDAwMDAwMDAwMDAsImRlbGV0ZSI6NjAwMDAwMDAwMDAwfX0=",
          "dependencies": [
            "openstack_networking_network_v2.private_net"
          ]
        }
      ]
    }
  ],
  "check_results": null
}
