{
  "version": 4,
  "terraform_version": "1.14.5",
  "serial": 201,
  "lineage": "00b81bb1-b045-db2a-67e8-6447a5dcdecb",
  "outputs": {
    "app_internal_ips": {
      "value": [
        "10.20.0.220",
        "10.20.0.114"
      ],
      "type": [
        "tuple",
        [
          "string",
          "string"
        ]
      ]
    },
    "auth_internal_ip": {
      "value": "10.20.0.218",
      "type": "string"
    },
    "db_internal_ip": {
      "value": "10.20.0.46",
      "type": "string"
    },
    "gateway_public_ip": {
      "value": "172.24.4.185",
      "type": "string"
    },
    "private_key": {
      "value": "-----BEGIN RSA PRIVATE KEY-----\nMIIEowIBAAKCAQEA3q7yBadYvKOIfgfwLHidQrHKdqWiyhB6tNeF0rQmLrm7TvlZ\n00RoAqZDpTVKuT4RUF2BbJzCS+CPESbZm4xrI8LYGmb35vpMbeGfkFvG6nwMg/h6\n2eQ9srQhMjibUA9vAn0anhuSu18781YVuwJHUegX88D7hCzN1xtaIgSjdlJVe1MQ\n2ectUV5w3fSU3BZENNy/UbBcVjtbCTCyf17dZ7xLZ96WA3AOw2kGbHsJZuFQmHK2\nZK2fu/cCgihoQZgOqJ5HSDg4bFjb+Mmsw+P88p0R5UGZ9BvCeH0w3GPmPB0fKaoe\nnoSQCiLztsEJy6Lev2uuYQs6hROXuN2FWD0DBQIDAQABAoIBAAUhB28M5zTVGXA5\ns5T6pDikirLH5uN7lK/0pN7xCk4aNg/AG4sLsM+az8UO4K06mkB9Ht2HEMyZnAH7\noJh+F/unYb3d8EjQLBF92GSFUKQW/lzNzNqW8LrcfkU/W4hxCpAGnKXWob8SFvno\nWjDIASeIToDtSX3GYGlbdmyBKdiwSsUalUusASsTrqrfmjbum9rJ8iseDOvU7kOx\n8Hn5zijwyMfFTx3DyD1rIZgjLWAZdyxfyixC3V91qDKI+cvgTm7y62lzWI11Gw6k\nfDSck3TevlJM7bCNTC+GjVjzsfuD2S817oNGWnHcLe2XOQtDZgS8zFP6raHAS4XL\n9izAddECgYEA/si+g1zVHLRt2ffYOZ2v0G6IVvqvnGTrLoyz6e/Pwi0C+ZkyAugJ\nDNbhmgaU+Gj6TIcQMjC0u7u7en4CwHUZzDGbCoo4GLvBbPyELcuGNFmGM84F48rv\nmK79HgP7qmCqAFCwHqvXixmzWhZ/K2RZ3jyyAaha46DR1vUIkctYfp0CgYEA3778\nRo47uhtle2pY4tPBpPlTe2iExWO6ffRFIMNoE7nCGdUafWL8133kRfCUUhGEb7Ob\nPLYLGV4Y0rBsfSvfIRi+fbfZ9wVcaa+bwnOcxpJw+TfWYbUA9i0YeV0FdQ8ei3Yr\nUDcLXD5CA//hxY99BOWg/ORF5rfWA+h3bQb59YkCgYEA9ykWZ6iutGH0Dvb3syzd\nWX1glcAqi7T60PV9svsIuH2h3TBX66nc3a+2uwyXh0OPTJ3ZgFbvfQ7pGDMVyE3Q\n8N1OYjMjqBq70VZFg4dkcXRHVAoQfKJpO9zFf1Ct2uJbCGM99wMM3cvYyRP52cZH\nx+dpZ2JCiX+BEN4zqftxpaECgYBGzOaDZQqdT4IDVZme3ScPjx3NlTs+QtqGdL9T\nKMJMS6GSDw780k/z2JBdWU110rk3p3vd8DT+5/mu4cjSqwlGLdBJc93y/q1JfBor\no+3eIATDt9mMvXv6ajauYLMTYZ9mvhPipChiHglBvrywiUEkRY11uL4tzcpZHjx8\nMZLzEQKBgBTCB4PQ0BYzZjhwGSCdoohg6qbsKpKbR6uRvH9iGT2sl5n87shIqk7m\nvuEQ4HDsPp6Sojp1jfwkWSKhDDx99Z2eDCdj6H09Y+8vFORSjMzzBhGcMPgewvdp\nfN0fe9HE8Laxvysa1M1xgGJYRDgqbl1rOp0AdmtieP8TAzy56t7M\n-----END RSA PRIVATE KEY-----\n",
      "type": "string",
      "sensitive": true
    }
  },
  "resources": [
    {
      "mode": "data",
      "type": "openstack_networking_network_v2",
      "name": "public",
      "provider": "provider[\"registry.terraform.io/terraform-provider-openstack/openstack\"]",
      "instances": [
        {
          "schema_version": 0,
          "attributes": {
            "admin_state_up": "true",
            "all_tags": [],
            "availability_zone_hints": [],
            "description": "",
            "dns_domain": "",
            "external": true,
            "id": "bdd2857d-a63a-422c-893b-87d596d4a9fc",
            "matching_subnet_cidr": null,
            "mtu": 1500,
            "name": "public",
            "network_id": null,
            "region": "RegionOne",
            "segments": [
              {
                "network_type": "flat",
                "physical_network": "public",
                "segmentation_id": 0
              }
            ],
            "shared": "false",
            "status": null,
            "subnets": [
              "2810dced-7874-4c57-a14b-4149c0c8f5a3",
              "ed8436f4-ad53-4da3-ad25-3a95153f2764"
            ],
            "tags": null,
            "tenant_id": "844d6c51d64241f48dc8c1e926915767",
            "transparent_vlan": false
          },
          "sensitive_attributes": [],
          "identity_schema_version": 0
        }
      ]
    },
    {
      "mode": "managed",
      "type": "local_file",
      "name": "openstack_env",
      "provider": "provider[\"registry.terraform.io/hashicorp/local\"]",
      "instances": [
        {
          "schema_version": 0,
          "attributes": {
            "content": "# Generated by Terraform for OpenStack\n\n# --- PUBLIC ACCESS ---\nPUBLIC_API_GATEWAY_ENDPOINT=http://172.24.4.185/api\nPUBLIC_AUTH_ENDPOINT=http://172.24.4.185/auth\nPUBLIC_FRONTEND_URL=http://172.24.4.185\n\n# --- INTERNAL CONFIG ---\nDB_HOST=10.20.0.46\nDB_PORT=5432\nDB_USER=dbadmin\nDB_PASS=test\nDB_NAME=myappdb\n\nAUTH_HOST=10.20.0.218\nAUTH_PORT=8080\n\n# --- STORAGE ---\n# Assuming standard Swift port and tenant\nSWIFT_AUTH_URL=http://controller:5000/v3\n# Media hosted locally on Gateway\nMEDIA_URL=http://172.24.4.185/media\n",
            "content_base64": null,
            "content_base64sha256": "x2pba8XEwX5kzNOst1QL1ZFUZ21z2lTDjNDY1QGzVP0=",
            "content_base64sha512": "d0CUAqGThldXZ+TL55zGIB4Sv7GBnjKGMpO32f6hgZBC6/8/2syoSkQZnSUD6pJLG4S6aEQBGHsJWcNBX1KElQ==",
            "content_md5": "cf386cea0b51ce92da7c1b8e15fe5806",
            "content_sha1": "e617cd18b7a885212f986046368ba8398a427d15",
            "content_sha256": "c76a5b6bc5c4c17e64ccd3acb7540bd59154676d73da54c38cd0d8d501b354fd",
            "content_sha512": "77409402a19386575767e4cbe79cc6201e12bfb1819e32863293b7d9fea1819042ebff3fdacca84a44199d2503ea924b1b84ba684401187b0959c3415f528495",
            "directory_permission": "0777",
            "file_permission": "0777",
            "filename": "./openstack.env",
            "id": "e617cd18b7a885212f986046368ba8398a427d15",
            "sensitive_content": null,
            "source": null
          },
          "sensitive_attributes": [
            [
              {
                "type": "get_attr",
                "value": "content"
              }
            ],
            [
              {
                "type": "get_attr",
                "value": "sensitive_content"
              }
            ]
          ],
          "identity_schema_version": 0,
          "dependencies": [
            "openstack_compute_flavor_v2.hotel_optimized",
            "openstack_compute_instance_v2.auth_node",
            "openstack_compute_instance_v2.db_node",
            "openstack_networking_floatingip_v2.gateway_fip",
            "openstack_networking_network_v2.hotel_net",
            "openstack_networking_secgroup_v2.sg_internal",
            "openstack_networking_secgroup_v2.sg_ssh"
          ]
        }
      ]
    },
    {
      "mode": "managed",
      "type": "local_file",
      "name": "private_key",
      "provider": "provider[\"registry.terraform.io/hashicorp/local\"]",
      "instances": [
        {
          "schema_version": 0,
          "attributes": {
            "content": "-----BEGIN RSA PRIVATE KEY-----\nMIIEowIBAAKCAQEA3q7yBadYvKOIfgfwLHidQrHKdqWiyhB6tNeF0rQmLrm7TvlZ\n00RoAqZDpTVKuT4RUF2BbJzCS+CPESbZm4xrI8LYGmb35vpMbeGfkFvG6nwMg/h6\n2eQ9srQhMjibUA9vAn0anhuSu18781YVuwJHUegX88D7hCzN1xtaIgSjdlJVe1MQ\n2ectUV5w3fSU3BZENNy/UbBcVjtbCTCyf17dZ7xLZ96WA3AOw2kGbHsJZuFQmHK2\nZK2fu/cCgihoQZgOqJ5HSDg4bFjb+Mmsw+P88p0R5UGZ9BvCeH0w3GPmPB0fKaoe\nnoSQCiLztsEJy6Lev2uuYQs6hROXuN2FWD0DBQIDAQABAoIBAAUhB28M5zTVGXA5\ns5T6pDikirLH5uN7lK/0pN7xCk4aNg/AG4sLsM+az8UO4K06mkB9Ht2HEMyZnAH7\noJh+F/unYb3d8EjQLBF92GSFUKQW/lzNzNqW8LrcfkU/W4hxCpAGnKXWob8SFvno\nWjDIASeIToDtSX3GYGlbdmyBKdiwSsUalUusASsTrqrfmjbum9rJ8iseDOvU7kOx\n8Hn5zijwyMfFTx3DyD1rIZgjLWAZdyxfyixC3V91qDKI+cvgTm7y62lzWI11Gw6k\nfDSck3TevlJM7bCNTC+GjVjzsfuD2S817oNGWnHcLe2XOQtDZgS8zFP6raHAS4XL\n9izAddECgYEA/si+g1zVHLRt2ffYOZ2v0G6IVvqvnGTrLoyz6e/Pwi0C+ZkyAugJ\nDNbhmgaU+Gj6TIcQMjC0u7u7en4CwHUZzDGbCoo4GLvBbPyELcuGNFmGM84F48rv\nmK79HgP7qmCqAFCwHqvXixmzWhZ/K2RZ3jyyAaha46DR1vUIkctYfp0CgYEA3778\nRo47uhtle2pY4tPBpPlTe2iExWO6ffRFIMNoE7nCGdUafWL8133kRfCUUhGEb7Ob\nPLYLGV4Y0rBsfSvfIRi+fbfZ9wVcaa+bwnOcxpJw+TfWYbUA9i0YeV0FdQ8ei3Yr\nUDcLXD5CA//hxY99BOWg/ORF5rfWA+h3bQb59YkCgYEA9ykWZ6iutGH0Dvb3syzd\nWX1glcAqi7T60PV9svsIuH2h3TBX66nc3a+2uwyXh0OPTJ3ZgFbvfQ7pGDMVyE3Q\n8N1OYjMjqBq70VZFg4dkcXRHVAoQfKJpO9zFf1Ct2uJbCGM99wMM3cvYyRP52cZH\nx+dpZ2JCiX+BEN4zqftxpaECgYBGzOaDZQqdT4IDVZme3ScPjx3NlTs+QtqGdL9T\nKMJMS6GSDw780k/z2JBdWU110rk3p3vd8DT+5/mu4cjSqwlGLdBJc93y/q1JfBor\no+3eIATDt9mMvXv6ajauYLMTYZ9mvhPipChiHglBvrywiUEkRY11uL4tzcpZHjx8\nMZLzEQKBgBTCB4PQ0BYzZjhwGSCdoohg6qbsKpKbR6uRvH9iGT2sl5n87shIqk7m\nvuEQ4HDsPp6Sojp1jfwkWSKhDDx99Z2eDCdj6H09Y+8vFORSjMzzBhGcMPgewvdp\nfN0fe9HE8Laxvysa1M1xgGJYRDgqbl1rOp0AdmtieP8TAzy56t7M\n-----END RSA PRIVATE KEY-----\n",
            "content_base64": null,
            "content_base64sha256": "yNZSgf5YFmp9573StkGSQiIVRBBiFZLYi4k0/JXGrXI=",
            "content_base64sha512": "KAw3GTb7d/YonO9pQRpmdZrhQXcjaHkLraZvlTLRj33ZnYfbFVevc25fJDuJK8B1KFEzgtBXdr67XFryBtGlRA==",
            "content_md5": "61e39c4060b19b56e6c23db3aa7ecf1e",
            "content_sha1": "83d07e61ad332122cab9ff8b12fa93f2ad7e3790",
            "content_sha256": "c8d65281fe58166a7de7bdd2b641924222154410621592d88b8934fc95c6ad72",
            "content_sha512": "280c371936fb77f6289cef69411a66759ae141772368790bada66f9532d18f7dd99d87db1557af736e5f243b892bc07528513382d05776bebb5c5af206d1a544",
            "directory_permission": "0777",
            "file_permission": "0600",
            "filename": "./hotel-key.pem",
            "id": "83d07e61ad332122cab9ff8b12fa93f2ad7e3790",
            "sensitive_content": null,
            "source": null
          },
          "sensitive_attributes": [
            [
              {
                "type": "get_attr",
                "value": "content"
              }
            ],
            [
              {
                "type": "get_attr",
                "value": "sensitive_content"
              }
            ]
          ],
          "identity_schema_version": 0,
          "dependencies": [
            "openstack_compute_keypair_v2.hotel_key"
          ]
        }
      ]
    },
    {
      "mode": "managed",
      "type": "openstack_compute_flavor_v2",
      "name": "hotel_optimized",
      "provider": "provider[\"registry.terraform.io/terraform-provider-openstack/openstack\"]",
      "instances": [
        {
          "schema_version": 0,
          "attributes": {
            "description": "",
            "disk": 10,
            "ephemeral": 0,
            "extra_specs": {},
            "flavor_id": "1891c5bc-839c-4c26-8253-539ab3c4f00f",
            "id": "1891c5bc-839c-4c26-8253-539ab3c4f00f",
            "is_public": true,
            "name": "hotel.optimized",
            "ram": 1024,
            "region": "RegionOne",
            "rx_tx_factor": 1,
            "swap": 0,
            "vcpus": 1
          },
          "sensitive_attributes": [],
          "identity_schema_version": 0,
          "private": "bnVsbA=="
        }
      ]
    },
    {
      "mode": "managed",
      "type": "openstack_compute_floatingip_associate_v2",
      "name": "gateway_fip_assoc",
      "provider": "provider[\"registry.terraform.io/terraform-provider-openstack/openstack\"]",
      "instances": [
        {
          "schema_version": 0,
          "attributes": {
            "fixed_ip": "",
            "floating_ip": "172.24.4.185",
            "id": "172.24.4.185/fcd2ffb6-fe24-48c7-9121-3375b2621910/",
            "instance_id": "fcd2ffb6-fe24-48c7-9121-3375b2621910",
            "region": "RegionOne",
            "timeouts": null,
            "wait_until_associated": null
          },
          "sensitive_attributes": [],
          "identity_schema_version": 0,
          "private": "eyJlMmJmYjczMC1lY2FhLTExZTYtOGY4OC0zNDM2M2JjN2M0YzAiOnsiY3JlYXRlIjo2MDAwMDAwMDAwMDB9fQ==",
          "dependencies": [
            "openstack_compute_flavor_v2.hotel_optimized",
            "openstack_compute_instance_v2.app_node",
            "openstack_compute_instance_v2.auth_node",
            "openstack_compute_instance_v2.db_node",
            "openstack_compute_instance_v2.gateway_node",
            "openstack_networking_floatingip_v2.gateway_fip",
            "openstack_networking_network_v2.hotel_net",
            "openstack_networking_secgroup_v2.sg_internal",
            "openstack_networking_secgroup_v2.sg_ssh",
            "openstack_networking_secgroup_v2.sg_web"
          ]
        }
      ]
    },
    {
      "mode": "managed",
      "type": "openstack_compute_instance_v2",
      "name": "app_node",
      "provider": "provider[\"registry.terraform.io/terraform-provider-openstack/openstack\"]",
      "instances": [
        {
          "index_key": 0,
          "schema_version": 0,
          "attributes": {
            "access_ip_v4": "10.20.0.220",
            "access_ip_v6": "",
            "admin_pass": null,
            "all_metadata": {},
            "all_tags": [],
            "availability_zone": "nova",
            "availability_zone_hints": null,
            "block_device": [],
            "config_drive": true,
            "created": "2026-02-18 13:14:34 +0000 UTC",
            "flavor_id": "1891c5bc-839c-4c26-8253-539ab3c4f00f",
            "flavor_name": "hotel.optimized",
            "floating_ip": null,
            "force_delete": false,
            "id": "8bc47cf0-9e42-4952-abdb-22ae267604f6",
            "image_id": "6a3cbb5b-e485-4229-8124-0905ccdf4aa7",
            "image_name": "ubuntu-22.04",
            "key_pair": "hotel-key",
            "metadata": null,
            "name": "app-node-1",
            "network": [
              {
                "access_network": false,
                "fixed_ip_v4": "10.20.0.220",
                "fixed_ip_v6": "",
                "floating_ip": "",
                "mac": "fa:16:3e:a2:23:51",
                "name": "hotel-net",
                "port": "",
                "uuid": "ec32ac64-be08-4653-851e-6185fecae7b7"
              }
            ],
            "network_mode": null,
            "personality": [],
            "power_state": "active",
            "region": "RegionOne",
            "scheduler_hints": [],
            "security_groups": [
              "sg_internal",
              "sg_ssh"
            ],
            "stop_before_destroy": false,
            "tags": null,
            "timeouts": null,
            "updated": "2026-02-18 13:14:51 +0000 UTC",
            "user_data": "5f4721ee9838d7c2435e417e8f834a00bc8c4a45",
            "vendor_options": [],
            "volume": []
          },
          "sensitive_attributes": [
            [
              {
                "type": "get_attr",
                "value": "admin_pass"
              }
            ],
            [
              {
                "type": "get_attr",
                "value": "user_data"
              }
            ]
          ],
          "identity_schema_version": 0,
          "private": "eyJlMmJmYjczMC1lY2FhLTExZTYtOGY4OC0zNDM2M2JjN2M0YzAiOnsiY3JlYXRlIjoxODAwMDAwMDAwMDAwLCJkZWxldGUiOjE4MDAwMDAwMDAwMDAsInVwZGF0ZSI6MTgwMDAwMDAwMDAwMH19",
          "dependencies": [
            "openstack_compute_flavor_v2.hotel_optimized",
            "openstack_compute_instance_v2.db_node",
            "openstack_networking_network_v2.hotel_net",
            "openstack_networking_secgroup_v2.sg_internal",
            "openstack_networking_secgroup_v2.sg_ssh"
          ]
        },
        {
          "index_key": 1,
          "schema_version": 0,
          "attributes": {
            "access_ip_v4": "10.20.0.114",
            "access_ip_v6": "",
            "admin_pass": null,
            "all_metadata": {},
            "all_tags": [],
            "availability_zone": "nova",
            "availability_zone_hints": null,
            "block_device": [],
            "config_drive": true,
            "created": "2026-02-18 13:14:34 +0000 UTC",
            "flavor_id": "1891c5bc-839c-4c26-8253-539ab3c4f00f",
            "flavor_name": "hotel.optimized",
            "floating_ip": null,
            "force_delete": false,
            "id": "f8b62636-5951-454e-8ea2-a8a1c04323ed",
            "image_id": "6a3cbb5b-e485-4229-8124-0905ccdf4aa7",
            "image_name": "ubuntu-22.04",
            "key_pair": "hotel-key",
            "metadata": null,
            "name": "app-node-2",
            "network": [
              {
                "access_network": false,
                "fixed_ip_v4": "10.20.0.114",
                "fixed_ip_v6": "",
                "floating_ip": "",
                "mac": "fa:16:3e:70:ba:38",
                "name": "hotel-net",
                "port": "",
                "uuid": "ec32ac64-be08-4653-851e-6185fecae7b7"
              }
            ],
            "network_mode": null,
            "personality": [],
            "power_state": "active",
            "region": "RegionOne",
            "scheduler_hints": [],
            "security_groups": [
              "sg_internal",
              "sg_ssh"
            ],
            "stop_before_destroy": false,
            "tags": null,
            "timeouts": null,
            "updated": "2026-02-18 13:14:49 +0000 UTC",
            "user_data": "5f4721ee9838d7c2435e417e8f834a00bc8c4a45",
            "vendor_options": [],
            "volume": []
          },
          "sensitive_attributes": [
            [
              {
                "type": "get_attr",
                "value": "admin_pass"
              }
            ],
            [
              {
                "type": "get_attr",
                "value": "user_data"
              }
            ]
          ],
          "identity_schema_version": 0,
          "private": "eyJlMmJmYjczMC1lY2FhLTExZTYtOGY4OC0zNDM2M2JjN2M0YzAiOnsiY3JlYXRlIjoxODAwMDAwMDAwMDAwLCJkZWxldGUiOjE4MDAwMDAwMDAwMDAsInVwZGF0ZSI6MTgwMDAwMDAwMDAwMH19",
          "dependencies": [
            "openstack_compute_flavor_v2.hotel_optimized",
            "openstack_compute_instance_v2.db_node",
            "openstack_networking_network_v2.hotel_net",
            "openstack_networking_secgroup_v2.sg_internal",
            "openstack_networking_secgroup_v2.sg_ssh"
          ]
        }
      ]
    },
    {
      "mode": "managed",
      "type": "openstack_compute_instance_v2",
      "name": "auth_node",
      "provider": "provider[\"registry.terraform.io/terraform-provider-openstack/openstack\"]",
      "instances": [
        {
          "schema_version": 0,
          "attributes": {
            "access_ip_v4": "10.20.0.218",
            "access_ip_v6": "",
            "admin_pass": null,
            "all_metadata": {},
            "all_tags": [],
            "availability_zone": "nova",
            "availability_zone_hints": null,
            "block_device": [],
            "config_drive": true,
            "created": "2026-02-18 13:14:13 +0000 UTC",
            "flavor_id": "1891c5bc-839c-4c26-8253-539ab3c4f00f",
            "flavor_name": "hotel.optimized",
            "floating_ip": null,
            "force_delete": false,
            "id": "949135f2-b8b6-4b2d-92b7-cd8ec943d4e3",
            "image_id": "6a3cbb5b-e485-4229-8124-0905ccdf4aa7",
            "image_name": "ubuntu-22.04",
            "key_pair": "hotel-key",
            "metadata": null,
            "name": "auth-node",
            "network": [
              {
                "access_network": false,
                "fixed_ip_v4": "10.20.0.218",
                "fixed_ip_v6": "",
                "floating_ip": "",
                "mac": "fa:16:3e:79:7c:55",
                "name": "hotel-net",
                "port": "",
                "uuid": "ec32ac64-be08-4653-851e-6185fecae7b7"
              }
            ],
            "network_mode": null,
            "personality": [],
            "power_state": "active",
            "region": "RegionOne",
            "scheduler_hints": [],
            "security_groups": [
              "sg_internal",
              "sg_ssh"
            ],
            "stop_before_destroy": false,
            "tags": null,
            "timeouts": null,
            "updated": "2026-02-18 13:14:29 +0000 UTC",
            "user_data": "204abb7161b55a8c765728363f94708a1cf452c9",
            "vendor_options": [],
            "volume": []
          },
          "sensitive_attributes": [
            [
              {
                "type": "get_attr",
                "value": "admin_pass"
              }
            ]
          ],
          "identity_schema_version": 0,
          "private": "eyJlMmJmYjczMC1lY2FhLTExZTYtOGY4OC0zNDM2M2JjN2M0YzAiOnsiY3JlYXRlIjoxODAwMDAwMDAwMDAwLCJkZWxldGUiOjE4MDAwMDAwMDAwMDAsInVwZGF0ZSI6MTgwMDAwMDAwMDAwMH19",
          "dependencies": [
            "openstack_compute_flavor_v2.hotel_optimized",
            "openstack_networking_network_v2.hotel_net",
            "openstack_networking_secgroup_v2.sg_internal",
            "openstack_networking_secgroup_v2.sg_ssh"
          ]
        }
      ]
    },
    {
      "mode": "managed",
      "type": "openstack_compute_instance_v2",
      "name": "db_node",
      "provider": "provider[\"registry.terraform.io/terraform-provider-openstack/openstack\"]",
      "instances": [
        {
          "schema_version": 0,
          "attributes": {
            "access_ip_v4": "10.20.0.46",
            "access_ip_v6": "",
            "admin_pass": null,
            "all_metadata": {},
            "all_tags": [],
            "availability_zone": "nova",
            "availability_zone_hints": null,
            "block_device": [],
            "config_drive": true,
            "created": "2026-02-18 13:14:13 +0000 UTC",
            "flavor_id": "1891c5bc-839c-4c26-8253-539ab3c4f00f",
            "flavor_name": "hotel.optimized",
            "floating_ip": null,
            "force_delete": false,
            "id": "80a0be14-013b-45d5-8820-68871e794a0a",
            "image_id": "6a3cbb5b-e485-4229-8124-0905ccdf4aa7",
            "image_name": "ubuntu-22.04",
            "key_pair": "hotel-key",
            "metadata": null,
            "name": "db-node",
            "network": [
              {
                "access_network": false,
                "fixed_ip_v4": "10.20.0.46",
                "fixed_ip_v6": "",
                "floating_ip": "",
                "mac": "fa:16:3e:ec:27:f8",
                "name": "hotel-net",
                "port": "",
                "uuid": "ec32ac64-be08-4653-851e-6185fecae7b7"
              }
            ],
            "network_mode": null,
            "personality": [],
            "power_state": "active",
            "region": "RegionOne",
            "scheduler_hints": [],
            "security_groups": [
              "sg_internal",
              "sg_ssh"
            ],
            "stop_before_destroy": false,
            "tags": null,
            "timeouts": null,
            "updated": "2026-02-18 13:14:29 +0000 UTC",
            "user_data": "6cef6adebd918f3aeadb6621e86f12875dd756a2",
            "vendor_options": [],
            "volume": []
          },
          "sensitive_attributes": [
            [
              {
                "type": "get_attr",
                "value": "admin_pass"
              }
            ],
            [
              {
                "type": "get_attr",
                "value": "user_data"
              }
            ]
          ],
          "identity_schema_version": 0,
          "private": "eyJlMmJmYjczMC1lY2FhLTExZTYtOGY4OC0zNDM2M2JjN2M0YzAiOnsiY3JlYXRlIjoxODAwMDAwMDAwMDAwLCJkZWxldGUiOjE4MDAwMDAwMDAwMDAsInVwZGF0ZSI6MTgwMDAwMDAwMDAwMH19",
          "dependencies": [
            "openstack_compute_flavor_v2.hotel_optimized",
            "openstack_networking_network_v2.hotel_net",
            "openstack_networking_secgroup_v2.sg_internal",
            "openstack_networking_secgroup_v2.sg_ssh"
          ]
        }
      ]
    },
    {
      "mode": "managed",
      "type": "openstack_compute_instance_v2",
      "name": "gateway_node",
      "provider": "provider[\"registry.terraform.io/terraform-provider-openstack/openstack\"]",
      "instances": [
        {
          "schema_version": 0,
          "attributes": {
            "access_ip_v4": "10.20.0.108",
            "access_ip_v6": "",
            "admin_pass": null,
            "all_metadata": {},
            "all_tags": [],
            "availability_zone": "nova",
            "availability_zone_hints": null,
            "block_device": [],
            "config_drive": true,
            "created": "2026-02-18 13:14:55 +0000 UTC",
            "flavor_id": "1891c5bc-839c-4c26-8253-539ab3c4f00f",
            "flavor_name": "hotel.optimized",
            "floating_ip": null,
            "force_delete": false,
            "id": "fcd2ffb6-fe24-48c7-9121-3375b2621910",
            "image_id": "6a3cbb5b-e485-4229-8124-0905ccdf4aa7",
            "image_name": "ubuntu-22.04",
            "key_pair": "hotel-key",
            "metadata": null,
            "name": "gateway-node",
            "network": [
              {
                "access_network": false,
                "fixed_ip_v4": "10.20.0.108",
                "fixed_ip_v6": "",
                "floating_ip": "",
                "mac": "fa:16:3e:67:27:df",
                "name": "hotel-net",
                "port": "",
                "uuid": "ec32ac64-be08-4653-851e-6185fecae7b7"
              }
            ],
            "network_mode": null,
            "personality": [],
            "power_state": "active",
            "region": "RegionOne",
            "scheduler_hints": [],
            "security_groups": [
              "sg_internal",
              "sg_ssh",
              "sg_web"
            ],
            "stop_before_destroy": false,
            "tags": null,
            "timeouts": null,
            "updated": "2026-02-18 13:15:10 +0000 UTC",
            "user_data": "ff8c3d4dabda2368b3699fb2000d9d37f82caad6",
            "vendor_options": [],
            "volume": []
          },
          "sensitive_attributes": [
            [
              {
                "type": "get_attr",
                "value": "admin_pass"
              }
            ]
          ],
          "identity_schema_version": 0,
          "private": "eyJlMmJmYjczMC1lY2FhLTExZTYtOGY4OC0zNDM2M2JjN2M0YzAiOnsiY3JlYXRlIjoxODAwMDAwMDAwMDAwLCJkZWxldGUiOjE4MDAwMDAwMDAwMDAsInVwZGF0ZSI6MTgwMDAwMDAwMDAwMH19",
          "dependencies": [
            "openstack_compute_flavor_v2.hotel_optimized",
            "openstack_compute_instance_v2.app_node",
            "openstack_compute_instance_v2.auth_node",
            "openstack_compute_instance_v2.db_node",
            "openstack_networking_network_v2.hotel_net",
            "openstack_networking_secgroup_v2.sg_internal",
            "openstack_networking_secgroup_v2.sg_ssh",
            "openstack_networking_secgroup_v2.sg_web"
          ]
        }
      ]
    },
    {
      "mode": "managed",
      "type": "openstack_compute_keypair_v2",
      "name": "hotel_key",
      "provider": "provider[\"registry.terraform.io/terraform-provider-openstack/openstack\"]",
      "instances": [
        {
          "schema_version": 0,
          "attributes": {
            "fingerprint": "80:91:86:85:ab:83:4c:bf:59:87:a0:38:dc:f2:46:de",
            "id": "hotel-key",
            "name": "hotel-key",
            "private_key": "-----BEGIN RSA PRIVATE KEY-----\nMIIEowIBAAKCAQEA3q7yBadYvKOIfgfwLHidQrHKdqWiyhB6tNeF0rQmLrm7TvlZ\n00RoAqZDpTVKuT4RUF2BbJzCS+CPESbZm4xrI8LYGmb35vpMbeGfkFvG6nwMg/h6\n2eQ9srQhMjibUA9vAn0anhuSu18781YVuwJHUegX88D7hCzN1xtaIgSjdlJVe1MQ\n2ectUV5w3fSU3BZENNy/UbBcVjtbCTCyf17dZ7xLZ96WA3AOw2kGbHsJZuFQmHK2\nZK2fu/cCgihoQZgOqJ5HSDg4bFjb+Mmsw+P88p0R5UGZ9BvCeH0w3GPmPB0fKaoe\nnoSQCiLztsEJy6Lev2uuYQs6hROXuN2FWD0DBQIDAQABAoIBAAUhB28M5zTVGXA5\ns5T6pDikirLH5uN7lK/0pN7xCk4aNg/AG4sLsM+az8UO4K06mkB9Ht2HEMyZnAH7\noJh+F/unYb3d8EjQLBF92GSFUKQW/lzNzNqW8LrcfkU/W4hxCpAGnKXWob8SFvno\nWjDIASeIToDtSX3GYGlbdmyBKdiwSsUalUusASsTrqrfmjbum9rJ8iseDOvU7kOx\n8Hn5zijwyMfFTx3DyD1rIZgjLWAZdyxfyixC3V91qDKI+cvgTm7y62lzWI11Gw6k\nfDSck3TevlJM7bCNTC+GjVjzsfuD2S817oNGWnHcLe2XOQtDZgS8zFP6raHAS4XL\n9izAddECgYEA/si+g1zVHLRt2ffYOZ2v0G6IVvqvnGTrLoyz6e/Pwi0C+ZkyAugJ\nDNbhmgaU+Gj6TIcQMjC0u7u7en4CwHUZzDGbCoo4GLvBbPyELcuGNFmGM84F48rv\nmK79HgP7qmCqAFCwHqvXixmzWhZ/K2RZ3jyyAaha46DR1vUIkctYfp0CgYEA3778\nRo47uhtle2pY4tPBpPlTe2iExWO6ffRFIMNoE7nCGdUafWL8133kRfCUUhGEb7Ob\nPLYLGV4Y0rBsfSvfIRi+fbfZ9wVcaa+bwnOcxpJw+TfWYbUA9i0YeV0FdQ8ei3Yr\nUDcLXD5CA//hxY99BOWg/ORF5rfWA+h3bQb59YkCgYEA9ykWZ6iutGH0Dvb3syzd\nWX1glcAqi7T60PV9svsIuH2h3TBX66nc3a+2uwyXh0OPTJ3ZgFbvfQ7pGDMVyE3Q\n8N1OYjMjqBq70VZFg4dkcXRHVAoQfKJpO9zFf1Ct2uJbCGM99wMM3cvYyRP52cZH\nx+dpZ2JCiX+BEN4zqftxpaECgYBGzOaDZQqdT4IDVZme3ScPjx3NlTs+QtqGdL9T\nKMJMS6GSDw780k/z2JBdWU110rk3p3vd8DT+5/mu4cjSqwlGLdBJc93y/q1JfBor\no+3eIATDt9mMvXv6ajauYLMTYZ9mvhPipChiHglBvrywiUEkRY11uL4tzcpZHjx8\nMZLzEQKBgBTCB4PQ0BYzZjhwGSCdoohg6qbsKpKbR6uRvH9iGT2sl5n87shIqk7m\nvuEQ4HDsPp6Sojp1jfwkWSKhDDx99Z2eDCdj6H09Y+8vFORSjMzzBhGcMPgewvdp\nfN0fe9HE8Laxvysa1M1xgGJYRDgqbl1rOp0AdmtieP8TAzy56t7M\n-----END RSA PRIVATE KEY-----\n",
            "public_key": "ssh-rsa AAAAB3NzaC1yc2EAAAADAQABAAABAQDervIFp1i8o4h+B/AseJ1Cscp2paLKEHq014XStCYuubtO+VnTRGgCpkOlNUq5PhFQXYFsnMJL4I8RJtmbjGsjwtgaZvfm+kxt4Z+QW8bqfAyD+HrZ5D2ytCEyOJtQD28CfRqeG5K7XzvzVhW7AkdR6BfzwPuELM3XG1oiBKN2UlV7UxDZ5y1RXnDd9JTcFkQ03L9RsFxWO1sJMLJ/Xt1nvEtn3pYDcA7DaQZsewlm4VCYcrZkrZ+79wKCKGhBmA6onkdIODhsWNv4yazD4/zynRHlQZn0G8J4fTDcY+Y8HR8pqh6ehJAKIvO2wQnLot6/a65hCzqFE5e43YVYPQMF Generated-by-Nova",
            "region": "RegionOne",
            "user_id": "",
            "value_specs": null
          },
          "sensitive_attributes": [
            [
              {
                "type": "get_attr",
                "value": "private_key"
              }
            ]
          ],
          "identity_schema_version": 0,
          "private": "bnVsbA=="
        }
      ]
    },
    {
      "mode": "managed",
      "type": "openstack_networking_floatingip_v2",
      "name": "gateway_fip",
      "provider": "provider[\"registry.terraform.io/terraform-provider-openstack/openstack\"]",
      "instances": [
        {
          "schema_version": 0,
          "attributes": {
            "address": "172.24.4.185",
            "all_tags": [],
            "description": "",
            "dns_domain": "",
            "dns_name": "",
            "fixed_ip": "",
            "id": "26091597-cbaa-4633-9419-c94231bebb75",
            "pool": "public",
            "port_id": "",
            "region": "RegionOne",
            "subnet_id": null,
            "subnet_ids": null,
            "tags": null,
            "tenant_id": "844d6c51d64241f48dc8c1e926915767",
            "timeouts": null,
            "value_specs": null
          },
          "sensitive_attributes": [],
          "identity_schema_version": 0,
          "private": "eyJlMmJmYjczMC1lY2FhLTExZTYtOGY4OC0zNDM2M2JjN2M0YzAiOnsiY3JlYXRlIjo2MDAwMDAwMDAwMDAsImRlbGV0ZSI6NjAwMDAwMDAwMDAwfX0="
        }
      ]
    },
    {
      "mode": "managed",
      "type": "openstack_networking_network_v2",
      "name": "hotel_net",
      "provider": "provider[\"registry.terraform.io/terraform-provider-openstack/openstack\"]",
      "instances": [
        {
          "schema_version": 0,
          "attributes": {
            "admin_state_up": true,
            "all_tags": [],
            "availability_zone_hints": [],
            "description": "",
            "dns_domain": "",
            "external": false,
            "id": "ec32ac64-be08-4653-851e-6185fecae7b7",
            "mtu": 1442,
            "name": "hotel-net",
            "port_security_enabled": true,
            "qos_policy_id": "",
            "region": "RegionOne",
            "segments": [
              {
                "network_type": "geneve",
                "physical_network": "",
                "segmentation_id": 8789
              }
            ],
            "shared": false,
            "tags": null,
            "tenant_id": "844d6c51d64241f48dc8c1e926915767",
            "timeouts": null,
            "transparent_vlan": false,
            "value_specs": null
          },
          "sensitive_attributes": [],
          "identity_schema_version": 0,
          "private": "eyJlMmJmYjczMC1lY2FhLTExZTYtOGY4OC0zNDM2M2JjN2M0YzAiOnsiY3JlYXRlIjo2MDAwMDAwMDAwMDAsImRlbGV0ZSI6NjAwMDAwMDAwMDAwfX0="
        }
      ]
    },
    {
      "mode": "managed",
      "type": "openstack_networking_router_interface_v2",
      "name": "hotel_router_interface",
      "provider": "provider[\"registry.terraform.io/terraform-provider-openstack/openstack\"]",
      "instances": [
        {
          "schema_version": 0,
          "attributes": {
            "force_destroy": false,
            "id": "4b458b74-f1db-4694-9845-b777b2efc6e8",
            "port_id": "4b458b74-f1db-4694-9845-b777b2efc6e8",
            "region": "RegionOne",
            "router_id": "11c222a8-61cb-40ee-9932-9c3ad13d55fe",
            "subnet_id": "0dbf253c-24b2-4ee4-841a-44b908d0b8e1",
            "timeouts": null
          },
          "sensitive_attributes": [],
          "identity_schema_version": 0,
          "private": "eyJlMmJmYjczMC1lY2FhLTExZTYtOGY4OC0zNDM2M2JjN2M0YzAiOnsiY3JlYXRlIjo2MDAwMDAwMDAwMDAsImRlbGV0ZSI6NjAwMDAwMDAwMDAwfX0=",
          "dependencies": [
            "data.openstack_networking_network_v2.public",
            "openstack_networking_network_v2.hotel_net",
            "openstack_networking_router_v2.hotel_router",
            "openstack_networking_subnet_v2.hotel_subnet"
          ]
        }
      ]
    },
    {
      "mode": "managed",
      "type": "openstack_networking_router_v2",
      "name": "hotel_router",
      "provider": "provider[\"registry.terraform.io/terraform-provider-openstack/openstack\"]",
      "instances": [
        {
          "schema_version": 0,
          "attributes": {
            "admin_state_up": true,
            "all_tags": [],
            "availability_zone_hints": [],
            "description": "",
            "distributed": false,
            "enable_snat": true,
            "external_fixed_ip": [
              {
                "ip_address": "172.24.4.92",
                "subnet_id": "2810dced-7874-4c57-a14b-4149c0c8f5a3"
              },
              {
                "ip_address": "2001:db8::356",
                "subnet_id": "ed8436f4-ad53-4da3-ad25-3a95153f2764"
              }
            ],
            "external_gateway": "bdd2857d-a63a-422c-893b-87d596d4a9fc",
            "external_network_id": "bdd2857d-a63a-422c-893b-87d596d4a9fc",
            "external_subnet_ids": null,
            "id": "11c222a8-61cb-40ee-9932-9c3ad13d55fe",
            "name": "hotel-router",
            "region": "RegionOne",
            "tags": null,
            "tenant_id": "844d6c51d64241f48dc8c1e926915767",
            "timeouts": null,
            "value_specs": null,
            "vendor_options": []
          },
          "sensitive_attributes": [],
          "identity_schema_version": 0,
          "private": "eyJlMmJmYjczMC1lY2FhLTExZTYtOGY4OC0zNDM2M2JjN2M0YzAiOnsiY3JlYXRlIjo2MDAwMDAwMDAwMDAsImRlbGV0ZSI6NjAwMDAwMDAwMDAwfX0=",
          "dependencies": [
            "data.openstack_networking_network_v2.public"
          ]
        }
      ]
    },
    {
      "mode": "managed",
      "type": "openstack_networking_secgroup_rule_v2",
      "name": "rule_http",
      "provider": "provider[\"registry.terraform.io/terraform-provider-openstack/openstack\"]",
      "instances": [
        {
          "schema_version": 0,
          "attributes": {
            "description": "",
            "direction": "ingress",
            "ethertype": "IPv4",
            "id": "3bc323b1-3c05-4807-8861-793d3621e2a8",
            "port_range_max": 80,
            "port_range_min": 80,
            "protocol": "tcp",
            "region": "RegionOne",
            "remote_group_id": "",
            "remote_ip_prefix": "0.0.0.0/0",
            "security_group_id": "6ab349af-10c7-4828-b11d-79c53916fb9c",
            "tenant_id": "844d6c51d64241f48dc8c1e926915767",
            "timeouts": null
          },
          "sensitive_attributes": [],
          "identity_schema_version": 0,
          "private": "eyJlMmJmYjczMC1lY2FhLTExZTYtOGY4OC0zNDM2M2JjN2M0YzAiOnsiZGVsZXRlIjo2MDAwMDAwMDAwMDB9fQ==",
          "dependencies": [
            "openstack_networking_secgroup_v2.sg_web"
          ]
        }
      ]
    },
    {
      "mode": "managed",
      "type": "openstack_networking_secgroup_rule_v2",
      "name": "rule_https",
      "provider": "provider[\"registry.terraform.io/terraform-provider-openstack/openstack\"]",
      "instances": [
        {
          "schema_version": 0,
          "attributes": {
            "description": "",
            "direction": "ingress",
            "ethertype": "IPv4",
            "id": "d54eeb4f-46c3-4c61-8ac2-c8c6c38c069c",
            "port_range_max": 443,
            "port_range_min": 443,
            "protocol": "tcp",
            "region": "RegionOne",
            "remote_group_id": "",
            "remote_ip_prefix": "0.0.0.0/0",
            "security_group_id": "6ab349af-10c7-4828-b11d-79c53916fb9c",
            "tenant_id": "844d6c51d64241f48dc8c1e926915767",
            "timeouts": null
          },
          "sensitive_attributes": [],
          "identity_schema_version": 0,
          "private": "eyJlMmJmYjczMC1lY2FhLTExZTYtOGY4OC0zNDM2M2JjN2M0YzAiOnsiZGVsZXRlIjo2MDAwMDAwMDAwMDB9fQ==",
          "dependencies": [
            "openstack_networking_secgroup_v2.sg_web"
          ]
        }
      ]
    },
    {
      "mode": "managed",
      "type": "openstack_networking_secgroup_rule_v2",
      "name": "rule_icmp",
      "provider": "provider[\"registry.terraform.io/terraform-provider-openstack/openstack\"]",
      "instances": [
        {
          "schema_version": 0,
          "attributes": {
            "description": "",
            "direction": "ingress",
            "ethertype": "IPv4",
            "id": "a1966ac7-5231-4c3d-9e94-96e462361d09",
            "port_range_max": 0,
            "port_range_min": 0,
            "protocol": "icmp",
            "region": "RegionOne",
            "remote_group_id": "",
            "remote_ip_prefix": "0.0.0.0/0",
            "security_group_id": "2bbf6a21-c3d8-401e-9a80-e2b9a9305038",
            "tenant_id": "844d6c51d64241f48dc8c1e926915767",
            "timeouts": null
          },
          "sensitive_attributes": [],
          "identity_schema_version": 0,
          "private": "eyJlMmJmYjczMC1lY2FhLTExZTYtOGY4OC0zNDM2M2JjN2M0YzAiOnsiZGVsZXRlIjo2MDAwMDAwMDAwMDB9fQ==",
          "dependencies": [
            "openstack_networking_secgroup_v2.sg_internal"
          ]
        }
      ]
    },
    {
      "mode": "managed",
      "type": "openstack_networking_secgroup_rule_v2",
      "name": "rule_internal_all",
      "provider": "provider[\"registry.terraform.io/terraform-provider-openstack/openstack\"]",
      "instances": [
        {
          "schema_version": 0,
          "attributes": {
            "description": "",
            "direction": "ingress",
            "ethertype": "IPv4",
            "id": "d25e0eb5-3624-4d7a-a530-9f2dd3f94bc2",
            "port_range_max": 0,
            "port_range_min": 0,
            "protocol": "tcp",
            "region": "RegionOne",
            "remote_group_id": "",
            "remote_ip_prefix": "192.168.1.0/24",
            "security_group_id": "2bbf6a21-c3d8-401e-9a80-e2b9a9305038",
            "tenant_id": "844d6c51d64241f48dc8c1e926915767",
            "timeouts": null
          },
          "sensitive_attributes": [],
          "identity_schema_version": 0,
          "private": "eyJlMmJmYjczMC1lY2FhLTExZTYtOGY4OC0zNDM2M2JjN2M0YzAiOnsiZGVsZXRlIjo2MDAwMDAwMDAwMDB9fQ==",
          "dependencies": [
            "openstack_networking_secgroup_v2.sg_internal"
          ]
        }
      ]
    },
    {
      "mode": "managed",
      "type": "openstack_networking_secgroup_rule_v2",
      "name": "rule_ssh",
      "provider": "provider[\"registry.terraform.io/terraform-provider-openstack/openstack\"]",
      "instances": [
        {
          "schema_version": 0,
          "attributes": {
            "description": "",
            "direction": "ingress",
            "ethertype": "IPv4",
            "id": "be6ccf05-8502-44e9-b009-0ee44dec9b1d",
            "port_range_max": 22,
            "port_range_min": 22,
            "protocol": "tcp",
            "region": "RegionOne",
            "remote_group_id": "",
            "remote_ip_prefix": "0.0.0.0/0",
            "security_group_id": "84e2dd41-07cd-43fd-a1bc-78f9e187f629",
            "tenant_id": "844d6c51d64241f48dc8c1e926915767",
            "timeouts": null
          },
          "sensitive_attributes": [],
          "identity_schema_version": 0,
          "private": "eyJlMmJmYjczMC1lY2FhLTExZTYtOGY4OC0zNDM2M2JjN2M0YzAiOnsiZGVsZXRlIjo2MDAwMDAwMDAwMDB9fQ==",
          "dependencies": [
            "openstack_networking_secgroup_v2.sg_ssh"
          ]
        }
      ]
    },
    {
      "mode": "managed",
      "type": "openstack_networking_secgroup_v2",
      "name": "sg_internal",
      "provider": "provider[\"registry.terraform.io/terraform-provider-openstack/openstack\"]",
      "instances": [
        {
          "schema_version": 0,
          "attributes": {
            "all_tags": [],
            "delete_default_rules": null,
            "description": "Allow all internal traffic",
            "id": "2bbf6a21-c3d8-401e-9a80-e2b9a9305038",
            "name": "sg_internal",
            "region": "RegionOne",
            "tags": null,
            "tenant_id": "844d6c51d64241f48dc8c1e926915767",
            "timeouts": null
          },
          "sensitive_attributes": [],
          "identity_schema_version": 0,
          "private": "eyJlMmJmYjczMC1lY2FhLTExZTYtOGY4OC0zNDM2M2JjN2M0YzAiOnsiZGVsZXRlIjo2MDAwMDAwMDAwMDB9fQ=="
        }
      ]
    },
    {
      "mode": "managed",
      "type": "openstack_networking_secgroup_v2",
      "name": "sg_ssh",
      "provider": "provider[\"registry.terraform.io/terraform-provider-openstack/openstack\"]",
      "instances": [
        {
          "schema_version": 0,
          "attributes": {
            "all_tags": [],
            "delete_default_rules": null,
            "description": "Allow SSH from anywhere",
            "id": "84e2dd41-07cd-43fd-a1bc-78f9e187f629",
            "name": "sg_ssh",
            "region": "RegionOne",
            "tags": null,
            "tenant_id": "844d6c51d64241f48dc8c1e926915767",
            "timeouts": null
          },
          "sensitive_attributes": [],
          "identity_schema_version": 0,
          "private": "eyJlMmJmYjczMC1lY2FhLTExZTYtOGY4OC0zNDM2M2JjN2M0YzAiOnsiZGVsZXRlIjo2MDAwMDAwMDAwMDB9fQ=="
        }
      ]
    },
    {
      "mode": "managed",
      "type": "openstack_networking_secgroup_v2",
      "name": "sg_web",
      "provider": "provider[\"registry.terraform.io/terraform-provider-openstack/openstack\"]",
      "instances": [
        {
          "schema_version": 0,
          "attributes": {
            "all_tags": [],
            "delete_default_rules": null,
            "description": "Allow HTTP/HTTPS from anywhere",
            "id": "6ab349af-10c7-4828-b11d-79c53916fb9c",
            "name": "sg_web",
            "region": "RegionOne",
            "tags": null,
            "tenant_id": "844d6c51d64241f48dc8c1e926915767",
            "timeouts": null
          },
          "sensitive_attributes": [],
          "identity_schema_version": 0,
          "private": "eyJlMmJmYjczMC1lY2FhLTExZTYtOGY4OC0zNDM2M2JjN2M0YzAiOnsiZGVsZXRlIjo2MDAwMDAwMDAwMDB9fQ=="
        }
      ]
    },
    {
      "mode": "managed",
      "type": "openstack_networking_subnet_v2",
      "name": "hotel_subnet",
      "provider": "provider[\"registry.terraform.io/terraform-provider-openstack/openstack\"]",
      "instances": [
        {
          "schema_version": 0,
          "attributes": {
            "all_tags": [],
            "allocation_pool": [
              {
                "end": "10.20.0.254",
                "start": "10.20.0.2"
              }
            ],
            "allocation_pools": [
              {
                "end": "10.20.0.254",
                "start": "10.20.0.2"
              }
            ],
            "cidr": "10.20.0.0/24",
            "description": "",
            "dns_nameservers": [
              "8.8.8.8",
              "8.8.4.4"
            ],
            "enable_dhcp": true,
            "gateway_ip": "10.20.0.1",
            "host_routes": [],
            "id": "0dbf253c-24b2-4ee4-841a-44b908d0b8e1",
            "ip_version": 4,
            "ipv6_address_mode": "",
            "ipv6_ra_mode": "",
            "name": "hotel-subnet",
            "network_id": "ec32ac64-be08-4653-851e-6185fecae7b7",
            "no_gateway": false,
            "prefix_length": null,
            "region": "RegionOne",
            "service_types": [],
            "subnetpool_id": "",
            "tags": null,
            "tenant_id": "844d6c51d64241f48dc8c1e926915767",
            "timeouts": null,
            "value_specs": null
          },
          "sensitive_attributes": [],
          "identity_schema_version": 0,
          "private": "eyJlMmJmYjczMC1lY2FhLTExZTYtOGY4OC0zNDM2M2JjN2M0YzAiOnsiY3JlYXRlIjo2MDAwMDAwMDAwMDAsImRlbGV0ZSI6NjAwMDAwMDAwMDAwfX0=",
          "dependencies": [
            "openstack_networking_network_v2.hotel_net"
          ]
        }
      ]
    }
  ],
  "check_results": null
}
