{
  "version": 4,
  "terraform_version": "1.14.5",
  "serial": 61,
  "lineage": "37d82621-89ef-dc00-e901-0dd35617ff39",
  "outputs": {
    "ssh_command": {
      "value": "ssh -i main-key.pem ubuntu@172.24.4.187",
      "type": "string"
    },
    "web_node_public_ip": {
      "value": "172.24.4.187",
      "type": "string"
    },
    "website_url": {
      "value": "http://172.24.4.187",
      "type": "string"
    }
  },
  "resources": [
    {
      "mode": "data",
      "type": "openstack_networking_network_v2",
      "name": "public",
      "provider": "provider[\"registry.terraform.io/terraform-provider-openstack/openstack\"]",
      "instances": [
        {
          "schema_version": 0,
          "attributes": {
            "admin_state_up": "true",
            "all_tags": [],
            "availability_zone_hints": [],
            "description": "",
            "dns_domain": "",
            "external": true,
            "id": "bdd2857d-a63a-422c-893b-87d596d4a9fc",
            "matching_subnet_cidr": null,
            "mtu": 1500,
            "name": "public",
            "network_id": null,
            "region": "RegionOne",
            "segments": [
              {
                "network_type": "flat",
                "physical_network": "public",
                "segmentation_id": 0
              }
            ],
            "shared": "false",
            "status": null,
            "subnets": [
              "2810dced-7874-4c57-a14b-4149c0c8f5a3",
              "ed8436f4-ad53-4da3-ad25-3a95153f2764"
            ],
            "tags": null,
            "tenant_id": "844d6c51d64241f48dc8c1e926915767",
            "transparent_vlan": false
          },
          "sensitive_attributes": [],
          "identity_schema_version": 0
        }
      ]
    },
    {
      "mode": "managed",
      "type": "local_file",
      "name": "private_key",
      "provider": "provider[\"registry.terraform.io/hashicorp/local\"]",
      "instances": [
        {
          "schema_version": 0,
          "attributes": {
            "content": "-----BEGIN RSA PRIVATE KEY-----\nMIIEowIBAAKCAQEAnNjgjLdkfFGL7FQeQRWCnn8ADTm5LwfyjVPhJqpkotsr17T3\ndyV9IjoZegFl1z/Pc5bDmCBNwb3hoS49ZYIn1AZ4mdbs/adLQL5Z9HMgENSn36Lt\nojnsvGvZhHzAHfEgJg4rvvwk7v98Rfxb4L6pIS/iZhSokCe5oaJEY/rNhItFFDc5\nlh/iDP+y4MLJzhRPMchRM7eZ3MF+d1Fxd7V37lAuoyR8uS2flWdeTEMxMtMbOdKj\nmvmTdTq0IjujsHubC26YVQNuwcXF62RE3i6wjo7++d89lZ8j+PRyIgqR+9U8ikRu\n7pX0pjlaC0lmAo/9hUHU/kdnYr/1Q+srsNkaMQIDAQABAoIBAEn0RKR00E+Bz7zl\nyMIdV1JORYL25acUUzxqAW5Ox1a2isyRimFGbuMVi++n+xHsB2/T9XOkP6WLV3i9\nKbvUC92AE5tN6L6NBAGJ/zYwljz5WBIta2ijcUlCfPRoMdmsWOE4q03I680476q8\nG8Izg+GfB1vkf7pA0Nkyfpa5qe/FUhMU36yRnf2BIt2Hc+1jCFr0oY3Ya3GP1Q+o\nWyrI23uQGhSWJqOoc+ZHf3y9WKkCEO7oyD8wdU+pbfbuYgus1mS6s54S8jKLaw0z\n70i43rhPaw9HpcTRdUXKKKtuQPh9MsK3sT0IZ05rxg08PNRw+qi6egc2EwpdqLTO\njKeLHrUCgYEAzHtiOLXKDdEFkNebgSD9bbrsjnLzRgz65Lo2ufXZCSM1pgdvfvac\nIj7nQ6L/crcU5zH16ehVZ+GpOx+L44o+4GkoKQorpDugW97+ON3ZwC1rRDvojRtN\ny2BWQFMYUJsSsaKr/+Hw0D7ojLnqAf2TT9PVICynaR+zvk/UkGckob8CgYEAxF0o\nuHUn77rHZ10IFsFDNH3qvkRiIOljpSJWd1vq8e8R+Gsw4EkIm62TYlheHmHOcP8o\nVCE72wzF4BmfnM6e/9zphV062uxdH2qTwb/+MCb26ljvsmM+VRTbespGQ/Ck4+XP\nfjqaL+/kwnktZr9saTczs9omHhZfLN4KhAH0YA8CgYB/9VoCqOfW+40jFXkPNkjA\nyO9NOOu5U1gRl+G1Pv5g9HKXAiIobkRIPdrUfYSjEaR4BNChXi1Lw2/2Ooh8jD9K\niSODgwTKUjHIK+QkS9f+pa1xVpfw7TwiX5e5ywX1MwVgua4ugwICHsvBfHnOYxMz\nKhk9eBQO+bKuDiCzeIf42wKBgQCchSFjPsdxmHE/m/FJqg02tzO5K+sIDuEFjQRd\nKeBxrj2lxVN1Q+HfrZDwcD29e/rBKTHtNXxvk5PamLIYnL4ydtWRH4o9XPCxjRNv\n+ejUWwqwK+oMSH0z9mcoTjmKCDR3EAS/uliS42Z1+X9OCkGQ8JZ+wuFlVDHTIr5B\nEQnI0wKBgC3R78LbyKG0dMZzdq+Xdyqj8lmxy6Fi1myCpe/YFv+CbVs2wi0mdOVO\nkMZfMT2TDRH80RBgd0hc2etHasBHU87QjgIhIRSYJ7Lq2/R01rUhSZ4YVN5mHnrO\nVxBTp+g3PumBmMUUetKrqp7qbMldMs3TJ8oo0Z0H0lLeV98O+Yps\n-----END RSA PRIVATE KEY-----\n",
            "content_base64": null,
            "content_base64sha256": "T99JdE2xaFmgUkGTOh0A5YzUctCG5NAbTfXmdqsW1LU=",
            "content_base64sha512": "sD3wqB5T8z/wswzW1oGhuz4ZI6Zc7RlRG8HSIJGH3LStYVE4cyvSZBDpyAo4GieMJXVidvnWuCADf7+Q+fyZ0Q==",
            "content_md5": "cd48cf5bd31143e1a7223a5bb6b4baf0",
            "content_sha1": "97ed59ad1fccd24272469313023a9ebb6ff16c27",
            "content_sha256": "4fdf49744db16859a05241933a1d00e58cd472d086e4d01b4df5e676ab16d4b5",
            "content_sha512": "b03df0a81e53f33ff0b30cd6d681a1bb3e1923a65ced19511bc1d2209187dcb4ad615138732bd26410e9c80a381a278c25756276f9d6b820037fbf90f9fc99d1",
            "directory_permission": "0777",
            "file_permission": "0600",
            "filename": "./main-key.pem",
            "id": "97ed59ad1fccd24272469313023a9ebb6ff16c27",
            "sensitive_content": null,
            "source": null
          },
          "sensitive_attributes": [
            [
              {
                "type": "get_attr",
                "value": "content"
              }
            ],
            [
              {
                "type": "get_attr",
                "value": "sensitive_content"
              }
            ]
          ],
          "identity_schema_version": 0,
          "dependencies": [
            "openstack_compute_keypair_v2.main_key"
          ]
        }
      ]
    },
    {
      "mode": "managed",
      "type": "openstack_compute_instance_v2",
      "name": "test_node",
      "provider": "provider[\"registry.terraform.io/terraform-provider-openstack/openstack\"]",
      "instances": [
        {
          "schema_version": 0,
          "attributes": {
            "access_ip_v4": "10.20.0.188",
            "access_ip_v6": "",
            "admin_pass": null,
            "all_metadata": {},
            "all_tags": [],
            "availability_zone": "nova",
            "availability_zone_hints": null,
            "block_device": [],
            "config_drive": null,
            "created": "2026-02-18 16:40:31 +0000 UTC",
            "flavor_id": "2",
            "flavor_name": "m1.small",
            "floating_ip": null,
            "force_delete": false,
            "id": "4ef09479-dc26-4e9b-8c65-7196267deaf0",
            "image_id": "6a3cbb5b-e485-4229-8124-0905ccdf4aa7",
            "image_name": "ubuntu-22.04",
            "key_pair": "main-key",
            "metadata": null,
            "name": "test-ubuntu-node",
            "network": [
              {
                "access_network": false,
                "fixed_ip_v4": "10.20.0.188",
                "fixed_ip_v6": "",
                "floating_ip": "",
                "mac": "fa:16:3e:29:73:f8",
                "name": "main-net",
                "port": "",
                "uuid": "1176de70-8334-4d05-8176-396eb9c07374"
              }
            ],
            "network_mode": null,
            "personality": [],
            "power_state": "active",
            "region": "RegionOne",
            "scheduler_hints": [],
            "security_groups": [
              "sg_internal",
              "sg_ssh"
            ],
            "stop_before_destroy": false,
            "tags": null,
            "timeouts": null,
            "updated": "2026-02-18 16:40:44 +0000 UTC",
            "user_data": null,
            "vendor_options": [],
            "volume": []
          },
          "sensitive_attributes": [
            [
              {
                "type": "get_attr",
                "value": "admin_pass"
              }
            ]
          ],
          "identity_schema_version": 0,
          "private": "eyJlMmJmYjczMC1lY2FhLTExZTYtOGY4OC0zNDM2M2JjN2M0YzAiOnsiY3JlYXRlIjoxODAwMDAwMDAwMDAwLCJkZWxldGUiOjE4MDAwMDAwMDAwMDAsInVwZGF0ZSI6MTgwMDAwMDAwMDAwMH19",
          "dependencies": [
            "openstack_compute_keypair_v2.main_key",
            "openstack_networking_network_v2.main_net",
            "openstack_networking_secgroup_v2.sg_internal",
            "openstack_networking_secgroup_v2.sg_ssh"
          ]
        }
      ]
    },
    {
      "mode": "managed",
      "type": "openstack_compute_instance_v2",
      "name": "web_node",
      "provider": "provider[\"registry.terraform.io/terraform-provider-openstack/openstack\"]",
      "instances": [
        {
          "status": "tainted",
          "schema_version": 0,
          "attributes": {
            "access_ip_v4": null,
            "access_ip_v6": null,
            "admin_pass": null,
            "all_metadata": null,
            "all_tags": [],
            "availability_zone": null,
            "availability_zone_hints": null,
            "block_device": [],
            "config_drive": null,
            "created": null,
            "flavor_id": null,
            "flavor_name": "m1.small",
            "floating_ip": null,
            "force_delete": false,
            "id": "1fb23469-a01d-4642-943a-2e2e4e78cb96",
            "image_id": null,
            "image_name": "ubuntu-22.04",
            "key_pair": "main-key",
            "metadata": null,
            "name": "web-ubuntu-node",
            "network": [
              {
                "access_network": false,
                "fixed_ip_v4": "",
                "fixed_ip_v6": "",
                "floating_ip": "",
                "mac": "",
                "name": "",
                "port": "",
                "uuid": "1176de70-8334-4d05-8176-396eb9c07374"
              }
            ],
            "network_mode": null,
            "personality": [],
            "power_state": "active",
            "region": null,
            "scheduler_hints": [],
            "security_groups": [
              "sg_internal",
              "sg_ssh",
              "sg_web"
            ],
            "stop_before_destroy": false,
            "tags": null,
            "timeouts": null,
            "updated": null,
            "user_data": "52a0dfbd1cb409ed514a5dd83258be61c48bc073",
            "vendor_options": [],
            "volume": []
          },
          "sensitive_attributes": [
            [
              {
                "type": "get_attr",
                "value": "admin_pass"
              }
            ]
          ],
          "identity_schema_version": 0,
          "private": "eyJlMmJmYjczMC1lY2FhLTExZTYtOGY4OC0zNDM2M2JjN2M0YzAiOnsiY3JlYXRlIjoxODAwMDAwMDAwMDAwLCJkZWxldGUiOjE4MDAwMDAwMDAwMDAsInVwZGF0ZSI6MTgwMDAwMDAwMDAwMH19",
          "dependencies": [
            "openstack_compute_keypair_v2.main_key",
            "openstack_networking_network_v2.main_net",
            "openstack_networking_secgroup_v2.sg_internal",
            "openstack_networking_secgroup_v2.sg_ssh",
            "openstack_networking_secgroup_v2.sg_web"
          ]
        }
      ]
    },
    {
      "mode": "managed",
      "type": "openstack_compute_keypair_v2",
      "name": "main_key",
      "provider": "provider[\"registry.terraform.io/terraform-provider-openstack/openstack\"]",
      "instances": [
        {
          "schema_version": 0,
          "attributes": {
            "fingerprint": "95:5c:a6:a2:aa:3c:ed:a7:01:32:fc:de:f2:80:8a:e2",
            "id": "main-key",
            "name": "main-key",
            "private_key": "-----BEGIN RSA PRIVATE KEY-----\nMIIEowIBAAKCAQEAnNjgjLdkfFGL7FQeQRWCnn8ADTm5LwfyjVPhJqpkotsr17T3\ndyV9IjoZegFl1z/Pc5bDmCBNwb3hoS49ZYIn1AZ4mdbs/adLQL5Z9HMgENSn36Lt\nojnsvGvZhHzAHfEgJg4rvvwk7v98Rfxb4L6pIS/iZhSokCe5oaJEY/rNhItFFDc5\nlh/iDP+y4MLJzhRPMchRM7eZ3MF+d1Fxd7V37lAuoyR8uS2flWdeTEMxMtMbOdKj\nmvmTdTq0IjujsHubC26YVQNuwcXF62RE3i6wjo7++d89lZ8j+PRyIgqR+9U8ikRu\n7pX0pjlaC0lmAo/9hUHU/kdnYr/1Q+srsNkaMQIDAQABAoIBAEn0RKR00E+Bz7zl\nyMIdV1JORYL25acUUzxqAW5Ox1a2isyRimFGbuMVi++n+xHsB2/T9XOkP6WLV3i9\nKbvUC92AE5tN6L6NBAGJ/zYwljz5WBIta2ijcUlCfPRoMdmsWOE4q03I680476q8\nG8Izg+GfB1vkf7pA0Nkyfpa5qe/FUhMU36yRnf2BIt2Hc+1jCFr0oY3Ya3GP1Q+o\nWyrI23uQGhSWJqOoc+ZHf3y9WKkCEO7oyD8wdU+pbfbuYgus1mS6s54S8jKLaw0z\n70i43rhPaw9HpcTRdUXKKKtuQPh9MsK3sT0IZ05rxg08PNRw+qi6egc2EwpdqLTO\njKeLHrUCgYEAzHtiOLXKDdEFkNebgSD9bbrsjnLzRgz65Lo2ufXZCSM1pgdvfvac\nIj7nQ6L/crcU5zH16ehVZ+GpOx+L44o+4GkoKQorpDugW97+ON3ZwC1rRDvojRtN\ny2BWQFMYUJsSsaKr/+Hw0D7ojLnqAf2TT9PVICynaR+zvk/UkGckob8CgYEAxF0o\nuHUn77rHZ10IFsFDNH3qvkRiIOljpSJWd1vq8e8R+Gsw4EkIm62TYlheHmHOcP8o\nVCE72wzF4BmfnM6e/9zphV062uxdH2qTwb/+MCb26ljvsmM+VRTbespGQ/Ck4+XP\nfjqaL+/kwnktZr9saTczs9omHhZfLN4KhAH0YA8CgYB/9VoCqOfW+40jFXkPNkjA\nyO9NOOu5U1gRl+G1Pv5g9HKXAiIobkRIPdrUfYSjEaR4BNChXi1Lw2/2Ooh8jD9K\niSODgwTKUjHIK+QkS9f+pa1xVpfw7TwiX5e5ywX1MwVgua4ugwICHsvBfHnOYxMz\nKhk9eBQO+bKuDiCzeIf42wKBgQCchSFjPsdxmHE/m/FJqg02tzO5K+sIDuEFjQRd\nKeBxrj2lxVN1Q+HfrZDwcD29e/rBKTHtNXxvk5PamLIYnL4ydtWRH4o9XPCxjRNv\n+ejUWwqwK+oMSH0z9mcoTjmKCDR3EAS/uliS42Z1+X9OCkGQ8JZ+wuFlVDHTIr5B\nEQnI0wKBgC3R78LbyKG0dMZzdq+Xdyqj8lmxy6Fi1myCpe/YFv+CbVs2wi0mdOVO\nkMZfMT2TDRH80RBgd0hc2etHasBHU87QjgIhIRSYJ7Lq2/R01rUhSZ4YVN5mHnrO\nVxBTp+g3PumBmMUUetKrqp7qbMldMs3TJ8oo0Z0H0lLeV98O+Yps\n-----END RSA PRIVATE KEY-----\n",
            "public_key": "ssh-rsa AAAAB3NzaC1yc2EAAAADAQABAAABAQCc2OCMt2R8UYvsVB5BFYKefwANObkvB/KNU+EmqmSi2yvXtPd3JX0iOhl6AWXXP89zlsOYIE3BveGhLj1lgifUBniZ1uz9p0tAvln0cyAQ1Kffou2iOey8a9mEfMAd8SAmDiu+/CTu/3xF/FvgvqkhL+JmFKiQJ7mhokRj+s2Ei0UUNzmWH+IM/7LgwsnOFE8xyFEzt5ncwX53UXF3tXfuUC6jJHy5LZ+VZ15MQzEy0xs50qOa+ZN1OrQiO6Owe5sLbphVA27BxcXrZETeLrCOjv753z2VnyP49HIiCpH71TyKRG7ulfSmOVoLSWYCj/2FQdT+R2div/VD6yuw2Rox Generated-by-Nova",
            "region": "RegionOne",
            "user_id": "",
            "value_specs": null
          },
          "sensitive_attributes": [
            [
              {
                "type": "get_attr",
                "value": "private_key"
              }
            ]
          ],
          "identity_schema_version": 0,
          "private": "bnVsbA=="
        }
      ]
    },
    {
      "mode": "managed",
      "type": "openstack_networking_floatingip_v2",
      "name": "web_fip",
      "provider": "provider[\"registry.terraform.io/terraform-provider-openstack/openstack\"]",
      "instances": [
        {
          "schema_version": 0,
          "attributes": {
            "address": "172.24.4.187",
            "all_tags": [],
            "description": "",
            "dns_domain": "",
            "dns_name": "",
            "fixed_ip": "",
            "id": "19ab40c5-7a67-4747-9963-e93064ed9b14",
            "pool": "public",
            "port_id": "",
            "region": "RegionOne",
            "subnet_id": null,
            "subnet_ids": null,
            "tags": null,
            "tenant_id": "844d6c51d64241f48dc8c1e926915767",
            "timeouts": null,
            "value_specs": null
          },
          "sensitive_attributes": [],
          "identity_schema_version": 0,
          "private": "eyJlMmJmYjczMC1lY2FhLTExZTYtOGY4OC0zNDM2M2JjN2M0YzAiOnsiY3JlYXRlIjo2MDAwMDAwMDAwMDAsImRlbGV0ZSI6NjAwMDAwMDAwMDAwfX0="
        }
      ]
    },
    {
      "mode": "managed",
      "type": "openstack_networking_network_v2",
      "name": "main_net",
      "provider": "provider[\"registry.terraform.io/terraform-provider-openstack/openstack\"]",
      "instances": [
        {
          "schema_version": 0,
          "attributes": {
            "admin_state_up": true,
            "all_tags": [],
            "availability_zone_hints": [],
            "description": "",
            "dns_domain": "",
            "external": false,
            "id": "1176de70-8334-4d05-8176-396eb9c07374",
            "mtu": 1442,
            "name": "main-net",
            "port_security_enabled": true,
            "qos_policy_id": "",
            "region": "RegionOne",
            "segments": [
              {
                "network_type": "geneve",
                "physical_network": "",
                "segmentation_id": 53170
              }
            ],
            "shared": false,
            "tags": null,
            "tenant_id": "844d6c51d64241f48dc8c1e926915767",
            "timeouts": null,
            "transparent_vlan": false,
            "value_specs": null
          },
          "sensitive_attributes": [],
          "identity_schema_version": 0,
          "private": "eyJlMmJmYjczMC1lY2FhLTExZTYtOGY4OC0zNDM2M2JjN2M0YzAiOnsiY3JlYXRlIjo2MDAwMDAwMDAwMDAsImRlbGV0ZSI6NjAwMDAwMDAwMDAwfX0="
        }
      ]
    },
    {
      "mode": "managed",
      "type": "openstack_networking_router_interface_v2",
      "name": "main_router_interface",
      "provider": "provider[\"registry.terraform.io/terraform-provider-openstack/openstack\"]",
      "instances": [
        {
          "schema_version": 0,
          "attributes": {
            "force_destroy": false,
            "id": "0b6be412-fa9e-4b96-9323-7ecdaf6f4b44",
            "port_id": "0b6be412-fa9e-4b96-9323-7ecdaf6f4b44",
            "region": "RegionOne",
            "router_id": "bf19b2e8-10ac-4e2d-808a-23d3f723932d",
            "subnet_id": "e9fb19fb-fb62-4f2f-b0c4-8f3e401b511e",
            "timeouts": null
          },
          "sensitive_attributes": [],
          "identity_schema_version": 0,
          "private": "eyJlMmJmYjczMC1lY2FhLTExZTYtOGY4OC0zNDM2M2JjN2M0YzAiOnsiY3JlYXRlIjo2MDAwMDAwMDAwMDAsImRlbGV0ZSI6NjAwMDAwMDAwMDAwfX0=",
          "dependencies": [
            "data.openstack_networking_network_v2.public",
            "openstack_networking_network_v2.main_net",
            "openstack_networking_router_v2.main_router",
            "openstack_networking_subnet_v2.main_subnet"
          ]
        }
      ]
    },
    {
      "mode": "managed",
      "type": "openstack_networking_router_v2",
      "name": "main_router",
      "provider": "provider[\"registry.terraform.io/terraform-provider-openstack/openstack\"]",
      "instances": [
        {
          "schema_version": 0,
          "attributes": {
            "admin_state_up": true,
            "all_tags": [],
            "availability_zone_hints": [],
            "description": "",
            "distributed": false,
            "enable_snat": true,
            "external_fixed_ip": [
              {
                "ip_address": "172.24.4.43",
                "subnet_id": "2810dced-7874-4c57-a14b-4149c0c8f5a3"
              },
              {
                "ip_address": "2001:db8::1ca",
                "subnet_id": "ed8436f4-ad53-4da3-ad25-3a95153f2764"
              }
            ],
            "external_gateway": "bdd2857d-a63a-422c-893b-87d596d4a9fc",
            "external_network_id": "bdd2857d-a63a-422c-893b-87d596d4a9fc",
            "external_subnet_ids": null,
            "id": "bf19b2e8-10ac-4e2d-808a-23d3f723932d",
            "name": "main-router",
            "region": "RegionOne",
            "tags": null,
            "tenant_id": "844d6c51d64241f48dc8c1e926915767",
            "timeouts": null,
            "value_specs": null,
            "vendor_options": []
          },
          "sensitive_attributes": [],
          "identity_schema_version": 0,
          "private": "eyJlMmJmYjczMC1lY2FhLTExZTYtOGY4OC0zNDM2M2JjN2M0YzAiOnsiY3JlYXRlIjo2MDAwMDAwMDAwMDAsImRlbGV0ZSI6NjAwMDAwMDAwMDAwfX0=",
          "dependencies": [
            "data.openstack_networking_network_v2.public"
          ]
        }
      ]
    },
    {
      "mode": "managed",
      "type": "openstack_networking_secgroup_rule_v2",
      "name": "rule_http",
      "provider": "provider[\"registry.terraform.io/terraform-provider-openstack/openstack\"]",
      "instances": [
        {
          "schema_version": 0,
          "attributes": {
            "description": "",
            "direction": "ingress",
            "ethertype": "IPv4",
            "id": "9baa4b04-62df-4934-9a32-2bcc4aea9fc1",
            "port_range_max": 80,
            "port_range_min": 80,
            "protocol": "tcp",
            "region": "RegionOne",
            "remote_group_id": "",
            "remote_ip_prefix": "0.0.0.0/0",
            "security_group_id": "f65afa0c-7623-4b6b-bff2-6ed902b049cd",
            "tenant_id": "844d6c51d64241f48dc8c1e926915767",
            "timeouts": null
          },
          "sensitive_attributes": [],
          "identity_schema_version": 0,
          "private": "eyJlMmJmYjczMC1lY2FhLTExZTYtOGY4OC0zNDM2M2JjN2M0YzAiOnsiZGVsZXRlIjo2MDAwMDAwMDAwMDB9fQ==",
          "dependencies": [
            "openstack_networking_secgroup_v2.sg_web"
          ]
        }
      ]
    },
    {
      "mode": "managed",
      "type": "openstack_networking_secgroup_rule_v2",
      "name": "rule_icmp",
      "provider": "provider[\"registry.terraform.io/terraform-provider-openstack/openstack\"]",
      "instances": [
        {
          "schema_version": 0,
          "attributes": {
            "description": "",
            "direction": "ingress",
            "ethertype": "IPv4",
            "id": "bc730312-95e8-4603-aee2-3a2ad3606dee",
            "port_range_max": 0,
            "port_range_min": 0,
            "protocol": "icmp",
            "region": "RegionOne",
            "remote_group_id": "",
            "remote_ip_prefix": "0.0.0.0/0",
            "security_group_id": "60b88f69-727b-4371-be7c-75581f8a2f94",
            "tenant_id": "844d6c51d64241f48dc8c1e926915767",
            "timeouts": null
          },
          "sensitive_attributes": [],
          "identity_schema_version": 0,
          "private": "eyJlMmJmYjczMC1lY2FhLTExZTYtOGY4OC0zNDM2M2JjN2M0YzAiOnsiZGVsZXRlIjo2MDAwMDAwMDAwMDB9fQ==",
          "dependencies": [
            "openstack_networking_secgroup_v2.sg_internal"
          ]
        }
      ]
    },
    {
      "mode": "managed",
      "type": "openstack_networking_secgroup_rule_v2",
      "name": "rule_internal_tcp",
      "provider": "provider[\"registry.terraform.io/terraform-provider-openstack/openstack\"]",
      "instances": [
        {
          "schema_version": 0,
          "attributes": {
            "description": "",
            "direction": "ingress",
            "ethertype": "IPv4",
            "id": "83f8c85a-a102-4392-83dc-c3e5c400b077",
            "port_range_max": 0,
            "port_range_min": 0,
            "protocol": "tcp",
            "region": "RegionOne",
            "remote_group_id": "",
            "remote_ip_prefix": "10.20.0.0/24",
            "security_group_id": "60b88f69-727b-4371-be7c-75581f8a2f94",
            "tenant_id": "844d6c51d64241f48dc8c1e926915767",
            "timeouts": null
          },
          "sensitive_attributes": [],
          "identity_schema_version": 0,
          "private": "eyJlMmJmYjczMC1lY2FhLTExZTYtOGY4OC0zNDM2M2JjN2M0YzAiOnsiZGVsZXRlIjo2MDAwMDAwMDAwMDB9fQ==",
          "dependencies": [
            "openstack_networking_secgroup_v2.sg_internal"
          ]
        }
      ]
    },
    {
      "mode": "managed",
      "type": "openstack_networking_secgroup_rule_v2",
      "name": "rule_ssh",
      "provider": "provider[\"registry.terraform.io/terraform-provider-openstack/openstack\"]",
      "instances": [
        {
          "schema_version": 0,
          "attributes": {
            "description": "",
            "direction": "ingress",
            "ethertype": "IPv4",
            "id": "5103baa6-49a4-4011-a6ca-cd426c4d417c",
            "port_range_max": 22,
            "port_range_min": 22,
            "protocol": "tcp",
            "region": "RegionOne",
            "remote_group_id": "",
            "remote_ip_prefix": "0.0.0.0/0",
            "security_group_id": "fd1dbc0f-8501-4edd-b029-fa787180c3f8",
            "tenant_id": "844d6c51d64241f48dc8c1e926915767",
            "timeouts": null
          },
          "sensitive_attributes": [],
          "identity_schema_version": 0,
          "private": "eyJlMmJmYjczMC1lY2FhLTExZTYtOGY4OC0zNDM2M2JjN2M0YzAiOnsiZGVsZXRlIjo2MDAwMDAwMDAwMDB9fQ==",
          "dependencies": [
            "openstack_networking_secgroup_v2.sg_ssh"
          ]
        }
      ]
    },
    {
      "mode": "managed",
      "type": "openstack_networking_secgroup_v2",
      "name": "sg_internal",
      "provider": "provider[\"registry.terraform.io/terraform-provider-openstack/openstack\"]",
      "instances": [
        {
          "schema_version": 0,
          "attributes": {
            "all_tags": [],
            "delete_default_rules": null,
            "description": "Allow internal subnet traffic and external ICMP (Ping)",
            "id": "60b88f69-727b-4371-be7c-75581f8a2f94",
            "name": "sg_internal",
            "region": "RegionOne",
            "tags": null,
            "tenant_id": "844d6c51d64241f48dc8c1e926915767",
            "timeouts": null
          },
          "sensitive_attributes": [],
          "identity_schema_version": 0,
          "private": "eyJlMmJmYjczMC1lY2FhLTExZTYtOGY4OC0zNDM2M2JjN2M0YzAiOnsiZGVsZXRlIjo2MDAwMDAwMDAwMDB9fQ=="
        }
      ]
    },
    {
      "mode": "managed",
      "type": "openstack_networking_secgroup_v2",
      "name": "sg_ssh",
      "provider": "provider[\"registry.terraform.io/terraform-provider-openstack/openstack\"]",
      "instances": [
        {
          "schema_version": 0,
          "attributes": {
            "all_tags": [],
            "delete_default_rules": null,
            "description": "Allow SSH from anywhere",
            "id": "fd1dbc0f-8501-4edd-b029-fa787180c3f8",
            "name": "sg_ssh",
            "region": "RegionOne",
            "tags": null,
            "tenant_id": "844d6c51d64241f48dc8c1e926915767",
            "timeouts": null
          },
          "sensitive_attributes": [],
          "identity_schema_version": 0,
          "private": "eyJlMmJmYjczMC1lY2FhLTExZTYtOGY4OC0zNDM2M2JjN2M0YzAiOnsiZGVsZXRlIjo2MDAwMDAwMDAwMDB9fQ=="
        }
      ]
    },
    {
      "mode": "managed",
      "type": "openstack_networking_secgroup_v2",
      "name": "sg_web",
      "provider": "provider[\"registry.terraform.io/terraform-provider-openstack/openstack\"]",
      "instances": [
        {
          "schema_version": 0,
          "attributes": {
            "all_tags": [],
            "delete_default_rules": null,
            "description": "Allow HTTP web traffic",
            "id": "f65afa0c-7623-4b6b-bff2-6ed902b049cd",
            "name": "sg_web",
            "region": "RegionOne",
            "tags": null,
            "tenant_id": "844d6c51d64241f48dc8c1e926915767",
            "timeouts": null
          },
          "sensitive_attributes": [],
          "identity_schema_version": 0,
          "private": "eyJlMmJmYjczMC1lY2FhLTExZTYtOGY4OC0zNDM2M2JjN2M0YzAiOnsiZGVsZXRlIjo2MDAwMDAwMDAwMDB9fQ=="
        }
      ]
    },
    {
      "mode": "managed",
      "type": "openstack_networking_subnet_v2",
      "name": "main_subnet",
      "provider": "provider[\"registry.terraform.io/terraform-provider-openstack/openstack\"]",
      "instances": [
        {
          "schema_version": 0,
          "attributes": {
            "all_tags": [],
            "allocation_pool": [
              {
                "end": "10.20.0.254",
                "start": "10.20.0.2"
              }
            ],
            "allocation_pools": [
              {
                "end": "10.20.0.254",
                "start": "10.20.0.2"
              }
            ],
            "cidr": "10.20.0.0/24",
            "description": "",
            "dns_nameservers": [
              "8.8.8.8",
              "8.8.4.4"
            ],
            "enable_dhcp": true,
            "gateway_ip": "10.20.0.1",
            "host_routes": [],
            "id": "e9fb19fb-fb62-4f2f-b0c4-8f3e401b511e",
            "ip_version": 4,
            "ipv6_address_mode": "",
            "ipv6_ra_mode": "",
            "name": "main-subnet",
            "network_id": "1176de70-8334-4d05-8176-396eb9c07374",
            "no_gateway": false,
            "prefix_length": null,
            "region": "RegionOne",
            "service_types": [],
            "subnetpool_id": "",
            "tags": null,
            "tenant_id": "844d6c51d64241f48dc8c1e926915767",
            "timeouts": null,
            "value_specs": null
          },
          "sensitive_attributes": [],
          "identity_schema_version": 0,
          "private": "eyJlMmJmYjczMC1lY2FhLTExZTYtOGY4OC0zNDM2M2JjN2M0YzAiOnsiY3JlYXRlIjo2MDAwMDAwMDAwMDAsImRlbGV0ZSI6NjAwMDAwMDAwMDAwfX0=",
          "dependencies": [
            "openstack_networking_network_v2.main_net"
          ]
        }
      ]
    }
  ],
  "check_results": null
}
